// !$*UTF8*$!
{
	archiveVersion = 1;
	classes = {
	};
	objectVersion = 50;
	objects = {

/* Begin PBXBuildFile section */
		3C0AD2E6233CCE1D00193A4E /* SponsorInfoCell.swift in Sources */ = {isa = PBXBuildFile; fileRef = 3C0AD2E5233CCE1D00193A4E /* SponsorInfoCell.swift */; };
		3C0AD2E8233CCE3200193A4E /* SponsorAboutCell.swift in Sources */ = {isa = PBXBuildFile; fileRef = 3C0AD2E7233CCE3200193A4E /* SponsorAboutCell.swift */; };
		3C1229DA2334C21300001760 /* DateFormatter.swift in Sources */ = {isa = PBXBuildFile; fileRef = 3C1229D92334C21300001760 /* DateFormatter.swift */; };
		3C1DCD6E233F10E7005EEEC9 /* UITableViewExtension.swift in Sources */ = {isa = PBXBuildFile; fileRef = 3C1DCD6D233F10E7005EEEC9 /* UITableViewExtension.swift */; };
		3C2160C9233B470E00EEF638 /* HomeProvider.swift in Sources */ = {isa = PBXBuildFile; fileRef = 3C2160C8233B470E00EEF638 /* HomeProvider.swift */; };
		3C2160CB233B471D00EEF638 /* HomeObject.swift in Sources */ = {isa = PBXBuildFile; fileRef = 3C2160CA233B471D00EEF638 /* HomeObject.swift */; };
		3C2160CD233B472B00EEF638 /* HomeAPI.swift in Sources */ = {isa = PBXBuildFile; fileRef = 3C2160CC233B472B00EEF638 /* HomeAPI.swift */; };
		3C2160D4233B684100EEF638 /* SpeakerProvider.swift in Sources */ = {isa = PBXBuildFile; fileRef = 3C2160D3233B684100EEF638 /* SpeakerProvider.swift */; };
		3C2160D6233B684B00EEF638 /* SpeakerObject.swift in Sources */ = {isa = PBXBuildFile; fileRef = 3C2160D5233B684B00EEF638 /* SpeakerObject.swift */; };
		3C2160D8233B685500EEF638 /* SpeakerAPI.swift in Sources */ = {isa = PBXBuildFile; fileRef = 3C2160D7233B685500EEF638 /* SpeakerAPI.swift */; };
		3C23D4CC231D272B005E28E5 /* SessionAPI.swift in Sources */ = {isa = PBXBuildFile; fileRef = 3C23D4CB231D272B005E28E5 /* SessionAPI.swift */; };
		3C23D4CE231D299D005E28E5 /* SessionObject.swift in Sources */ = {isa = PBXBuildFile; fileRef = 3C23D4CD231D299D005E28E5 /* SessionObject.swift */; };
		3C23D4D0231D3DB1005E28E5 /* SessionProvider.swift in Sources */ = {isa = PBXBuildFile; fileRef = 3C23D4CF231D3DB1005E28E5 /* SessionProvider.swift */; };
		3C299ADF233A408500E787F2 /* UnConfAPI.swift in Sources */ = {isa = PBXBuildFile; fileRef = 3C299ADE233A408500E787F2 /* UnConfAPI.swift */; };
		3C299AE1233A409F00E787F2 /* UnConfProvider.swift in Sources */ = {isa = PBXBuildFile; fileRef = 3C299AE0233A409F00E787F2 /* UnConfProvider.swift */; };
		3C299AE3233A4CB100E787F2 /* FavoriteViewController.swift in Sources */ = {isa = PBXBuildFile; fileRef = 3C299AE2233A4CB100E787F2 /* FavoriteViewController.swift */; };
		3C31E657230F872E00000518 /* HTTPClient.swift in Sources */ = {isa = PBXBuildFile; fileRef = 3C31E656230F872E00000518 /* HTTPClient.swift */; };
		3C31E65B230F8ABB00000518 /* InitialAPI.swift in Sources */ = {isa = PBXBuildFile; fileRef = 3C31E65A230F8ABB00000518 /* InitialAPI.swift */; };
		3C31E65D230F8AF800000518 /* HTTPClientExtenstion.swift in Sources */ = {isa = PBXBuildFile; fileRef = 3C31E65C230F8AF800000518 /* HTTPClientExtenstion.swift */; };
		3C31E660230F8CF900000518 /* MPConstant.swift in Sources */ = {isa = PBXBuildFile; fileRef = 3C31E65F230F8CF900000518 /* MPConstant.swift */; };
		3C31E663230F8F1400000518 /* ConfigObject.swift in Sources */ = {isa = PBXBuildFile; fileRef = 3C31E662230F8F1400000518 /* ConfigObject.swift */; };
		3C31E666230F971E00000518 /* EntryViewController.swift in Sources */ = {isa = PBXBuildFile; fileRef = 3C31E665230F971E00000518 /* EntryViewController.swift */; };
		3C31E668230F97B000000518 /* ResponseResultType.swift in Sources */ = {isa = PBXBuildFile; fileRef = 3C31E667230F97B000000518 /* ResponseResultType.swift */; };
		3C31E66A230F9B3000000518 /* JSONDecoderExtension.swift in Sources */ = {isa = PBXBuildFile; fileRef = 3C31E669230F9B3000000518 /* JSONDecoderExtension.swift */; };
		3C31E66D230FA0B500000518 /* MainThreadHelper.swift in Sources */ = {isa = PBXBuildFile; fileRef = 3C31E66C230FA0B500000518 /* MainThreadHelper.swift */; };
		3C31E66F230FA25700000518 /* UIViewControllerExtension.swift in Sources */ = {isa = PBXBuildFile; fileRef = 3C31E66E230FA25700000518 /* UIViewControllerExtension.swift */; };
		3C31E672230FA8AC00000518 /* GroupAPI.swift in Sources */ = {isa = PBXBuildFile; fileRef = 3C31E671230FA8AC00000518 /* GroupAPI.swift */; };
		3C31E674230FA9E400000518 /* GroupObject.swift in Sources */ = {isa = PBXBuildFile; fileRef = 3C31E673230FA9E400000518 /* GroupObject.swift */; };
		3C31E676230FB3C400000518 /* InitialProvider.swift in Sources */ = {isa = PBXBuildFile; fileRef = 3C31E675230FB3C400000518 /* InitialProvider.swift */; };
		3C31E678230FB3EE00000518 /* GroupProvider.swift in Sources */ = {isa = PBXBuildFile; fileRef = 3C31E677230FB3EE00000518 /* GroupProvider.swift */; };
		3C31E67B230FB4F400000518 /* Response.swift in Sources */ = {isa = PBXBuildFile; fileRef = 3C31E67A230FB4F400000518 /* Response.swift */; };
		3C31E67D230FC41E00000518 /* VolunteerObject.swift in Sources */ = {isa = PBXBuildFile; fileRef = 3C31E67C230FC41E00000518 /* VolunteerObject.swift */; };
		3C31E680230FE94D00000518 /* SponsorAPI.swift in Sources */ = {isa = PBXBuildFile; fileRef = 3C31E67F230FE94D00000518 /* SponsorAPI.swift */; };
		3C31E682230FEC0F00000518 /* SponsorProvider.swift in Sources */ = {isa = PBXBuildFile; fileRef = 3C31E681230FEC0F00000518 /* SponsorProvider.swift */; };
		3C31E684230FEC3000000518 /* SponsorObject.swift in Sources */ = {isa = PBXBuildFile; fileRef = 3C31E683230FEC3000000518 /* SponsorObject.swift */; };
		3C3FFE9A22FAA8E300873416 /* SpeakerView.swift in Sources */ = {isa = PBXBuildFile; fileRef = 3C3FFE9922FAA8E300873416 /* SpeakerView.swift */; };
		3C3FFE9C22FAA8F800873416 /* SpeakerDetailView.swift in Sources */ = {isa = PBXBuildFile; fileRef = 3C3FFE9B22FAA8F800873416 /* SpeakerDetailView.swift */; };
		3C3FFE9E22FAA90E00873416 /* SpeakerTalkInfoView.swift in Sources */ = {isa = PBXBuildFile; fileRef = 3C3FFE9D22FAA90E00873416 /* SpeakerTalkInfoView.swift */; };
		3C3FFEA122FAD6E300873416 /* JoinVolunteerView.swift in Sources */ = {isa = PBXBuildFile; fileRef = 3C3FFEA022FAD6E300873416 /* JoinVolunteerView.swift */; };
		3C3FFEA322FAD6FE00873416 /* JoinVolunteerView.xib in Resources */ = {isa = PBXBuildFile; fileRef = 3C3FFEA222FAD6FE00873416 /* JoinVolunteerView.xib */; };
		3C5FF12423352AE500D82CC6 /* SessionsViewController.swift in Sources */ = {isa = PBXBuildFile; fileRef = 3C5FF12323352AE500D82CC6 /* SessionsViewController.swift */; };
		3C5FF12623352B6B00D82CC6 /* MPBaseSessionViewController.swift in Sources */ = {isa = PBXBuildFile; fileRef = 3C5FF12523352B6B00D82CC6 /* MPBaseSessionViewController.swift */; };
		3C6A38DE2305A3F200B4546B /* MPTagView.swift in Sources */ = {isa = PBXBuildFile; fileRef = 3C6A38DD2305A3F200B4546B /* MPTagView.swift */; };
		3C7D65AD23167D2900D0EEE2 /* FieldGameViewController.swift in Sources */ = {isa = PBXBuildFile; fileRef = 3C7D65AC23167D2900D0EEE2 /* FieldGameViewController.swift */; };
		3C7D65AF2316822500D0EEE2 /* FieldGameHeaderView.swift in Sources */ = {isa = PBXBuildFile; fileRef = 3C7D65AE2316822500D0EEE2 /* FieldGameHeaderView.swift */; };
		3C8C357623069B4000D04CB0 /* VolunteerDetailViewController.swift in Sources */ = {isa = PBXBuildFile; fileRef = 3C8C357523069B4000D04CB0 /* VolunteerDetailViewController.swift */; };
		3C903F8322979AE600765CB2 /* Agenda.storyboard in Resources */ = {isa = PBXBuildFile; fileRef = 3C903F8222979AE600765CB2 /* Agenda.storyboard */; };
		3C903F8722979B0C00765CB2 /* Communication.storyboard in Resources */ = {isa = PBXBuildFile; fileRef = 3C903F8622979B0C00765CB2 /* Communication.storyboard */; };
		3C903F8922979B1900765CB2 /* Sponsor.storyboard in Resources */ = {isa = PBXBuildFile; fileRef = 3C903F8822979B1900765CB2 /* Sponsor.storyboard */; };
		3C903F8B22979B2700765CB2 /* Speaker.storyboard in Resources */ = {isa = PBXBuildFile; fileRef = 3C903F8A22979B2700765CB2 /* Speaker.storyboard */; };
		3C903F8D22979B3800765CB2 /* Group.storyboard in Resources */ = {isa = PBXBuildFile; fileRef = 3C903F8C22979B3700765CB2 /* Group.storyboard */; };
		3C903F8F22979B4800765CB2 /* News.storyboard in Resources */ = {isa = PBXBuildFile; fileRef = 3C903F8E22979B4800765CB2 /* News.storyboard */; };
		3C9335BF22FBF31E00545A6E /* GroupBaseViewController.swift in Sources */ = {isa = PBXBuildFile; fileRef = 3C9335BE22FBF31E00545A6E /* GroupBaseViewController.swift */; };
		3CAC6126233CCF16007DCCD9 /* SponsorSpeechCell.swift in Sources */ = {isa = PBXBuildFile; fileRef = 3CAC6125233CCF16007DCCD9 /* SponsorSpeechCell.swift */; };
		3CAC6129233CE4A8007DCCD9 /* SessionCollectionViewCell.swift in Sources */ = {isa = PBXBuildFile; fileRef = 3CAC6127233CE4A8007DCCD9 /* SessionCollectionViewCell.swift */; };
		3CAC612A233CE4A8007DCCD9 /* SessionCollectionViewCell.xib in Resources */ = {isa = PBXBuildFile; fileRef = 3CAC6128233CE4A8007DCCD9 /* SessionCollectionViewCell.xib */; };
		3CB70C1C233DEA6400B76C08 /* ButtonFactor.swift in Sources */ = {isa = PBXBuildFile; fileRef = 3CB70C1B233DEA6400B76C08 /* ButtonFactor.swift */; };
		3CB70C22233F091300B76C08 /* LobbyBannerCell.swift in Sources */ = {isa = PBXBuildFile; fileRef = 3CB70C20233F091300B76C08 /* LobbyBannerCell.swift */; };
		3CB70C23233F091300B76C08 /* LobbyBannerCell.xib in Resources */ = {isa = PBXBuildFile; fileRef = 3CB70C21233F091300B76C08 /* LobbyBannerCell.xib */; };
		3CB70C28233F095100B76C08 /* LobbyNewsCell.swift in Sources */ = {isa = PBXBuildFile; fileRef = 3CB70C26233F095100B76C08 /* LobbyNewsCell.swift */; };
		3CB70C29233F095100B76C08 /* LobbyNewsCell.xib in Resources */ = {isa = PBXBuildFile; fileRef = 3CB70C27233F095100B76C08 /* LobbyNewsCell.xib */; };
		3CB70C2D233F09A900B76C08 /* LobbySessionCell.swift in Sources */ = {isa = PBXBuildFile; fileRef = 3CB70C2B233F09A900B76C08 /* LobbySessionCell.swift */; };
		3CB70C2E233F09A900B76C08 /* LobbySessionCell.xib in Resources */ = {isa = PBXBuildFile; fileRef = 3CB70C2C233F09A900B76C08 /* LobbySessionCell.xib */; };
		3CBDCF7122E182F700561D8D /* SelectionView.swift in Sources */ = {isa = PBXBuildFile; fileRef = 3CBDCF7022E182F700561D8D /* SelectionView.swift */; };
		3CBDCF7322E1888500561D8D /* UIViewExtension.swift in Sources */ = {isa = PBXBuildFile; fileRef = 3CBDCF7222E1888500561D8D /* UIViewExtension.swift */; };
		3CC17363233F2E1900F42076 /* UICollectionViewExtension.swift in Sources */ = {isa = PBXBuildFile; fileRef = 3CC17362233F2E1900F42076 /* UICollectionViewExtension.swift */; };
		3CC173662340C76D00F42076 /* NewsObject.swift in Sources */ = {isa = PBXBuildFile; fileRef = 3CC173652340C76D00F42076 /* NewsObject.swift */; };
		3CC173682340C7ED00F42076 /* NewsAPI.swift in Sources */ = {isa = PBXBuildFile; fileRef = 3CC173672340C7ED00F42076 /* NewsAPI.swift */; };
		3CC1736A2340C7F800F42076 /* NewsProvider.swift in Sources */ = {isa = PBXBuildFile; fileRef = 3CC173692340C7F800F42076 /* NewsProvider.swift */; };
		3CC1736C2340D1C400F42076 /* FavoriteManager.swift in Sources */ = {isa = PBXBuildFile; fileRef = 3CC1736B2340D1C400F42076 /* FavoriteManager.swift */; };
		3CC6FDB223053578007352DB /* MPBaseViewController.swift in Sources */ = {isa = PBXBuildFile; fileRef = 3CC6FDB123053578007352DB /* MPBaseViewController.swift */; };
		3CC6FDB42305365F007352DB /* StringExtension.swift in Sources */ = {isa = PBXBuildFile; fileRef = 3CC6FDB32305365F007352DB /* StringExtension.swift */; };
		3CEF49442319259B002AEB65 /* StageViewController.swift in Sources */ = {isa = PBXBuildFile; fileRef = 3CEF49432319259B002AEB65 /* StageViewController.swift */; };
		3CEF494623192E4A002AEB65 /* RewardViewController.swift in Sources */ = {isa = PBXBuildFile; fileRef = 3CEF494523192E4A002AEB65 /* RewardViewController.swift */; };
		3CF0FB7C233A3EB700D9794E /* UnConferenceViewController.swift in Sources */ = {isa = PBXBuildFile; fileRef = 3CF0FB7B233A3EB700D9794E /* UnConferenceViewController.swift */; };
		3CFC369E22F92F7B0058C322 /* More.storyboard in Resources */ = {isa = PBXBuildFile; fileRef = 3CFC369D22F92F7B0058C322 /* More.storyboard */; };
		3CFC36A122F92FED0058C322 /* MoreViewController.swift in Sources */ = {isa = PBXBuildFile; fileRef = 3CFC36A022F92FED0058C322 /* MoreViewController.swift */; };
		3CFC36A422F957DA0058C322 /* MoreTableViewCell.swift in Sources */ = {isa = PBXBuildFile; fileRef = 3CFC36A322F957DA0058C322 /* MoreTableViewCell.swift */; };
		3CFCF00422DECF9D006184CD /* Main.storyboard in Resources */ = {isa = PBXBuildFile; fileRef = 3CFCF00322DECF9D006184CD /* Main.storyboard */; };
		3CFCF00722DED10E006184CD /* TabBarViewController.swift in Sources */ = {isa = PBXBuildFile; fileRef = 3CFCF00622DED10E006184CD /* TabBarViewController.swift */; };
		3CFCF00922DEEFCB006184CD /* UIImageExtension.swift in Sources */ = {isa = PBXBuildFile; fileRef = 3CFCF00822DEEFCB006184CD /* UIImageExtension.swift */; };
		3CFCF00B22DEFBB2006184CD /* UIColorExtension.swift in Sources */ = {isa = PBXBuildFile; fileRef = 3CFCF00A22DEFBB2006184CD /* UIColorExtension.swift */; };
		49A683912153248100EC6EA7 /* MopconUITests.swift in Sources */ = {isa = PBXBuildFile; fileRef = 49A683902153248100EC6EA7 /* MopconUITests.swift */; };
		49A6839921532E4A00EC6EA7 /* SnapshotHelper.swift in Sources */ = {isa = PBXBuildFile; fileRef = 49A6839821532E4A00EC6EA7 /* SnapshotHelper.swift */; };
		532143EA23464E0700C2B4BE /* URLExtension.swift in Sources */ = {isa = PBXBuildFile; fileRef = 532143E923464E0700C2B4BE /* URLExtension.swift */; };
		536688732305B0310036DFE5 /* GameStageCell.swift in Sources */ = {isa = PBXBuildFile; fileRef = 536688712305B0310036DFE5 /* GameStageCell.swift */; };
		536688742305B0310036DFE5 /* GameStageCell.xib in Resources */ = {isa = PBXBuildFile; fileRef = 536688722305B0310036DFE5 /* GameStageCell.xib */; };
		536688772305BC040036DFE5 /* PresentCell.swift in Sources */ = {isa = PBXBuildFile; fileRef = 536688752305BC040036DFE5 /* PresentCell.swift */; };
		536688782305BC040036DFE5 /* PresentCell.xib in Resources */ = {isa = PBXBuildFile; fileRef = 536688762305BC040036DFE5 /* PresentCell.xib */; };
		5366887B2305BFFA0036DFE5 /* CompleteCell.swift in Sources */ = {isa = PBXBuildFile; fileRef = 536688792305BFF90036DFE5 /* CompleteCell.swift */; };
		5366887C2305BFFA0036DFE5 /* CompleteCell.xib in Resources */ = {isa = PBXBuildFile; fileRef = 5366887A2305BFF90036DFE5 /* CompleteCell.xib */; };
		5366887E230847AC0036DFE5 /* NoticeView.swift in Sources */ = {isa = PBXBuildFile; fileRef = 5366887D230847AC0036DFE5 /* NoticeView.swift */; };
		53668880230847BA0036DFE5 /* NoticeView.xib in Resources */ = {isa = PBXBuildFile; fileRef = 5366887F230847BA0036DFE5 /* NoticeView.xib */; };
		5381B36C22F9EED200FEEC2C /* ConferenceTableViewCell.xib in Resources */ = {isa = PBXBuildFile; fileRef = 5381B36B22F9EED200FEEC2C /* ConferenceTableViewCell.xib */; };
		53850934227D6A960083429A /* CommunityImageCollectionViewCell.swift in Sources */ = {isa = PBXBuildFile; fileRef = 53850933227D6A960083429A /* CommunityImageCollectionViewCell.swift */; };
		53F83EA723238E7B003A35B8 /* FieldGameAPI.swift in Sources */ = {isa = PBXBuildFile; fileRef = 53F83EA623238E7B003A35B8 /* FieldGameAPI.swift */; };
		53F83EA92323931D003A35B8 /* KeychainTool.swift in Sources */ = {isa = PBXBuildFile; fileRef = 53F83EA82323931D003A35B8 /* KeychainTool.swift */; };
		53F83EAB2323A655003A35B8 /* FieldGameObject.swift in Sources */ = {isa = PBXBuildFile; fileRef = 53F83EAA2323A655003A35B8 /* FieldGameObject.swift */; };
		53F83EAD2323A660003A35B8 /* FieldGameProvider.swift in Sources */ = {isa = PBXBuildFile; fileRef = 53F83EAC2323A660003A35B8 /* FieldGameProvider.swift */; };
		5E1753AA2150BBBF00A5D4C5 /* LanguageCollectionViewCell.swift in Sources */ = {isa = PBXBuildFile; fileRef = 5E1753A92150BBBF00A5D4C5 /* LanguageCollectionViewCell.swift */; };
		5E349C9F21228A340060297A /* UIImageViewExtension.swift in Sources */ = {isa = PBXBuildFile; fileRef = 5E349C9E21228A340060297A /* UIImageViewExtension.swift */; };
		5E349CA6212411200060297A /* SponsorDetailTableViewCell.swift in Sources */ = {isa = PBXBuildFile; fileRef = 5E349CA5212411200060297A /* SponsorDetailTableViewCell.swift */; };
		5E4A0046216F273B00C4A656 /* QRCodeViewController.swift in Sources */ = {isa = PBXBuildFile; fileRef = 5E4A0045216F273B00C4A656 /* QRCodeViewController.swift */; };
		5E682E1A213CFE4400FC37CF /* FieldGame.storyboard in Resources */ = {isa = PBXBuildFile; fileRef = 5E682E19213CFE4400FC37CF /* FieldGame.storyboard */; };
		5E6CBDA1217BB9D60097D5E2 /* Wallet.swift in Sources */ = {isa = PBXBuildFile; fileRef = 5E6CBDA0217BB9D60097D5E2 /* Wallet.swift */; };
		5E9FEF0021294FD70096B4A8 /* UserDefaultsExtension.swift in Sources */ = {isa = PBXBuildFile; fileRef = 5E9FEEFF21294FD70096B4A8 /* UserDefaultsExtension.swift */; };
		5EF59B9B215CEC3700CF622C /* GoogleService-Info.plist in Resources */ = {isa = PBXBuildFile; fileRef = 5EF59B9A215CEC3700CF622C /* GoogleService-Info.plist */; };
		5EF59B9D215DBCD200CF622C /* LoadingTool.swift in Sources */ = {isa = PBXBuildFile; fileRef = 5EF59B9C215DBCD200CF622C /* LoadingTool.swift */; };
		854F882CF3DD3FD013EEC09B /* Pods_Mopcon.framework in Frameworks */ = {isa = PBXBuildFile; fileRef = 0DBB6C96F98717D3E5B71A3B /* Pods_Mopcon.framework */; };
		D6240CDF20EC98AD002C89E7 /* SponsorsViewController.swift in Sources */ = {isa = PBXBuildFile; fileRef = D6240CDE20EC98AD002C89E7 /* SponsorsViewController.swift */; };
		D6240CE120EC9A70002C89E7 /* SponsorHeaderView.swift in Sources */ = {isa = PBXBuildFile; fileRef = D6240CE020EC9A70002C89E7 /* SponsorHeaderView.swift */; };
		D6240CE420EC9A8E002C89E7 /* SponsorSmallCollectionViewCell.swift in Sources */ = {isa = PBXBuildFile; fileRef = D6240CE320EC9A8E002C89E7 /* SponsorSmallCollectionViewCell.swift */; };
		D6240CE620EC9ADC002C89E7 /* SponsorCollectionViewID.swift in Sources */ = {isa = PBXBuildFile; fileRef = D6240CE520EC9ADC002C89E7 /* SponsorCollectionViewID.swift */; };
		D6240CEA20ECABED002C89E7 /* SponsorDetailViewController.swift in Sources */ = {isa = PBXBuildFile; fileRef = D6240CE920ECABED002C89E7 /* SponsorDetailViewController.swift */; };
		D62D30D520ED06F300BBDF5E /* AgendaViewController.swift in Sources */ = {isa = PBXBuildFile; fileRef = D62D30D420ED06F300BBDF5E /* AgendaViewController.swift */; };
		D633462220E8FFC60033E5B4 /* AppDelegate.swift in Sources */ = {isa = PBXBuildFile; fileRef = D633462120E8FFC60033E5B4 /* AppDelegate.swift */; };
		D633462420E8FFC60033E5B4 /* LobbyViewController.swift in Sources */ = {isa = PBXBuildFile; fileRef = D633462320E8FFC60033E5B4 /* LobbyViewController.swift */; };
		D633462720E8FFC60033E5B4 /* Lobby.storyboard in Resources */ = {isa = PBXBuildFile; fileRef = D633462520E8FFC60033E5B4 /* Lobby.storyboard */; };
		D633462A20E8FFC60033E5B4 /* Mopcon.xcdatamodeld in Sources */ = {isa = PBXBuildFile; fileRef = D633462820E8FFC60033E5B4 /* Mopcon.xcdatamodeld */; };
		D633462C20E8FFC70033E5B4 /* Assets.xcassets in Resources */ = {isa = PBXBuildFile; fileRef = D633462B20E8FFC70033E5B4 /* Assets.xcassets */; };
		D633462F20E8FFC70033E5B4 /* LaunchScreen.storyboard in Resources */ = {isa = PBXBuildFile; fileRef = D633462D20E8FFC70033E5B4 /* LaunchScreen.storyboard */; };
		D633463B20E914720033E5B4 /* NewsCollectionViewCell.swift in Sources */ = {isa = PBXBuildFile; fileRef = D633463A20E914720033E5B4 /* NewsCollectionViewCell.swift */; };
		D633463D20E914820033E5B4 /* GridCollectionViewCell.swift in Sources */ = {isa = PBXBuildFile; fileRef = D633463C20E914820033E5B4 /* GridCollectionViewCell.swift */; };
		D633463F20E914AD0033E5B4 /* CollectionViewCellKeyManager.swift in Sources */ = {isa = PBXBuildFile; fileRef = D633463E20E914AD0033E5B4 /* CollectionViewCellKeyManager.swift */; };
		D633464220E936ED0033E5B4 /* BannerImageCell.swift in Sources */ = {isa = PBXBuildFile; fileRef = D633464120E936ED0033E5B4 /* BannerImageCell.swift */; };
		D6555F2620EB1F27000816DF /* SpeakerDetailViewController.swift in Sources */ = {isa = PBXBuildFile; fileRef = D6555F2520EB1F27000816DF /* SpeakerDetailViewController.swift */; };
		D6555F2820EB2A83000816DF /* CustomSelectedButton.swift in Sources */ = {isa = PBXBuildFile; fileRef = D6555F2720EB2A83000816DF /* CustomSelectedButton.swift */; };
		D6555F2A20EC619F000816DF /* GroupHostViewController.swift in Sources */ = {isa = PBXBuildFile; fileRef = D6555F2920EC619F000816DF /* GroupHostViewController.swift */; };
		D6555F2F20EC783A000816DF /* GroupHostDetailViewController.swift in Sources */ = {isa = PBXBuildFile; fileRef = D6555F2E20EC783A000816DF /* GroupHostDetailViewController.swift */; };
		D6555F3120EC7D97000816DF /* CornerBackgroundView.swift in Sources */ = {isa = PBXBuildFile; fileRef = D6555F3020EC7D97000816DF /* CornerBackgroundView.swift */; };
		D6555F3320EC8397000816DF /* VolunteerViewController.swift in Sources */ = {isa = PBXBuildFile; fileRef = D6555F3220EC8397000816DF /* VolunteerViewController.swift */; };
		D662A1A520EDB5D600316FE6 /* BreakTableViewCell.swift in Sources */ = {isa = PBXBuildFile; fileRef = D662A1A420EDB5D600316FE6 /* BreakTableViewCell.swift */; };
		D662A1A720EDB5EA00316FE6 /* ConferenceTableViewCell.swift in Sources */ = {isa = PBXBuildFile; fileRef = D662A1A620EDB5EA00316FE6 /* ConferenceTableViewCell.swift */; };
		D6A67ABB20EE029C00D4886E /* CommunicationViewController.swift in Sources */ = {isa = PBXBuildFile; fileRef = D6A67ABA20EE029C00D4886E /* CommunicationViewController.swift */; };
		D6B5166020EA00FC003FA56F /* GroupViewController.swift in Sources */ = {isa = PBXBuildFile; fileRef = D6B5165F20EA00FC003FA56F /* GroupViewController.swift */; };
		D6B5166220EA0607003FA56F /* SpeakersViewController.swift in Sources */ = {isa = PBXBuildFile; fileRef = D6B5166120EA0607003FA56F /* SpeakersViewController.swift */; };
		D6B5166420EA062C003FA56F /* SpeakerTableViewCell.swift in Sources */ = {isa = PBXBuildFile; fileRef = D6B5166320EA062C003FA56F /* SpeakerTableViewCell.swift */; };
		D6B5166920EA07A1003FA56F /* CornerImageView.swift in Sources */ = {isa = PBXBuildFile; fileRef = D6B5166820EA07A1003FA56F /* CornerImageView.swift */; };
		D6EE629120E9C0C20043B68A /* MopconHeader.swift in Sources */ = {isa = PBXBuildFile; fileRef = D6EE629020E9C0C20043B68A /* MopconHeader.swift */; };
		D6EE629320E9C9270043B68A /* SegueManager.swift in Sources */ = {isa = PBXBuildFile; fileRef = D6EE629220E9C9270043B68A /* SegueManager.swift */; };
		D6EE629520E9CAFE0043B68A /* NewsViewController.swift in Sources */ = {isa = PBXBuildFile; fileRef = D6EE629420E9CAFE0043B68A /* NewsViewController.swift */; };
		D6EE629720E9CED20043B68A /* CustomCornerButton.swift in Sources */ = {isa = PBXBuildFile; fileRef = D6EE629620E9CED20043B68A /* CustomCornerButton.swift */; };
		D6EE629920E9D0B00043B68A /* NewsTableViewCell.swift in Sources */ = {isa = PBXBuildFile; fileRef = D6EE629820E9D0B00043B68A /* NewsTableViewCell.swift */; };
		D6F0BE6120F0610B0053A100 /* CommonFunctionHelper.swift in Sources */ = {isa = PBXBuildFile; fileRef = D6F0BE6020F0610B0053A100 /* CommonFunctionHelper.swift */; };
		D6F0BE6920F0A02B0053A100 /* ConferenceDetailViewController.swift in Sources */ = {isa = PBXBuildFile; fileRef = D6F0BE6820F0A02B0053A100 /* ConferenceDetailViewController.swift */; };
/* End PBXBuildFile section */

/* Begin PBXContainerItemProxy section */
		49A683932153248100EC6EA7 /* PBXContainerItemProxy */ = {
			isa = PBXContainerItemProxy;
			containerPortal = D633461620E8FFC60033E5B4 /* Project object */;
			proxyType = 1;
			remoteGlobalIDString = D633461D20E8FFC60033E5B4;
			remoteInfo = Mopcon;
		};
/* End PBXContainerItemProxy section */

/* Begin PBXFileReference section */
		0DBB6C96F98717D3E5B71A3B /* Pods_Mopcon.framework */ = {isa = PBXFileReference; explicitFileType = wrapper.framework; includeInIndex = 0; path = Pods_Mopcon.framework; sourceTree = BUILT_PRODUCTS_DIR; };
		293FFEAF5ECBACAF171BB104 /* Pods-Mopcon.release.xcconfig */ = {isa = PBXFileReference; includeInIndex = 1; lastKnownFileType = text.xcconfig; name = "Pods-Mopcon.release.xcconfig"; path = "Pods/Target Support Files/Pods-Mopcon/Pods-Mopcon.release.xcconfig"; sourceTree = "<group>"; };
		36A8ADA41F4B2FE3D1F03AD3 /* Pods-Mopcon.debug.xcconfig */ = {isa = PBXFileReference; includeInIndex = 1; lastKnownFileType = text.xcconfig; name = "Pods-Mopcon.debug.xcconfig"; path = "Pods/Target Support Files/Pods-Mopcon/Pods-Mopcon.debug.xcconfig"; sourceTree = "<group>"; };
		3C0AD2E5233CCE1D00193A4E /* SponsorInfoCell.swift */ = {isa = PBXFileReference; lastKnownFileType = sourcecode.swift; path = SponsorInfoCell.swift; sourceTree = "<group>"; };
		3C0AD2E7233CCE3200193A4E /* SponsorAboutCell.swift */ = {isa = PBXFileReference; lastKnownFileType = sourcecode.swift; path = SponsorAboutCell.swift; sourceTree = "<group>"; };
		3C1229D92334C21300001760 /* DateFormatter.swift */ = {isa = PBXFileReference; lastKnownFileType = sourcecode.swift; path = DateFormatter.swift; sourceTree = "<group>"; };
		3C1DCD6D233F10E7005EEEC9 /* UITableViewExtension.swift */ = {isa = PBXFileReference; lastKnownFileType = sourcecode.swift; path = UITableViewExtension.swift; sourceTree = "<group>"; };
		3C2160C8233B470E00EEF638 /* HomeProvider.swift */ = {isa = PBXFileReference; lastKnownFileType = sourcecode.swift; path = HomeProvider.swift; sourceTree = "<group>"; };
		3C2160CA233B471D00EEF638 /* HomeObject.swift */ = {isa = PBXFileReference; lastKnownFileType = sourcecode.swift; path = HomeObject.swift; sourceTree = "<group>"; };
		3C2160CC233B472B00EEF638 /* HomeAPI.swift */ = {isa = PBXFileReference; lastKnownFileType = sourcecode.swift; path = HomeAPI.swift; sourceTree = "<group>"; };
		3C2160D3233B684100EEF638 /* SpeakerProvider.swift */ = {isa = PBXFileReference; lastKnownFileType = sourcecode.swift; path = SpeakerProvider.swift; sourceTree = "<group>"; };
		3C2160D5233B684B00EEF638 /* SpeakerObject.swift */ = {isa = PBXFileReference; lastKnownFileType = sourcecode.swift; path = SpeakerObject.swift; sourceTree = "<group>"; };
		3C2160D7233B685500EEF638 /* SpeakerAPI.swift */ = {isa = PBXFileReference; lastKnownFileType = sourcecode.swift; path = SpeakerAPI.swift; sourceTree = "<group>"; };
		3C23D4CB231D272B005E28E5 /* SessionAPI.swift */ = {isa = PBXFileReference; lastKnownFileType = sourcecode.swift; path = SessionAPI.swift; sourceTree = "<group>"; };
		3C23D4CD231D299D005E28E5 /* SessionObject.swift */ = {isa = PBXFileReference; lastKnownFileType = sourcecode.swift; path = SessionObject.swift; sourceTree = "<group>"; };
		3C23D4CF231D3DB1005E28E5 /* SessionProvider.swift */ = {isa = PBXFileReference; lastKnownFileType = sourcecode.swift; path = SessionProvider.swift; sourceTree = "<group>"; };
		3C299ADE233A408500E787F2 /* UnConfAPI.swift */ = {isa = PBXFileReference; lastKnownFileType = sourcecode.swift; path = UnConfAPI.swift; sourceTree = "<group>"; };
		3C299AE0233A409F00E787F2 /* UnConfProvider.swift */ = {isa = PBXFileReference; lastKnownFileType = sourcecode.swift; path = UnConfProvider.swift; sourceTree = "<group>"; };
		3C299AE2233A4CB100E787F2 /* FavoriteViewController.swift */ = {isa = PBXFileReference; lastKnownFileType = sourcecode.swift; path = FavoriteViewController.swift; sourceTree = "<group>"; };
		3C31E656230F872E00000518 /* HTTPClient.swift */ = {isa = PBXFileReference; fileEncoding = 4; lastKnownFileType = sourcecode.swift; path = HTTPClient.swift; sourceTree = "<group>"; };
		3C31E65A230F8ABB00000518 /* InitialAPI.swift */ = {isa = PBXFileReference; lastKnownFileType = sourcecode.swift; path = InitialAPI.swift; sourceTree = "<group>"; };
		3C31E65C230F8AF800000518 /* HTTPClientExtenstion.swift */ = {isa = PBXFileReference; lastKnownFileType = sourcecode.swift; path = HTTPClientExtenstion.swift; sourceTree = "<group>"; };
		3C31E65F230F8CF900000518 /* MPConstant.swift */ = {isa = PBXFileReference; lastKnownFileType = sourcecode.swift; path = MPConstant.swift; sourceTree = "<group>"; };
		3C31E662230F8F1400000518 /* ConfigObject.swift */ = {isa = PBXFileReference; lastKnownFileType = sourcecode.swift; path = ConfigObject.swift; sourceTree = "<group>"; };
		3C31E665230F971E00000518 /* EntryViewController.swift */ = {isa = PBXFileReference; lastKnownFileType = sourcecode.swift; path = EntryViewController.swift; sourceTree = "<group>"; };
		3C31E667230F97B000000518 /* ResponseResultType.swift */ = {isa = PBXFileReference; lastKnownFileType = sourcecode.swift; path = ResponseResultType.swift; sourceTree = "<group>"; };
		3C31E669230F9B3000000518 /* JSONDecoderExtension.swift */ = {isa = PBXFileReference; lastKnownFileType = sourcecode.swift; path = JSONDecoderExtension.swift; sourceTree = "<group>"; };
		3C31E66C230FA0B500000518 /* MainThreadHelper.swift */ = {isa = PBXFileReference; lastKnownFileType = sourcecode.swift; path = MainThreadHelper.swift; sourceTree = "<group>"; };
		3C31E66E230FA25700000518 /* UIViewControllerExtension.swift */ = {isa = PBXFileReference; lastKnownFileType = sourcecode.swift; path = UIViewControllerExtension.swift; sourceTree = "<group>"; };
		3C31E671230FA8AC00000518 /* GroupAPI.swift */ = {isa = PBXFileReference; lastKnownFileType = sourcecode.swift; path = GroupAPI.swift; sourceTree = "<group>"; };
		3C31E673230FA9E400000518 /* GroupObject.swift */ = {isa = PBXFileReference; lastKnownFileType = sourcecode.swift; path = GroupObject.swift; sourceTree = "<group>"; };
		3C31E675230FB3C400000518 /* InitialProvider.swift */ = {isa = PBXFileReference; lastKnownFileType = sourcecode.swift; path = InitialProvider.swift; sourceTree = "<group>"; };
		3C31E677230FB3EE00000518 /* GroupProvider.swift */ = {isa = PBXFileReference; lastKnownFileType = sourcecode.swift; path = GroupProvider.swift; sourceTree = "<group>"; };
		3C31E67A230FB4F400000518 /* Response.swift */ = {isa = PBXFileReference; lastKnownFileType = sourcecode.swift; path = Response.swift; sourceTree = "<group>"; };
		3C31E67C230FC41E00000518 /* VolunteerObject.swift */ = {isa = PBXFileReference; lastKnownFileType = sourcecode.swift; path = VolunteerObject.swift; sourceTree = "<group>"; };
		3C31E67F230FE94D00000518 /* SponsorAPI.swift */ = {isa = PBXFileReference; lastKnownFileType = sourcecode.swift; path = SponsorAPI.swift; sourceTree = "<group>"; };
		3C31E681230FEC0F00000518 /* SponsorProvider.swift */ = {isa = PBXFileReference; lastKnownFileType = sourcecode.swift; path = SponsorProvider.swift; sourceTree = "<group>"; };
		3C31E683230FEC3000000518 /* SponsorObject.swift */ = {isa = PBXFileReference; lastKnownFileType = sourcecode.swift; path = SponsorObject.swift; sourceTree = "<group>"; };
		3C3FFE9922FAA8E300873416 /* SpeakerView.swift */ = {isa = PBXFileReference; lastKnownFileType = sourcecode.swift; path = SpeakerView.swift; sourceTree = "<group>"; };
		3C3FFE9B22FAA8F800873416 /* SpeakerDetailView.swift */ = {isa = PBXFileReference; lastKnownFileType = sourcecode.swift; path = SpeakerDetailView.swift; sourceTree = "<group>"; };
		3C3FFE9D22FAA90E00873416 /* SpeakerTalkInfoView.swift */ = {isa = PBXFileReference; lastKnownFileType = sourcecode.swift; path = SpeakerTalkInfoView.swift; sourceTree = "<group>"; };
		3C3FFEA022FAD6E300873416 /* JoinVolunteerView.swift */ = {isa = PBXFileReference; lastKnownFileType = sourcecode.swift; path = JoinVolunteerView.swift; sourceTree = "<group>"; };
		3C3FFEA222FAD6FE00873416 /* JoinVolunteerView.xib */ = {isa = PBXFileReference; lastKnownFileType = file.xib; path = JoinVolunteerView.xib; sourceTree = "<group>"; };
		3C5FF12323352AE500D82CC6 /* SessionsViewController.swift */ = {isa = PBXFileReference; lastKnownFileType = sourcecode.swift; path = SessionsViewController.swift; sourceTree = "<group>"; };
		3C5FF12523352B6B00D82CC6 /* MPBaseSessionViewController.swift */ = {isa = PBXFileReference; lastKnownFileType = sourcecode.swift; path = MPBaseSessionViewController.swift; sourceTree = "<group>"; };
		3C6A38DD2305A3F200B4546B /* MPTagView.swift */ = {isa = PBXFileReference; lastKnownFileType = sourcecode.swift; path = MPTagView.swift; sourceTree = "<group>"; };
		3C7D65AC23167D2900D0EEE2 /* FieldGameViewController.swift */ = {isa = PBXFileReference; lastKnownFileType = sourcecode.swift; path = FieldGameViewController.swift; sourceTree = "<group>"; };
		3C7D65AE2316822500D0EEE2 /* FieldGameHeaderView.swift */ = {isa = PBXFileReference; lastKnownFileType = sourcecode.swift; path = FieldGameHeaderView.swift; sourceTree = "<group>"; };
		3C8C357523069B4000D04CB0 /* VolunteerDetailViewController.swift */ = {isa = PBXFileReference; lastKnownFileType = sourcecode.swift; path = VolunteerDetailViewController.swift; sourceTree = "<group>"; };
		3C903F8222979AE600765CB2 /* Agenda.storyboard */ = {isa = PBXFileReference; lastKnownFileType = file.storyboard; path = Agenda.storyboard; sourceTree = "<group>"; };
		3C903F8622979B0C00765CB2 /* Communication.storyboard */ = {isa = PBXFileReference; lastKnownFileType = file.storyboard; path = Communication.storyboard; sourceTree = "<group>"; };
		3C903F8822979B1900765CB2 /* Sponsor.storyboard */ = {isa = PBXFileReference; lastKnownFileType = file.storyboard; path = Sponsor.storyboard; sourceTree = "<group>"; };
		3C903F8A22979B2700765CB2 /* Speaker.storyboard */ = {isa = PBXFileReference; lastKnownFileType = file.storyboard; path = Speaker.storyboard; sourceTree = "<group>"; };
		3C903F8C22979B3700765CB2 /* Group.storyboard */ = {isa = PBXFileReference; lastKnownFileType = file.storyboard; path = Group.storyboard; sourceTree = "<group>"; };
		3C903F8E22979B4800765CB2 /* News.storyboard */ = {isa = PBXFileReference; lastKnownFileType = file.storyboard; path = News.storyboard; sourceTree = "<group>"; };
		3C9335BE22FBF31E00545A6E /* GroupBaseViewController.swift */ = {isa = PBXFileReference; lastKnownFileType = sourcecode.swift; path = GroupBaseViewController.swift; sourceTree = "<group>"; };
		3CAC6125233CCF16007DCCD9 /* SponsorSpeechCell.swift */ = {isa = PBXFileReference; lastKnownFileType = sourcecode.swift; path = SponsorSpeechCell.swift; sourceTree = "<group>"; };
		3CAC6127233CE4A8007DCCD9 /* SessionCollectionViewCell.swift */ = {isa = PBXFileReference; lastKnownFileType = sourcecode.swift; path = SessionCollectionViewCell.swift; sourceTree = "<group>"; };
		3CAC6128233CE4A8007DCCD9 /* SessionCollectionViewCell.xib */ = {isa = PBXFileReference; lastKnownFileType = file.xib; path = SessionCollectionViewCell.xib; sourceTree = "<group>"; };
		3CB70C1B233DEA6400B76C08 /* ButtonFactor.swift */ = {isa = PBXFileReference; lastKnownFileType = sourcecode.swift; path = ButtonFactor.swift; sourceTree = "<group>"; };
		3CB70C20233F091300B76C08 /* LobbyBannerCell.swift */ = {isa = PBXFileReference; lastKnownFileType = sourcecode.swift; path = LobbyBannerCell.swift; sourceTree = "<group>"; };
		3CB70C21233F091300B76C08 /* LobbyBannerCell.xib */ = {isa = PBXFileReference; lastKnownFileType = file.xib; path = LobbyBannerCell.xib; sourceTree = "<group>"; };
		3CB70C26233F095100B76C08 /* LobbyNewsCell.swift */ = {isa = PBXFileReference; lastKnownFileType = sourcecode.swift; path = LobbyNewsCell.swift; sourceTree = "<group>"; };
		3CB70C27233F095100B76C08 /* LobbyNewsCell.xib */ = {isa = PBXFileReference; lastKnownFileType = file.xib; path = LobbyNewsCell.xib; sourceTree = "<group>"; };
		3CB70C2B233F09A900B76C08 /* LobbySessionCell.swift */ = {isa = PBXFileReference; lastKnownFileType = sourcecode.swift; path = LobbySessionCell.swift; sourceTree = "<group>"; };
		3CB70C2C233F09A900B76C08 /* LobbySessionCell.xib */ = {isa = PBXFileReference; lastKnownFileType = file.xib; path = LobbySessionCell.xib; sourceTree = "<group>"; };
		3CBDCF7022E182F700561D8D /* SelectionView.swift */ = {isa = PBXFileReference; lastKnownFileType = sourcecode.swift; path = SelectionView.swift; sourceTree = "<group>"; };
		3CBDCF7222E1888500561D8D /* UIViewExtension.swift */ = {isa = PBXFileReference; lastKnownFileType = sourcecode.swift; path = UIViewExtension.swift; sourceTree = "<group>"; };
		3CC17362233F2E1900F42076 /* UICollectionViewExtension.swift */ = {isa = PBXFileReference; lastKnownFileType = sourcecode.swift; path = UICollectionViewExtension.swift; sourceTree = "<group>"; };
		3CC173652340C76D00F42076 /* NewsObject.swift */ = {isa = PBXFileReference; lastKnownFileType = sourcecode.swift; path = NewsObject.swift; sourceTree = "<group>"; };
		3CC173672340C7ED00F42076 /* NewsAPI.swift */ = {isa = PBXFileReference; lastKnownFileType = sourcecode.swift; path = NewsAPI.swift; sourceTree = "<group>"; };
		3CC173692340C7F800F42076 /* NewsProvider.swift */ = {isa = PBXFileReference; lastKnownFileType = sourcecode.swift; path = NewsProvider.swift; sourceTree = "<group>"; };
		3CC1736B2340D1C400F42076 /* FavoriteManager.swift */ = {isa = PBXFileReference; lastKnownFileType = sourcecode.swift; path = FavoriteManager.swift; sourceTree = "<group>"; };
		3CC6FDB123053578007352DB /* MPBaseViewController.swift */ = {isa = PBXFileReference; lastKnownFileType = sourcecode.swift; path = MPBaseViewController.swift; sourceTree = "<group>"; };
		3CC6FDB32305365F007352DB /* StringExtension.swift */ = {isa = PBXFileReference; lastKnownFileType = sourcecode.swift; path = StringExtension.swift; sourceTree = "<group>"; };
		3CEF49432319259B002AEB65 /* StageViewController.swift */ = {isa = PBXFileReference; lastKnownFileType = sourcecode.swift; path = StageViewController.swift; sourceTree = "<group>"; };
		3CEF494523192E4A002AEB65 /* RewardViewController.swift */ = {isa = PBXFileReference; lastKnownFileType = sourcecode.swift; path = RewardViewController.swift; sourceTree = "<group>"; };
		3CF0FB7B233A3EB700D9794E /* UnConferenceViewController.swift */ = {isa = PBXFileReference; lastKnownFileType = sourcecode.swift; path = UnConferenceViewController.swift; sourceTree = "<group>"; };
		3CFC369D22F92F7B0058C322 /* More.storyboard */ = {isa = PBXFileReference; lastKnownFileType = file.storyboard; path = More.storyboard; sourceTree = "<group>"; };
		3CFC36A022F92FED0058C322 /* MoreViewController.swift */ = {isa = PBXFileReference; lastKnownFileType = sourcecode.swift; path = MoreViewController.swift; sourceTree = "<group>"; };
		3CFC36A322F957DA0058C322 /* MoreTableViewCell.swift */ = {isa = PBXFileReference; lastKnownFileType = sourcecode.swift; path = MoreTableViewCell.swift; sourceTree = "<group>"; };
		3CFCF00322DECF9D006184CD /* Main.storyboard */ = {isa = PBXFileReference; lastKnownFileType = file.storyboard; path = Main.storyboard; sourceTree = "<group>"; };
		3CFCF00622DED10E006184CD /* TabBarViewController.swift */ = {isa = PBXFileReference; lastKnownFileType = sourcecode.swift; path = TabBarViewController.swift; sourceTree = "<group>"; };
		3CFCF00822DEEFCB006184CD /* UIImageExtension.swift */ = {isa = PBXFileReference; lastKnownFileType = sourcecode.swift; path = UIImageExtension.swift; sourceTree = "<group>"; };
		3CFCF00A22DEFBB2006184CD /* UIColorExtension.swift */ = {isa = PBXFileReference; lastKnownFileType = sourcecode.swift; path = UIColorExtension.swift; sourceTree = "<group>"; };
		49A6838E2153248000EC6EA7 /* MopconUITests.xctest */ = {isa = PBXFileReference; explicitFileType = wrapper.cfbundle; includeInIndex = 0; path = MopconUITests.xctest; sourceTree = BUILT_PRODUCTS_DIR; };
		49A683902153248100EC6EA7 /* MopconUITests.swift */ = {isa = PBXFileReference; lastKnownFileType = sourcecode.swift; path = MopconUITests.swift; sourceTree = "<group>"; };
		49A683922153248100EC6EA7 /* Info.plist */ = {isa = PBXFileReference; lastKnownFileType = text.plist.xml; path = Info.plist; sourceTree = "<group>"; };
		49A6839821532E4A00EC6EA7 /* SnapshotHelper.swift */ = {isa = PBXFileReference; fileEncoding = 4; lastKnownFileType = sourcecode.swift; path = SnapshotHelper.swift; sourceTree = "<group>"; };
		532143E923464E0700C2B4BE /* URLExtension.swift */ = {isa = PBXFileReference; lastKnownFileType = sourcecode.swift; path = URLExtension.swift; sourceTree = "<group>"; };
		536688712305B0310036DFE5 /* GameStageCell.swift */ = {isa = PBXFileReference; lastKnownFileType = sourcecode.swift; path = GameStageCell.swift; sourceTree = "<group>"; };
		536688722305B0310036DFE5 /* GameStageCell.xib */ = {isa = PBXFileReference; lastKnownFileType = file.xib; path = GameStageCell.xib; sourceTree = "<group>"; };
		536688752305BC040036DFE5 /* PresentCell.swift */ = {isa = PBXFileReference; lastKnownFileType = sourcecode.swift; path = PresentCell.swift; sourceTree = "<group>"; };
		536688762305BC040036DFE5 /* PresentCell.xib */ = {isa = PBXFileReference; lastKnownFileType = file.xib; path = PresentCell.xib; sourceTree = "<group>"; };
		536688792305BFF90036DFE5 /* CompleteCell.swift */ = {isa = PBXFileReference; lastKnownFileType = sourcecode.swift; path = CompleteCell.swift; sourceTree = "<group>"; };
		5366887A2305BFF90036DFE5 /* CompleteCell.xib */ = {isa = PBXFileReference; lastKnownFileType = file.xib; path = CompleteCell.xib; sourceTree = "<group>"; };
		5366887D230847AC0036DFE5 /* NoticeView.swift */ = {isa = PBXFileReference; lastKnownFileType = sourcecode.swift; path = NoticeView.swift; sourceTree = "<group>"; };
		5366887F230847BA0036DFE5 /* NoticeView.xib */ = {isa = PBXFileReference; lastKnownFileType = file.xib; path = NoticeView.xib; sourceTree = "<group>"; };
		5381B36B22F9EED200FEEC2C /* ConferenceTableViewCell.xib */ = {isa = PBXFileReference; lastKnownFileType = file.xib; path = ConferenceTableViewCell.xib; sourceTree = "<group>"; };
		53850933227D6A960083429A /* CommunityImageCollectionViewCell.swift */ = {isa = PBXFileReference; fileEncoding = 4; lastKnownFileType = sourcecode.swift; path = CommunityImageCollectionViewCell.swift; sourceTree = "<group>"; };
		53F83EA623238E7B003A35B8 /* FieldGameAPI.swift */ = {isa = PBXFileReference; lastKnownFileType = sourcecode.swift; path = FieldGameAPI.swift; sourceTree = "<group>"; };
		53F83EA82323931D003A35B8 /* KeychainTool.swift */ = {isa = PBXFileReference; lastKnownFileType = sourcecode.swift; path = KeychainTool.swift; sourceTree = "<group>"; };
		53F83EAA2323A655003A35B8 /* FieldGameObject.swift */ = {isa = PBXFileReference; lastKnownFileType = sourcecode.swift; path = FieldGameObject.swift; sourceTree = "<group>"; };
		53F83EAC2323A660003A35B8 /* FieldGameProvider.swift */ = {isa = PBXFileReference; lastKnownFileType = sourcecode.swift; path = FieldGameProvider.swift; sourceTree = "<group>"; };
		5E1753A92150BBBF00A5D4C5 /* LanguageCollectionViewCell.swift */ = {isa = PBXFileReference; lastKnownFileType = sourcecode.swift; path = LanguageCollectionViewCell.swift; sourceTree = "<group>"; };
		5E349C9E21228A340060297A /* UIImageViewExtension.swift */ = {isa = PBXFileReference; lastKnownFileType = sourcecode.swift; path = UIImageViewExtension.swift; sourceTree = "<group>"; };
		5E349CA5212411200060297A /* SponsorDetailTableViewCell.swift */ = {isa = PBXFileReference; lastKnownFileType = sourcecode.swift; path = SponsorDetailTableViewCell.swift; sourceTree = "<group>"; };
		5E4A0045216F273B00C4A656 /* QRCodeViewController.swift */ = {isa = PBXFileReference; lastKnownFileType = sourcecode.swift; path = QRCodeViewController.swift; sourceTree = "<group>"; };
		5E682E19213CFE4400FC37CF /* FieldGame.storyboard */ = {isa = PBXFileReference; lastKnownFileType = file.storyboard; path = FieldGame.storyboard; sourceTree = "<group>"; };
		5E6CBDA0217BB9D60097D5E2 /* Wallet.swift */ = {isa = PBXFileReference; lastKnownFileType = sourcecode.swift; path = Wallet.swift; sourceTree = "<group>"; };
		5E9FEEFF21294FD70096B4A8 /* UserDefaultsExtension.swift */ = {isa = PBXFileReference; lastKnownFileType = sourcecode.swift; path = UserDefaultsExtension.swift; sourceTree = "<group>"; };
		5EF59B97215CDF2800CF622C /* Mopcon.entitlements */ = {isa = PBXFileReference; lastKnownFileType = text.plist.entitlements; path = Mopcon.entitlements; sourceTree = "<group>"; };
		5EF59B9A215CEC3700CF622C /* GoogleService-Info.plist */ = {isa = PBXFileReference; fileEncoding = 4; lastKnownFileType = text.plist.xml; path = "GoogleService-Info.plist"; sourceTree = "<group>"; };
		5EF59B9C215DBCD200CF622C /* LoadingTool.swift */ = {isa = PBXFileReference; lastKnownFileType = sourcecode.swift; path = LoadingTool.swift; sourceTree = "<group>"; };
		D6240CDE20EC98AD002C89E7 /* SponsorsViewController.swift */ = {isa = PBXFileReference; lastKnownFileType = sourcecode.swift; path = SponsorsViewController.swift; sourceTree = "<group>"; };
		D6240CE020EC9A70002C89E7 /* SponsorHeaderView.swift */ = {isa = PBXFileReference; lastKnownFileType = sourcecode.swift; path = SponsorHeaderView.swift; sourceTree = "<group>"; };
		D6240CE320EC9A8E002C89E7 /* SponsorSmallCollectionViewCell.swift */ = {isa = PBXFileReference; lastKnownFileType = sourcecode.swift; path = SponsorSmallCollectionViewCell.swift; sourceTree = "<group>"; };
		D6240CE520EC9ADC002C89E7 /* SponsorCollectionViewID.swift */ = {isa = PBXFileReference; lastKnownFileType = sourcecode.swift; path = SponsorCollectionViewID.swift; sourceTree = "<group>"; };
		D6240CE920ECABED002C89E7 /* SponsorDetailViewController.swift */ = {isa = PBXFileReference; lastKnownFileType = sourcecode.swift; path = SponsorDetailViewController.swift; sourceTree = "<group>"; };
		D62D30D420ED06F300BBDF5E /* AgendaViewController.swift */ = {isa = PBXFileReference; lastKnownFileType = sourcecode.swift; path = AgendaViewController.swift; sourceTree = "<group>"; };
		D633461E20E8FFC60033E5B4 /* Mopcon.app */ = {isa = PBXFileReference; explicitFileType = wrapper.application; includeInIndex = 0; path = Mopcon.app; sourceTree = BUILT_PRODUCTS_DIR; };
		D633462120E8FFC60033E5B4 /* AppDelegate.swift */ = {isa = PBXFileReference; lastKnownFileType = sourcecode.swift; path = AppDelegate.swift; sourceTree = "<group>"; };
		D633462320E8FFC60033E5B4 /* LobbyViewController.swift */ = {isa = PBXFileReference; lastKnownFileType = sourcecode.swift; path = LobbyViewController.swift; sourceTree = "<group>"; };
		D633462620E8FFC60033E5B4 /* Base */ = {isa = PBXFileReference; lastKnownFileType = file.storyboard; name = Base; path = Base.lproj/Lobby.storyboard; sourceTree = "<group>"; };
		D633462920E8FFC60033E5B4 /* Mopcon.xcdatamodel */ = {isa = PBXFileReference; lastKnownFileType = wrapper.xcdatamodel; path = Mopcon.xcdatamodel; sourceTree = "<group>"; };
		D633462B20E8FFC70033E5B4 /* Assets.xcassets */ = {isa = PBXFileReference; lastKnownFileType = folder.assetcatalog; path = Assets.xcassets; sourceTree = "<group>"; };
		D633462E20E8FFC70033E5B4 /* Base */ = {isa = PBXFileReference; lastKnownFileType = file.storyboard; name = Base; path = Base.lproj/LaunchScreen.storyboard; sourceTree = "<group>"; };
		D633463020E8FFC70033E5B4 /* Info.plist */ = {isa = PBXFileReference; lastKnownFileType = text.plist.xml; path = Info.plist; sourceTree = "<group>"; };
		D633463A20E914720033E5B4 /* NewsCollectionViewCell.swift */ = {isa = PBXFileReference; lastKnownFileType = sourcecode.swift; path = NewsCollectionViewCell.swift; sourceTree = "<group>"; };
		D633463C20E914820033E5B4 /* GridCollectionViewCell.swift */ = {isa = PBXFileReference; lastKnownFileType = sourcecode.swift; path = GridCollectionViewCell.swift; sourceTree = "<group>"; };
		D633463E20E914AD0033E5B4 /* CollectionViewCellKeyManager.swift */ = {isa = PBXFileReference; lastKnownFileType = sourcecode.swift; path = CollectionViewCellKeyManager.swift; sourceTree = "<group>"; };
		D633464120E936ED0033E5B4 /* BannerImageCell.swift */ = {isa = PBXFileReference; lastKnownFileType = sourcecode.swift; path = BannerImageCell.swift; sourceTree = "<group>"; };
		D6555F2520EB1F27000816DF /* SpeakerDetailViewController.swift */ = {isa = PBXFileReference; lastKnownFileType = sourcecode.swift; path = SpeakerDetailViewController.swift; sourceTree = "<group>"; };
		D6555F2720EB2A83000816DF /* CustomSelectedButton.swift */ = {isa = PBXFileReference; lastKnownFileType = sourcecode.swift; path = CustomSelectedButton.swift; sourceTree = "<group>"; };
		D6555F2920EC619F000816DF /* GroupHostViewController.swift */ = {isa = PBXFileReference; lastKnownFileType = sourcecode.swift; path = GroupHostViewController.swift; sourceTree = "<group>"; };
		D6555F2E20EC783A000816DF /* GroupHostDetailViewController.swift */ = {isa = PBXFileReference; lastKnownFileType = sourcecode.swift; path = GroupHostDetailViewController.swift; sourceTree = "<group>"; };
		D6555F3020EC7D97000816DF /* CornerBackgroundView.swift */ = {isa = PBXFileReference; lastKnownFileType = sourcecode.swift; path = CornerBackgroundView.swift; sourceTree = "<group>"; };
		D6555F3220EC8397000816DF /* VolunteerViewController.swift */ = {isa = PBXFileReference; lastKnownFileType = sourcecode.swift; path = VolunteerViewController.swift; sourceTree = "<group>"; };
		D662A1A420EDB5D600316FE6 /* BreakTableViewCell.swift */ = {isa = PBXFileReference; lastKnownFileType = sourcecode.swift; path = BreakTableViewCell.swift; sourceTree = "<group>"; };
		D662A1A620EDB5EA00316FE6 /* ConferenceTableViewCell.swift */ = {isa = PBXFileReference; lastKnownFileType = sourcecode.swift; path = ConferenceTableViewCell.swift; sourceTree = "<group>"; };
		D6A67ABA20EE029C00D4886E /* CommunicationViewController.swift */ = {isa = PBXFileReference; lastKnownFileType = sourcecode.swift; path = CommunicationViewController.swift; sourceTree = "<group>"; };
		D6B5165F20EA00FC003FA56F /* GroupViewController.swift */ = {isa = PBXFileReference; lastKnownFileType = sourcecode.swift; path = GroupViewController.swift; sourceTree = "<group>"; };
		D6B5166120EA0607003FA56F /* SpeakersViewController.swift */ = {isa = PBXFileReference; lastKnownFileType = sourcecode.swift; path = SpeakersViewController.swift; sourceTree = "<group>"; };
		D6B5166320EA062C003FA56F /* SpeakerTableViewCell.swift */ = {isa = PBXFileReference; lastKnownFileType = sourcecode.swift; path = SpeakerTableViewCell.swift; sourceTree = "<group>"; };
		D6B5166820EA07A1003FA56F /* CornerImageView.swift */ = {isa = PBXFileReference; lastKnownFileType = sourcecode.swift; path = CornerImageView.swift; sourceTree = "<group>"; };
		D6EE629020E9C0C20043B68A /* MopconHeader.swift */ = {isa = PBXFileReference; lastKnownFileType = sourcecode.swift; path = MopconHeader.swift; sourceTree = "<group>"; };
		D6EE629220E9C9270043B68A /* SegueManager.swift */ = {isa = PBXFileReference; lastKnownFileType = sourcecode.swift; path = SegueManager.swift; sourceTree = "<group>"; };
		D6EE629420E9CAFE0043B68A /* NewsViewController.swift */ = {isa = PBXFileReference; lastKnownFileType = sourcecode.swift; path = NewsViewController.swift; sourceTree = "<group>"; };
		D6EE629620E9CED20043B68A /* CustomCornerButton.swift */ = {isa = PBXFileReference; lastKnownFileType = sourcecode.swift; path = CustomCornerButton.swift; sourceTree = "<group>"; };
		D6EE629820E9D0B00043B68A /* NewsTableViewCell.swift */ = {isa = PBXFileReference; lastKnownFileType = sourcecode.swift; path = NewsTableViewCell.swift; sourceTree = "<group>"; };
		D6F0BE6020F0610B0053A100 /* CommonFunctionHelper.swift */ = {isa = PBXFileReference; lastKnownFileType = sourcecode.swift; path = CommonFunctionHelper.swift; sourceTree = "<group>"; };
		D6F0BE6820F0A02B0053A100 /* ConferenceDetailViewController.swift */ = {isa = PBXFileReference; lastKnownFileType = sourcecode.swift; path = ConferenceDetailViewController.swift; sourceTree = "<group>"; };
/* End PBXFileReference section */

/* Begin PBXFrameworksBuildPhase section */
		49A6838B2153248000EC6EA7 /* Frameworks */ = {
			isa = PBXFrameworksBuildPhase;
			buildActionMask = 2147483647;
			files = (
			);
			runOnlyForDeploymentPostprocessing = 0;
		};
		D633461B20E8FFC60033E5B4 /* Frameworks */ = {
			isa = PBXFrameworksBuildPhase;
			buildActionMask = 2147483647;
			files = (
				854F882CF3DD3FD013EEC09B /* Pods_Mopcon.framework in Frameworks */,
			);
			runOnlyForDeploymentPostprocessing = 0;
		};
/* End PBXFrameworksBuildPhase section */

/* Begin PBXGroup section */
		03F6A52C60EC4ABC5E9314F0 /* Frameworks */ = {
			isa = PBXGroup;
			children = (
				0DBB6C96F98717D3E5B71A3B /* Pods_Mopcon.framework */,
			);
			name = Frameworks;
			sourceTree = "<group>";
		};
		3C0AD2E3233CCDC100193A4E /* Sponsor */ = {
			isa = PBXGroup;
			children = (
				D6240CE920ECABED002C89E7 /* SponsorDetailViewController.swift */,
				D6240CDE20EC98AD002C89E7 /* SponsorsViewController.swift */,
			);
			path = Sponsor;
			sourceTree = "<group>";
		};
		3C0AD2E4233CCDEF00193A4E /* Sponsor */ = {
			isa = PBXGroup;
			children = (
				3C0AD2E5233CCE1D00193A4E /* SponsorInfoCell.swift */,
				3C0AD2E7233CCE3200193A4E /* SponsorAboutCell.swift */,
				3CAC6125233CCF16007DCCD9 /* SponsorSpeechCell.swift */,
			);
			path = Sponsor;
			sourceTree = "<group>";
		};
		3C1229DB2334FAF100001760 /* Agenda */ = {
			isa = PBXGroup;
			children = (
				D62D30D420ED06F300BBDF5E /* AgendaViewController.swift */,
				D6F0BE6820F0A02B0053A100 /* ConferenceDetailViewController.swift */,
				3C5FF12323352AE500D82CC6 /* SessionsViewController.swift */,
				3CF0FB7B233A3EB700D9794E /* UnConferenceViewController.swift */,
				3C299AE2233A4CB100E787F2 /* FavoriteViewController.swift */,
				3C5FF12523352B6B00D82CC6 /* MPBaseSessionViewController.swift */,
			);
			path = Agenda;
			sourceTree = "<group>";
		};
		3C2160C7233B46F400EEF638 /* HomeAPI */ = {
			isa = PBXGroup;
			children = (
				3C2160CA233B471D00EEF638 /* HomeObject.swift */,
				3C2160CC233B472B00EEF638 /* HomeAPI.swift */,
				3C2160C8233B470E00EEF638 /* HomeProvider.swift */,
			);
			path = HomeAPI;
			sourceTree = "<group>";
		};
		3C2160CE233B635D00EEF638 /* Communication */ = {
			isa = PBXGroup;
			children = (
				D6A67ABA20EE029C00D4886E /* CommunicationViewController.swift */,
			);
			path = Communication;
			sourceTree = "<group>";
		};
		3C2160CF233B637F00EEF638 /* Lobby */ = {
			isa = PBXGroup;
			children = (
				D633462320E8FFC60033E5B4 /* LobbyViewController.swift */,
			);
			path = Lobby;
			sourceTree = "<group>";
		};
		3C2160D0233B641600EEF638 /* Speaker */ = {
			isa = PBXGroup;
			children = (
				D6555F2520EB1F27000816DF /* SpeakerDetailViewController.swift */,
				D6B5166120EA0607003FA56F /* SpeakersViewController.swift */,
			);
			path = Speaker;
			sourceTree = "<group>";
		};
		3C2160D1233B642500EEF638 /* News */ = {
			isa = PBXGroup;
			children = (
				D6EE629420E9CAFE0043B68A /* NewsViewController.swift */,
			);
			path = News;
			sourceTree = "<group>";
		};
		3C2160D2233B682F00EEF638 /* SpeakerAPI */ = {
			isa = PBXGroup;
			children = (
				3C2160D5233B684B00EEF638 /* SpeakerObject.swift */,
				3C2160D7233B685500EEF638 /* SpeakerAPI.swift */,
				3C2160D3233B684100EEF638 /* SpeakerProvider.swift */,
			);
			path = SpeakerAPI;
			sourceTree = "<group>";
		};
		3C23D4CA231D26BE005E28E5 /* SessionAPI */ = {
			isa = PBXGroup;
			children = (
				3C23D4CD231D299D005E28E5 /* SessionObject.swift */,
				3C23D4CB231D272B005E28E5 /* SessionAPI.swift */,
				3C23D4CF231D3DB1005E28E5 /* SessionProvider.swift */,
			);
			path = SessionAPI;
			sourceTree = "<group>";
		};
		3C299ADD233A406B00E787F2 /* UnConference */ = {
			isa = PBXGroup;
			children = (
				3C299ADE233A408500E787F2 /* UnConfAPI.swift */,
				3C299AE0233A409F00E787F2 /* UnConfProvider.swift */,
			);
			path = UnConference;
			sourceTree = "<group>";
		};
		3C31E655230F872E00000518 /* HTTP */ = {
			isa = PBXGroup;
			children = (
				3C31E656230F872E00000518 /* HTTPClient.swift */,
				3C31E65C230F8AF800000518 /* HTTPClientExtenstion.swift */,
			);
			path = HTTP;
			sourceTree = "<group>";
		};
		3C31E65E230F8CE200000518 /* Constant */ = {
			isa = PBXGroup;
			children = (
				3C31E65F230F8CF900000518 /* MPConstant.swift */,
			);
			path = Constant;
			sourceTree = "<group>";
		};
		3C31E661230F8EE200000518 /* InitialAPI */ = {
			isa = PBXGroup;
			children = (
				3C31E65A230F8ABB00000518 /* InitialAPI.swift */,
				3C31E662230F8F1400000518 /* ConfigObject.swift */,
				3C31E675230FB3C400000518 /* InitialProvider.swift */,
			);
			path = InitialAPI;
			sourceTree = "<group>";
		};
		3C31E664230F968E00000518 /* Entry */ = {
			isa = PBXGroup;
			children = (
				3C31E665230F971E00000518 /* EntryViewController.swift */,
			);
			path = Entry;
			sourceTree = "<group>";
		};
		3C31E66B230FA08800000518 /* MainThreadHelper */ = {
			isa = PBXGroup;
			children = (
				3C31E66C230FA0B500000518 /* MainThreadHelper.swift */,
			);
			path = MainThreadHelper;
			sourceTree = "<group>";
		};
		3C31E670230FA88900000518 /* GroupAPI */ = {
			isa = PBXGroup;
			children = (
				3C31E671230FA8AC00000518 /* GroupAPI.swift */,
				3C31E673230FA9E400000518 /* GroupObject.swift */,
				3C31E67C230FC41E00000518 /* VolunteerObject.swift */,
				3C31E677230FB3EE00000518 /* GroupProvider.swift */,
			);
			path = GroupAPI;
			sourceTree = "<group>";
		};
		3C31E679230FB4E500000518 /* Response */ = {
			isa = PBXGroup;
			children = (
				3C31E67A230FB4F400000518 /* Response.swift */,
				3C31E667230F97B000000518 /* ResponseResultType.swift */,
			);
			path = Response;
			sourceTree = "<group>";
		};
		3C31E67E230FE92600000518 /* Sponsor */ = {
			isa = PBXGroup;
			children = (
				3C31E67F230FE94D00000518 /* SponsorAPI.swift */,
				3C31E683230FEC3000000518 /* SponsorObject.swift */,
				3C31E681230FEC0F00000518 /* SponsorProvider.swift */,
			);
			path = Sponsor;
			sourceTree = "<group>";
		};
		3C3FFE9822FAA89D00873416 /* Speaker */ = {
			isa = PBXGroup;
			children = (
				3C3FFE9922FAA8E300873416 /* SpeakerView.swift */,
				3C3FFE9B22FAA8F800873416 /* SpeakerDetailView.swift */,
				3C3FFE9D22FAA90E00873416 /* SpeakerTalkInfoView.swift */,
			);
			path = Speaker;
			sourceTree = "<group>";
		};
		3C3FFE9F22FAD6A700873416 /* Group */ = {
			isa = PBXGroup;
			children = (
				3C9335BB22FBBAA700545A6E /* JoinVolunteerView */,
			);
			path = Group;
			sourceTree = "<group>";
		};
		3C6A38DC2305A3C800B4546B /* Base */ = {
			isa = PBXGroup;
			children = (
				3CB70C1E233F079000B76C08 /* MPTagView */,
				3CB70C1F233F079E00B76C08 /* SessionCollectionViewCell */,
			);
			path = Base;
			sourceTree = "<group>";
		};
		3C9335BB22FBBAA700545A6E /* JoinVolunteerView */ = {
			isa = PBXGroup;
			children = (
				3C3FFEA022FAD6E300873416 /* JoinVolunteerView.swift */,
				3C3FFEA222FAD6FE00873416 /* JoinVolunteerView.xib */,
			);
			path = JoinVolunteerView;
			sourceTree = "<group>";
		};
		3C9335BD22FBF2F800545A6E /* Group */ = {
			isa = PBXGroup;
			children = (
				D6555F2920EC619F000816DF /* GroupHostViewController.swift */,
				3C9335BE22FBF31E00545A6E /* GroupBaseViewController.swift */,
				D6555F2E20EC783A000816DF /* GroupHostDetailViewController.swift */,
				D6555F3220EC8397000816DF /* VolunteerViewController.swift */,
				D6B5165F20EA00FC003FA56F /* GroupViewController.swift */,
				3C8C357523069B4000D04CB0 /* VolunteerDetailViewController.swift */,
			);
			path = Group;
			sourceTree = "<group>";
		};
		3CB70C1D233DEA6F00B76C08 /* BuutonFactor */ = {
			isa = PBXGroup;
			children = (
				3CB70C1B233DEA6400B76C08 /* ButtonFactor.swift */,
			);
			path = BuutonFactor;
			sourceTree = "<group>";
		};
		3CB70C1E233F079000B76C08 /* MPTagView */ = {
			isa = PBXGroup;
			children = (
				3C6A38DD2305A3F200B4546B /* MPTagView.swift */,
			);
			path = MPTagView;
			sourceTree = "<group>";
		};
		3CB70C1F233F079E00B76C08 /* SessionCollectionViewCell */ = {
			isa = PBXGroup;
			children = (
				3CAC6128233CE4A8007DCCD9 /* SessionCollectionViewCell.xib */,
				3CAC6127233CE4A8007DCCD9 /* SessionCollectionViewCell.swift */,
			);
			path = SessionCollectionViewCell;
			sourceTree = "<group>";
		};
		3CB70C24233F091B00B76C08 /* LobbyBannerCell */ = {
			isa = PBXGroup;
			children = (
				3CB70C20233F091300B76C08 /* LobbyBannerCell.swift */,
				3CB70C21233F091300B76C08 /* LobbyBannerCell.xib */,
			);
			path = LobbyBannerCell;
			sourceTree = "<group>";
		};
		3CB70C25233F092B00B76C08 /* LobbyNewsCell */ = {
			isa = PBXGroup;
			children = (
				3CB70C26233F095100B76C08 /* LobbyNewsCell.swift */,
				3CB70C27233F095100B76C08 /* LobbyNewsCell.xib */,
			);
			path = LobbyNewsCell;
			sourceTree = "<group>";
		};
		3CB70C2A233F095A00B76C08 /* LobbySessionCell */ = {
			isa = PBXGroup;
			children = (
				3CB70C2B233F09A900B76C08 /* LobbySessionCell.swift */,
				3CB70C2C233F09A900B76C08 /* LobbySessionCell.xib */,
			);
			path = LobbySessionCell;
			sourceTree = "<group>";
		};
		3CC173642340C75C00F42076 /* NewsAPI */ = {
			isa = PBXGroup;
			children = (
				3CC173652340C76D00F42076 /* NewsObject.swift */,
				3CC173672340C7ED00F42076 /* NewsAPI.swift */,
				3CC173692340C7F800F42076 /* NewsProvider.swift */,
			);
			path = NewsAPI;
			sourceTree = "<group>";
		};
		3CC6FDB02305321E007352DB /* Base */ = {
			isa = PBXGroup;
			children = (
				3CC6FDB123053578007352DB /* MPBaseViewController.swift */,
			);
			path = Base;
			sourceTree = "<group>";
		};
		3CFC369F22F92FDC0058C322 /* More */ = {
			isa = PBXGroup;
			children = (
				3CFC36A022F92FED0058C322 /* MoreViewController.swift */,
			);
			path = More;
			sourceTree = "<group>";
		};
		3CFC36A222F957C00058C322 /* More */ = {
			isa = PBXGroup;
			children = (
				3CFC36A322F957DA0058C322 /* MoreTableViewCell.swift */,
			);
			path = More;
			sourceTree = "<group>";
		};
		3CFCF00522DED0A6006184CD /* TabBar */ = {
			isa = PBXGroup;
			children = (
				3CFCF00622DED10E006184CD /* TabBarViewController.swift */,
			);
			path = TabBar;
			sourceTree = "<group>";
		};
		3CFCF00C22DF1033006184CD /* Lobby */ = {
			isa = PBXGroup;
			children = (
				3CB70C2A233F095A00B76C08 /* LobbySessionCell */,
				3CB70C25233F092B00B76C08 /* LobbyNewsCell */,
				3CB70C24233F091B00B76C08 /* LobbyBannerCell */,
			);
			path = Lobby;
			sourceTree = "<group>";
		};
		49A6838F2153248100EC6EA7 /* MopconUITests */ = {
			isa = PBXGroup;
			children = (
				49A6839821532E4A00EC6EA7 /* SnapshotHelper.swift */,
				49A683902153248100EC6EA7 /* MopconUITests.swift */,
				49A683922153248100EC6EA7 /* Info.plist */,
			);
			path = MopconUITests;
			sourceTree = "<group>";
		};
		536688702305AFEA0036DFE5 /* FieldGame */ = {
			isa = PBXGroup;
			children = (
				3C7D65AE2316822500D0EEE2 /* FieldGameHeaderView.swift */,
				536688792305BFF90036DFE5 /* CompleteCell.swift */,
				5366887A2305BFF90036DFE5 /* CompleteCell.xib */,
				536688712305B0310036DFE5 /* GameStageCell.swift */,
				536688722305B0310036DFE5 /* GameStageCell.xib */,
				536688752305BC040036DFE5 /* PresentCell.swift */,
				536688762305BC040036DFE5 /* PresentCell.xib */,
				5366887D230847AC0036DFE5 /* NoticeView.swift */,
				5366887F230847BA0036DFE5 /* NoticeView.xib */,
			);
			path = FieldGame;
			sourceTree = "<group>";
		};
		53850932227D6A960083429A /* CommunityImageCollectionView */ = {
			isa = PBXGroup;
			children = (
				53850933227D6A960083429A /* CommunityImageCollectionViewCell.swift */,
			);
			path = CommunityImageCollectionView;
			sourceTree = "<group>";
		};
		53F83EA523238E5C003A35B8 /* FieldGameAPI */ = {
			isa = PBXGroup;
			children = (
				53F83EA623238E7B003A35B8 /* FieldGameAPI.swift */,
				53F83EAA2323A655003A35B8 /* FieldGameObject.swift */,
				53F83EAC2323A660003A35B8 /* FieldGameProvider.swift */,
			);
			path = FieldGameAPI;
			sourceTree = "<group>";
		};
		5E349C9B212270ED0060297A /* API */ = {
			isa = PBXGroup;
			children = (
				3CC173642340C75C00F42076 /* NewsAPI */,
				3C2160D2233B682F00EEF638 /* SpeakerAPI */,
				3C2160C7233B46F400EEF638 /* HomeAPI */,
				3C299ADD233A406B00E787F2 /* UnConference */,
				53F83EA523238E5C003A35B8 /* FieldGameAPI */,
				3C23D4CA231D26BE005E28E5 /* SessionAPI */,
				3C31E655230F872E00000518 /* HTTP */,
				3C31E679230FB4E500000518 /* Response */,
				3C31E67E230FE92600000518 /* Sponsor */,
				3C31E670230FA88900000518 /* GroupAPI */,
				3C31E661230F8EE200000518 /* InitialAPI */,
			);
			path = API;
			sourceTree = "<group>";
		};
		5E682E18213CFDF300FC37CF /* Storyboard */ = {
			isa = PBXGroup;
			children = (
				3C903F8222979AE600765CB2 /* Agenda.storyboard */,
				3CFC369D22F92F7B0058C322 /* More.storyboard */,
				3C903F8622979B0C00765CB2 /* Communication.storyboard */,
				3C903F8C22979B3700765CB2 /* Group.storyboard */,
				D633462520E8FFC60033E5B4 /* Lobby.storyboard */,
				3CFCF00322DECF9D006184CD /* Main.storyboard */,
				5E682E19213CFE4400FC37CF /* FieldGame.storyboard */,
				3C903F8E22979B4800765CB2 /* News.storyboard */,
				3C903F8A22979B2700765CB2 /* Speaker.storyboard */,
				3C903F8822979B1900765CB2 /* Sponsor.storyboard */,
			);
			path = Storyboard;
			sourceTree = "<group>";
		};
		5E682E1B213D014800FC37CF /* FieldGame */ = {
			isa = PBXGroup;
			children = (
				5E4A0045216F273B00C4A656 /* QRCodeViewController.swift */,
				3C7D65AC23167D2900D0EEE2 /* FieldGameViewController.swift */,
				3CEF494523192E4A002AEB65 /* RewardViewController.swift */,
				3CEF49432319259B002AEB65 /* StageViewController.swift */,
			);
			path = FieldGame;
			sourceTree = "<group>";
		};
		5E9FEEFE21294CAB0096B4A8 /* Exntension */ = {
			isa = PBXGroup;
			children = (
				5E349C9E21228A340060297A /* UIImageViewExtension.swift */,
				3CC6FDB32305365F007352DB /* StringExtension.swift */,
				3CFCF00822DEEFCB006184CD /* UIImageExtension.swift */,
				3CBDCF7222E1888500561D8D /* UIViewExtension.swift */,
				3CFCF00A22DEFBB2006184CD /* UIColorExtension.swift */,
				3C31E669230F9B3000000518 /* JSONDecoderExtension.swift */,
				3C31E66E230FA25700000518 /* UIViewControllerExtension.swift */,
				3C1DCD6D233F10E7005EEEC9 /* UITableViewExtension.swift */,
				3CC17362233F2E1900F42076 /* UICollectionViewExtension.swift */,
				532143E923464E0700C2B4BE /* URLExtension.swift */,
			);
			path = Exntension;
			sourceTree = "<group>";
		};
		960B7C1F8806742F9A864552 /* Pods */ = {
			isa = PBXGroup;
			children = (
				36A8ADA41F4B2FE3D1F03AD3 /* Pods-Mopcon.debug.xcconfig */,
				293FFEAF5ECBACAF171BB104 /* Pods-Mopcon.release.xcconfig */,
			);
			name = Pods;
			sourceTree = "<group>";
		};
		D6240CE220EC9A74002C89E7 /* SponsorsViewController */ = {
			isa = PBXGroup;
			children = (
				D6240CE020EC9A70002C89E7 /* SponsorHeaderView.swift */,
				D6240CE320EC9A8E002C89E7 /* SponsorSmallCollectionViewCell.swift */,
				5E349CA5212411200060297A /* SponsorDetailTableViewCell.swift */,
			);
			path = SponsorsViewController;
			sourceTree = "<group>";
		};
		D633461520E8FFC60033E5B4 = {
			isa = PBXGroup;
			children = (
				D633462020E8FFC60033E5B4 /* Mopcon */,
				49A6838F2153248100EC6EA7 /* MopconUITests */,
				D633461F20E8FFC60033E5B4 /* Products */,
				960B7C1F8806742F9A864552 /* Pods */,
				03F6A52C60EC4ABC5E9314F0 /* Frameworks */,
			);
			sourceTree = "<group>";
		};
		D633461F20E8FFC60033E5B4 /* Products */ = {
			isa = PBXGroup;
			children = (
				D633461E20E8FFC60033E5B4 /* Mopcon.app */,
				49A6838E2153248000EC6EA7 /* MopconUITests.xctest */,
			);
			name = Products;
			sourceTree = "<group>";
		};
		D633462020E8FFC60033E5B4 /* Mopcon */ = {
			isa = PBXGroup;
			children = (
				5EF59B97215CDF2800CF622C /* Mopcon.entitlements */,
				D633462120E8FFC60033E5B4 /* AppDelegate.swift */,
				5E349C9B212270ED0060297A /* API */,
				D6A67AB920EDF4BD00D4886E /* Model */,
				D633464020E9153E0033E5B4 /* Helper */,
				D633463620E914350033E5B4 /* Controller */,
				5E682E18213CFDF300FC37CF /* Storyboard */,
				D633463920E914550033E5B4 /* View */,
				D633462B20E8FFC70033E5B4 /* Assets.xcassets */,
				D633462D20E8FFC70033E5B4 /* LaunchScreen.storyboard */,
				D633463020E8FFC70033E5B4 /* Info.plist */,
				5EF59B9A215CEC3700CF622C /* GoogleService-Info.plist */,
				D633462820E8FFC60033E5B4 /* Mopcon.xcdatamodeld */,
			);
			path = Mopcon;
			sourceTree = "<group>";
		};
		D633463620E914350033E5B4 /* Controller */ = {
			isa = PBXGroup;
			children = (
				3CC6FDB02305321E007352DB /* Base */,
				3C31E664230F968E00000518 /* Entry */,
				3C9335BD22FBF2F800545A6E /* Group */,
				3CFC369F22F92FDC0058C322 /* More */,
				5E682E1B213D014800FC37CF /* FieldGame */,
				3CFCF00522DED0A6006184CD /* TabBar */,
				3C1229DB2334FAF100001760 /* Agenda */,
				3C2160CF233B637F00EEF638 /* Lobby */,
				3C2160CE233B635D00EEF638 /* Communication */,
				3C2160D1233B642500EEF638 /* News */,
				3C2160D0233B641600EEF638 /* Speaker */,
				3C0AD2E3233CCDC100193A4E /* Sponsor */,
			);
			path = Controller;
			sourceTree = "<group>";
		};
		D633463920E914550033E5B4 /* View */ = {
			isa = PBXGroup;
			children = (
				3C0AD2E4233CCDEF00193A4E /* Sponsor */,
				3C6A38DC2305A3C800B4546B /* Base */,
				D662A1A820EDB5F000316FE6 /* AgendaTableView */,
				D6EE629A20E9D0BF0043B68A /* Common */,
				53850932227D6A960083429A /* CommunityImageCollectionView */,
				536688702305AFEA0036DFE5 /* FieldGame */,
				3C3FFE9F22FAD6A700873416 /* Group */,
				3CFCF00C22DF1033006184CD /* Lobby */,
				D6EE629C20E9D0D50043B68A /* MainTableView */,
				3CFC36A222F957C00058C322 /* More */,
				D6EE629B20E9D0C70043B68A /* NewsTableView */,
				3C3FFE9822FAA89D00873416 /* Speaker */,
				D6B5166520EA062F003FA56F /* SpeakerTableView */,
				D6240CE220EC9A74002C89E7 /* SponsorsViewController */,
				3CB70C1D233DEA6F00B76C08 /* BuutonFactor */,
			);
			path = View;
			sourceTree = "<group>";
		};
		D633464020E9153E0033E5B4 /* Helper */ = {
			isa = PBXGroup;
			children = (
				3C31E65E230F8CE200000518 /* Constant */,
				3C31E66B230FA08800000518 /* MainThreadHelper */,
				D633463E20E914AD0033E5B4 /* CollectionViewCellKeyManager.swift */,
				D6F0BE6020F0610B0053A100 /* CommonFunctionHelper.swift */,
				5EF59B9C215DBCD200CF622C /* LoadingTool.swift */,
				D6EE629220E9C9270043B68A /* SegueManager.swift */,
				D6240CE520EC9ADC002C89E7 /* SponsorCollectionViewID.swift */,
				5E9FEEFF21294FD70096B4A8 /* UserDefaultsExtension.swift */,
				3C1229D92334C21300001760 /* DateFormatter.swift */,
				5E9FEEFE21294CAB0096B4A8 /* Exntension */,
				53F83EA82323931D003A35B8 /* KeychainTool.swift */,
			);
			path = Helper;
			sourceTree = "<group>";
		};
		D662A1A820EDB5F000316FE6 /* AgendaTableView */ = {
			isa = PBXGroup;
			children = (
				D662A1A420EDB5D600316FE6 /* BreakTableViewCell.swift */,
				D662A1A620EDB5EA00316FE6 /* ConferenceTableViewCell.swift */,
				5381B36B22F9EED200FEEC2C /* ConferenceTableViewCell.xib */,
			);
			path = AgendaTableView;
			sourceTree = "<group>";
		};
		D6A67AB920EDF4BD00D4886E /* Model */ = {
			isa = PBXGroup;
			children = (
				3CC1736B2340D1C400F42076 /* FavoriteManager.swift */,
				5E6CBDA0217BB9D60097D5E2 /* Wallet.swift */,
			);
			path = Model;
			sourceTree = "<group>";
		};
		D6B5166520EA062F003FA56F /* SpeakerTableView */ = {
			isa = PBXGroup;
			children = (
				D6B5166320EA062C003FA56F /* SpeakerTableViewCell.swift */,
			);
			path = SpeakerTableView;
			sourceTree = "<group>";
		};
		D6EE629A20E9D0BF0043B68A /* Common */ = {
			isa = PBXGroup;
			children = (
				D6EE629620E9CED20043B68A /* CustomCornerButton.swift */,
				3CBDCF7022E182F700561D8D /* SelectionView.swift */,
				D6555F2720EB2A83000816DF /* CustomSelectedButton.swift */,
				D6B5166820EA07A1003FA56F /* CornerImageView.swift */,
				D6555F3020EC7D97000816DF /* CornerBackgroundView.swift */,
			);
			path = Common;
			sourceTree = "<group>";
		};
		D6EE629B20E9D0C70043B68A /* NewsTableView */ = {
			isa = PBXGroup;
			children = (
				D6EE629820E9D0B00043B68A /* NewsTableViewCell.swift */,
			);
			path = NewsTableView;
			sourceTree = "<group>";
		};
		D6EE629C20E9D0D50043B68A /* MainTableView */ = {
			isa = PBXGroup;
			children = (
				D6EE629020E9C0C20043B68A /* MopconHeader.swift */,
				D633464120E936ED0033E5B4 /* BannerImageCell.swift */,
				D633463A20E914720033E5B4 /* NewsCollectionViewCell.swift */,
				D633463C20E914820033E5B4 /* GridCollectionViewCell.swift */,
				5E1753A92150BBBF00A5D4C5 /* LanguageCollectionViewCell.swift */,
			);
			path = MainTableView;
			sourceTree = "<group>";
		};
/* End PBXGroup section */

/* Begin PBXNativeTarget section */
		49A6838D2153248000EC6EA7 /* MopconUITests */ = {
			isa = PBXNativeTarget;
			buildConfigurationList = 49A683972153248100EC6EA7 /* Build configuration list for PBXNativeTarget "MopconUITests" */;
			buildPhases = (
				49A6838A2153248000EC6EA7 /* Sources */,
				49A6838B2153248000EC6EA7 /* Frameworks */,
				49A6838C2153248000EC6EA7 /* Resources */,
			);
			buildRules = (
			);
			dependencies = (
				49A683942153248100EC6EA7 /* PBXTargetDependency */,
			);
			name = MopconUITests;
			productName = MopconUITests;
			productReference = 49A6838E2153248000EC6EA7 /* MopconUITests.xctest */;
			productType = "com.apple.product-type.bundle.ui-testing";
		};
		D633461D20E8FFC60033E5B4 /* Mopcon */ = {
			isa = PBXNativeTarget;
			buildConfigurationList = D633463320E8FFC70033E5B4 /* Build configuration list for PBXNativeTarget "Mopcon" */;
			buildPhases = (
				3144AF88E0CC9BAF399D5C22 /* [CP] Check Pods Manifest.lock */,
				D633461A20E8FFC60033E5B4 /* Sources */,
				D633461B20E8FFC60033E5B4 /* Frameworks */,
				D633461C20E8FFC60033E5B4 /* Resources */,
				6B8B2D35D5FB2A6FE09AC128 /* [CP] Embed Pods Frameworks */,
				86D4B292D54B20D8BF9A3AE3 /* [CP] Copy Pods Resources */,
			);
			buildRules = (
			);
			dependencies = (
			);
			name = Mopcon;
			productName = Mopcon;
			productReference = D633461E20E8FFC60033E5B4 /* Mopcon.app */;
			productType = "com.apple.product-type.application";
		};
/* End PBXNativeTarget section */

/* Begin PBXProject section */
		D633461620E8FFC60033E5B4 /* Project object */ = {
			isa = PBXProject;
			attributes = {
				LastSwiftUpdateCheck = 1000;
				LastUpgradeCheck = 0940;
				ORGANIZATIONNAME = EthanLin;
				TargetAttributes = {
					49A6838D2153248000EC6EA7 = {
						CreatedOnToolsVersion = 10.0;
						LastSwiftMigration = 1020;
						TestTargetID = D633461D20E8FFC60033E5B4;
					};
					D633461D20E8FFC60033E5B4 = {
						CreatedOnToolsVersion = 9.4;
						LastSwiftMigration = 1020;
						SystemCapabilities = {
							com.apple.Push = {
								enabled = 1;
							};
						};
					};
				};
			};
			buildConfigurationList = D633461920E8FFC60033E5B4 /* Build configuration list for PBXProject "Mopcon" */;
			compatibilityVersion = "Xcode 9.3";
			developmentRegion = en;
			hasScannedForEncodings = 0;
			knownRegions = (
				en,
				Base,
			);
			mainGroup = D633461520E8FFC60033E5B4;
			productRefGroup = D633461F20E8FFC60033E5B4 /* Products */;
			projectDirPath = "";
			projectRoot = "";
			targets = (
				D633461D20E8FFC60033E5B4 /* Mopcon */,
				49A6838D2153248000EC6EA7 /* MopconUITests */,
			);
		};
/* End PBXProject section */

/* Begin PBXResourcesBuildPhase section */
		49A6838C2153248000EC6EA7 /* Resources */ = {
			isa = PBXResourcesBuildPhase;
			buildActionMask = 2147483647;
			files = (
			);
			runOnlyForDeploymentPostprocessing = 0;
		};
		D633461C20E8FFC60033E5B4 /* Resources */ = {
			isa = PBXResourcesBuildPhase;
			buildActionMask = 2147483647;
			files = (
				3C903F8D22979B3800765CB2 /* Group.storyboard in Resources */,
				3C903F8322979AE600765CB2 /* Agenda.storyboard in Resources */,
				3C903F8722979B0C00765CB2 /* Communication.storyboard in Resources */,
				3C903F8B22979B2700765CB2 /* Speaker.storyboard in Resources */,
				3C903F8922979B1900765CB2 /* Sponsor.storyboard in Resources */,
				536688782305BC040036DFE5 /* PresentCell.xib in Resources */,
				3CFC369E22F92F7B0058C322 /* More.storyboard in Resources */,
				D633462F20E8FFC70033E5B4 /* LaunchScreen.storyboard in Resources */,
				5381B36C22F9EED200FEEC2C /* ConferenceTableViewCell.xib in Resources */,
				3CB70C29233F095100B76C08 /* LobbyNewsCell.xib in Resources */,
				D633462C20E8FFC70033E5B4 /* Assets.xcassets in Resources */,
				3CB70C23233F091300B76C08 /* LobbyBannerCell.xib in Resources */,
				5EF59B9B215CEC3700CF622C /* GoogleService-Info.plist in Resources */,
				53668880230847BA0036DFE5 /* NoticeView.xib in Resources */,
				3C3FFEA322FAD6FE00873416 /* JoinVolunteerView.xib in Resources */,
				3CAC612A233CE4A8007DCCD9 /* SessionCollectionViewCell.xib in Resources */,
				5366887C2305BFFA0036DFE5 /* CompleteCell.xib in Resources */,
				3CFCF00422DECF9D006184CD /* Main.storyboard in Resources */,
				536688742305B0310036DFE5 /* GameStageCell.xib in Resources */,
				3C903F8F22979B4800765CB2 /* News.storyboard in Resources */,
				D633462720E8FFC60033E5B4 /* Lobby.storyboard in Resources */,
				5E682E1A213CFE4400FC37CF /* FieldGame.storyboard in Resources */,
				3CB70C2E233F09A900B76C08 /* LobbySessionCell.xib in Resources */,
			);
			runOnlyForDeploymentPostprocessing = 0;
		};
/* End PBXResourcesBuildPhase section */

/* Begin PBXShellScriptBuildPhase section */
		3144AF88E0CC9BAF399D5C22 /* [CP] Check Pods Manifest.lock */ = {
			isa = PBXShellScriptBuildPhase;
			buildActionMask = 2147483647;
			files = (
			);
			inputPaths = (
				"${PODS_PODFILE_DIR_PATH}/Podfile.lock",
				"${PODS_ROOT}/Manifest.lock",
			);
			name = "[CP] Check Pods Manifest.lock";
			outputPaths = (
				"$(DERIVED_FILE_DIR)/Pods-Mopcon-checkManifestLockResult.txt",
			);
			runOnlyForDeploymentPostprocessing = 0;
			shellPath = /bin/sh;
			shellScript = "diff \"${PODS_PODFILE_DIR_PATH}/Podfile.lock\" \"${PODS_ROOT}/Manifest.lock\" > /dev/null\nif [ $? != 0 ] ; then\n    # print error to STDERR\n    echo \"error: The sandbox is not in sync with the Podfile.lock. Run 'pod install' or update your CocoaPods installation.\" >&2\n    exit 1\nfi\n# This output is used by Xcode 'outputs' to avoid re-running this script phase.\necho \"SUCCESS\" > \"${SCRIPT_OUTPUT_FILE_0}\"\n";
			showEnvVarsInLog = 0;
		};
		6B8B2D35D5FB2A6FE09AC128 /* [CP] Embed Pods Frameworks */ = {
			isa = PBXShellScriptBuildPhase;
			buildActionMask = 2147483647;
			files = (
			);
			inputPaths = (
				"${SRCROOT}/Pods/Target Support Files/Pods-Mopcon/Pods-Mopcon-frameworks.sh",
				"${BUILT_PRODUCTS_DIR}/GoogleUtilities/GoogleUtilities.framework",
				"${BUILT_PRODUCTS_DIR}/Kingfisher/Kingfisher.framework",
				"${BUILT_PRODUCTS_DIR}/Protobuf/protobuf.framework",
				"${BUILT_PRODUCTS_DIR}/nanopb/nanopb.framework",
			);
			name = "[CP] Embed Pods Frameworks";
			outputPaths = (
				"${TARGET_BUILD_DIR}/${FRAMEWORKS_FOLDER_PATH}/GoogleUtilities.framework",
				"${TARGET_BUILD_DIR}/${FRAMEWORKS_FOLDER_PATH}/Kingfisher.framework",
				"${TARGET_BUILD_DIR}/${FRAMEWORKS_FOLDER_PATH}/protobuf.framework",
				"${TARGET_BUILD_DIR}/${FRAMEWORKS_FOLDER_PATH}/nanopb.framework",
			);
			runOnlyForDeploymentPostprocessing = 0;
			shellPath = /bin/sh;
			shellScript = "\"${SRCROOT}/Pods/Target Support Files/Pods-Mopcon/Pods-Mopcon-frameworks.sh\"\n";
			showEnvVarsInLog = 0;
		};
		86D4B292D54B20D8BF9A3AE3 /* [CP] Copy Pods Resources */ = {
			isa = PBXShellScriptBuildPhase;
			buildActionMask = 2147483647;
			files = (
			);
			inputFileListPaths = (
			);
			inputPaths = (
			);
			name = "[CP] Copy Pods Resources";
			outputFileListPaths = (
			);
			outputPaths = (
			);
			runOnlyForDeploymentPostprocessing = 0;
			shellPath = /bin/sh;
			shellScript = "\"${SRCROOT}/Pods/Target Support Files/Pods-Mopcon/Pods-Mopcon-resources.sh\"\n";
			showEnvVarsInLog = 0;
		};
/* End PBXShellScriptBuildPhase section */

/* Begin PBXSourcesBuildPhase section */
		49A6838A2153248000EC6EA7 /* Sources */ = {
			isa = PBXSourcesBuildPhase;
			buildActionMask = 2147483647;
			files = (
				49A683912153248100EC6EA7 /* MopconUITests.swift in Sources */,
				49A6839921532E4A00EC6EA7 /* SnapshotHelper.swift in Sources */,
			);
			runOnlyForDeploymentPostprocessing = 0;
		};
		D633461A20E8FFC60033E5B4 /* Sources */ = {
			isa = PBXSourcesBuildPhase;
			buildActionMask = 2147483647;
			files = (
				3C3FFE9A22FAA8E300873416 /* SpeakerView.swift in Sources */,
				3C31E672230FA8AC00000518 /* GroupAPI.swift in Sources */,
				D6240CE620EC9ADC002C89E7 /* SponsorCollectionViewID.swift in Sources */,
				3C31E678230FB3EE00000518 /* GroupProvider.swift in Sources */,
				5E349CA6212411200060297A /* SponsorDetailTableViewCell.swift in Sources */,
				3CB70C22233F091300B76C08 /* LobbyBannerCell.swift in Sources */,
				D6B5166920EA07A1003FA56F /* CornerImageView.swift in Sources */,
				D633463D20E914820033E5B4 /* GridCollectionViewCell.swift in Sources */,
				3C8C357623069B4000D04CB0 /* VolunteerDetailViewController.swift in Sources */,
				3C0AD2E8233CCE3200193A4E /* SponsorAboutCell.swift in Sources */,
				3C31E66A230F9B3000000518 /* JSONDecoderExtension.swift in Sources */,
				3C31E65D230F8AF800000518 /* HTTPClientExtenstion.swift in Sources */,
				3C6A38DE2305A3F200B4546B /* MPTagView.swift in Sources */,
				D633464220E936ED0033E5B4 /* BannerImageCell.swift in Sources */,
				D6555F2620EB1F27000816DF /* SpeakerDetailViewController.swift in Sources */,
				D633462420E8FFC60033E5B4 /* LobbyViewController.swift in Sources */,
				3CB70C28233F095100B76C08 /* LobbyNewsCell.swift in Sources */,
				5E349C9F21228A340060297A /* UIImageViewExtension.swift in Sources */,
				536688772305BC040036DFE5 /* PresentCell.swift in Sources */,
				D6555F3120EC7D97000816DF /* CornerBackgroundView.swift in Sources */,
				3CFC36A122F92FED0058C322 /* MoreViewController.swift in Sources */,
				3C31E668230F97B000000518 /* ResponseResultType.swift in Sources */,
				D62D30D520ED06F300BBDF5E /* AgendaViewController.swift in Sources */,
				3C3FFE9C22FAA8F800873416 /* SpeakerDetailView.swift in Sources */,
				D6EE629720E9CED20043B68A /* CustomCornerButton.swift in Sources */,
				5E9FEF0021294FD70096B4A8 /* UserDefaultsExtension.swift in Sources */,
				D6240CE120EC9A70002C89E7 /* SponsorHeaderView.swift in Sources */,
				D6B5166220EA0607003FA56F /* SpeakersViewController.swift in Sources */,
				3C31E660230F8CF900000518 /* MPConstant.swift in Sources */,
				3C31E663230F8F1400000518 /* ConfigObject.swift in Sources */,
				3CEF49442319259B002AEB65 /* StageViewController.swift in Sources */,
				5E1753AA2150BBBF00A5D4C5 /* LanguageCollectionViewCell.swift in Sources */,
				D662A1A520EDB5D600316FE6 /* BreakTableViewCell.swift in Sources */,
				3CFC36A422F957DA0058C322 /* MoreTableViewCell.swift in Sources */,
				D6EE629920E9D0B00043B68A /* NewsTableViewCell.swift in Sources */,
				53850934227D6A960083429A /* CommunityImageCollectionViewCell.swift in Sources */,
				3C31E680230FE94D00000518 /* SponsorAPI.swift in Sources */,
				D6555F3320EC8397000816DF /* VolunteerViewController.swift in Sources */,
				3CC17363233F2E1900F42076 /* UICollectionViewExtension.swift in Sources */,
				3C31E674230FA9E400000518 /* GroupObject.swift in Sources */,
				3C31E66F230FA25700000518 /* UIViewControllerExtension.swift in Sources */,
				3C7D65AD23167D2900D0EEE2 /* FieldGameViewController.swift in Sources */,
				D6555F2F20EC783A000816DF /* GroupHostDetailViewController.swift in Sources */,
				3CC1736A2340C7F800F42076 /* NewsProvider.swift in Sources */,
				53F83EA92323931D003A35B8 /* KeychainTool.swift in Sources */,
				3CB70C1C233DEA6400B76C08 /* ButtonFactor.swift in Sources */,
				D6EE629120E9C0C20043B68A /* MopconHeader.swift in Sources */,
				D6A67ABB20EE029C00D4886E /* CommunicationViewController.swift in Sources */,
				3CFCF00922DEEFCB006184CD /* UIImageExtension.swift in Sources */,
				3C1DCD6E233F10E7005EEEC9 /* UITableViewExtension.swift in Sources */,
				3C31E676230FB3C400000518 /* InitialProvider.swift in Sources */,
				5E6CBDA1217BB9D60097D5E2 /* Wallet.swift in Sources */,
				3CC173662340C76D00F42076 /* NewsObject.swift in Sources */,
				3C5FF12623352B6B00D82CC6 /* MPBaseSessionViewController.swift in Sources */,
				3CC6FDB223053578007352DB /* MPBaseViewController.swift in Sources */,
				3C299AE1233A409F00E787F2 /* UnConfProvider.swift in Sources */,
				3C31E67B230FB4F400000518 /* Response.swift in Sources */,
				5366887B2305BFFA0036DFE5 /* CompleteCell.swift in Sources */,
				D6555F2A20EC619F000816DF /* GroupHostViewController.swift in Sources */,
				3C299ADF233A408500E787F2 /* UnConfAPI.swift in Sources */,
				3CEF494623192E4A002AEB65 /* RewardViewController.swift in Sources */,
				D6F0BE6920F0A02B0053A100 /* ConferenceDetailViewController.swift in Sources */,
				3C9335BF22FBF31E00545A6E /* GroupBaseViewController.swift in Sources */,
				D6EE629520E9CAFE0043B68A /* NewsViewController.swift in Sources */,
				D6B5166020EA00FC003FA56F /* GroupViewController.swift in Sources */,
				536688732305B0310036DFE5 /* GameStageCell.swift in Sources */,
				3C31E682230FEC0F00000518 /* SponsorProvider.swift in Sources */,
				3CB70C2D233F09A900B76C08 /* LobbySessionCell.swift in Sources */,
				3C31E65B230F8ABB00000518 /* InitialAPI.swift in Sources */,
				3CC173682340C7ED00F42076 /* NewsAPI.swift in Sources */,
				5EF59B9D215DBCD200CF622C /* LoadingTool.swift in Sources */,
				3CAC6126233CCF16007DCCD9 /* SponsorSpeechCell.swift in Sources */,
				3C23D4D0231D3DB1005E28E5 /* SessionProvider.swift in Sources */,
				D6240CDF20EC98AD002C89E7 /* SponsorsViewController.swift in Sources */,
				D633462A20E8FFC60033E5B4 /* Mopcon.xcdatamodeld in Sources */,
				3C23D4CE231D299D005E28E5 /* SessionObject.swift in Sources */,
				3C2160CB233B471D00EEF638 /* HomeObject.swift in Sources */,
				3CC1736C2340D1C400F42076 /* FavoriteManager.swift in Sources */,
				5E4A0046216F273B00C4A656 /* QRCodeViewController.swift in Sources */,
				3CC6FDB42305365F007352DB /* StringExtension.swift in Sources */,
				D6B5166420EA062C003FA56F /* SpeakerTableViewCell.swift in Sources */,
				3C2160D4233B684100EEF638 /* SpeakerProvider.swift in Sources */,
				3CAC6129233CE4A8007DCCD9 /* SessionCollectionViewCell.swift in Sources */,
				3CBDCF7322E1888500561D8D /* UIViewExtension.swift in Sources */,
				53F83EAD2323A660003A35B8 /* FieldGameProvider.swift in Sources */,
				53F83EAB2323A655003A35B8 /* FieldGameObject.swift in Sources */,
				3C31E66D230FA0B500000518 /* MainThreadHelper.swift in Sources */,
				D6F0BE6120F0610B0053A100 /* CommonFunctionHelper.swift in Sources */,
				D633463F20E914AD0033E5B4 /* CollectionViewCellKeyManager.swift in Sources */,
				3C2160D8233B685500EEF638 /* SpeakerAPI.swift in Sources */,
				3CFCF00722DED10E006184CD /* TabBarViewController.swift in Sources */,
				3CF0FB7C233A3EB700D9794E /* UnConferenceViewController.swift in Sources */,
				D6EE629320E9C9270043B68A /* SegueManager.swift in Sources */,
				3C3FFEA122FAD6E300873416 /* JoinVolunteerView.swift in Sources */,
				D633462220E8FFC60033E5B4 /* AppDelegate.swift in Sources */,
				3C7D65AF2316822500D0EEE2 /* FieldGameHeaderView.swift in Sources */,
				D633463B20E914720033E5B4 /* NewsCollectionViewCell.swift in Sources */,
				3C3FFE9E22FAA90E00873416 /* SpeakerTalkInfoView.swift in Sources */,
				D6555F2820EB2A83000816DF /* CustomSelectedButton.swift in Sources */,
				53F83EA723238E7B003A35B8 /* FieldGameAPI.swift in Sources */,
				3CBDCF7122E182F700561D8D /* SelectionView.swift in Sources */,
				3C2160D6233B684B00EEF638 /* SpeakerObject.swift in Sources */,
				3C31E684230FEC3000000518 /* SponsorObject.swift in Sources */,
				5366887E230847AC0036DFE5 /* NoticeView.swift in Sources */,
				3C31E666230F971E00000518 /* EntryViewController.swift in Sources */,
				D6240CE420EC9A8E002C89E7 /* SponsorSmallCollectionViewCell.swift in Sources */,
				3CFCF00B22DEFBB2006184CD /* UIColorExtension.swift in Sources */,
				532143EA23464E0700C2B4BE /* URLExtension.swift in Sources */,
				3C0AD2E6233CCE1D00193A4E /* SponsorInfoCell.swift in Sources */,
				3C2160C9233B470E00EEF638 /* HomeProvider.swift in Sources */,
				3C1229DA2334C21300001760 /* DateFormatter.swift in Sources */,
				3C299AE3233A4CB100E787F2 /* FavoriteViewController.swift in Sources */,
				3C31E67D230FC41E00000518 /* VolunteerObject.swift in Sources */,
				D662A1A720EDB5EA00316FE6 /* ConferenceTableViewCell.swift in Sources */,
				3C23D4CC231D272B005E28E5 /* SessionAPI.swift in Sources */,
				3C31E657230F872E00000518 /* HTTPClient.swift in Sources */,
				3C5FF12423352AE500D82CC6 /* SessionsViewController.swift in Sources */,
				3C2160CD233B472B00EEF638 /* HomeAPI.swift in Sources */,
				D6240CEA20ECABED002C89E7 /* SponsorDetailViewController.swift in Sources */,
			);
			runOnlyForDeploymentPostprocessing = 0;
		};
/* End PBXSourcesBuildPhase section */

/* Begin PBXTargetDependency section */
		49A683942153248100EC6EA7 /* PBXTargetDependency */ = {
			isa = PBXTargetDependency;
			target = D633461D20E8FFC60033E5B4 /* Mopcon */;
			targetProxy = 49A683932153248100EC6EA7 /* PBXContainerItemProxy */;
		};
/* End PBXTargetDependency section */

/* Begin PBXVariantGroup section */
		D633462520E8FFC60033E5B4 /* Lobby.storyboard */ = {
			isa = PBXVariantGroup;
			children = (
				D633462620E8FFC60033E5B4 /* Base */,
			);
			name = Lobby.storyboard;
			sourceTree = "<group>";
		};
		D633462D20E8FFC70033E5B4 /* LaunchScreen.storyboard */ = {
			isa = PBXVariantGroup;
			children = (
				D633462E20E8FFC70033E5B4 /* Base */,
			);
			name = LaunchScreen.storyboard;
			sourceTree = "<group>";
		};
/* End PBXVariantGroup section */

/* Begin XCBuildConfiguration section */
		49A683952153248100EC6EA7 /* Debug */ = {
			isa = XCBuildConfiguration;
			buildSettings = {
				CODE_SIGN_STYLE = Automatic;
				DEFINES_MODULE = YES;
				DEVELOPMENT_TEAM = JA387Z4D7Q;
				INFOPLIST_FILE = MopconUITests/Info.plist;
				IPHONEOS_DEPLOYMENT_TARGET = 12.0;
				LD_RUNPATH_SEARCH_PATHS = (
					"$(inherited)",
					"@executable_path/Frameworks",
					"@loader_path/Frameworks",
				);
				MTL_ENABLE_DEBUG_INFO = INCLUDE_SOURCE;
				MTL_FAST_MATH = YES;
				PRODUCT_BUNDLE_IDENTIFIER = tech.deepthought.MopconUITests;
				PRODUCT_NAME = "$(TARGET_NAME)";
				SWIFT_VERSION = 5.0;
				TARGETED_DEVICE_FAMILY = "1,2";
				TEST_TARGET_NAME = Mopcon;
			};
			name = Debug;
		};
		49A683962153248100EC6EA7 /* Release */ = {
			isa = XCBuildConfiguration;
			buildSettings = {
				CODE_SIGN_STYLE = Automatic;
				DEFINES_MODULE = YES;
				DEVELOPMENT_TEAM = JA387Z4D7Q;
				INFOPLIST_FILE = MopconUITests/Info.plist;
				IPHONEOS_DEPLOYMENT_TARGET = 12.0;
				LD_RUNPATH_SEARCH_PATHS = (
					"$(inherited)",
					"@executable_path/Frameworks",
					"@loader_path/Frameworks",
				);
				MTL_FAST_MATH = YES;
				PRODUCT_BUNDLE_IDENTIFIER = tech.deepthought.MopconUITests;
				PRODUCT_NAME = "$(TARGET_NAME)";
				SWIFT_VERSION = 5.0;
				TARGETED_DEVICE_FAMILY = "1,2";
				TEST_TARGET_NAME = Mopcon;
			};
			name = Release;
		};
		D633463120E8FFC70033E5B4 /* Debug */ = {
			isa = XCBuildConfiguration;
			buildSettings = {
				ALWAYS_SEARCH_USER_PATHS = NO;
				CLANG_ANALYZER_NONNULL = YES;
				CLANG_ANALYZER_NUMBER_OBJECT_CONVERSION = YES_AGGRESSIVE;
				CLANG_CXX_LANGUAGE_STANDARD = "gnu++14";
				CLANG_CXX_LIBRARY = "libc++";
				CLANG_ENABLE_MODULES = YES;
				CLANG_ENABLE_OBJC_ARC = YES;
				CLANG_ENABLE_OBJC_WEAK = YES;
				CLANG_WARN_BLOCK_CAPTURE_AUTORELEASING = YES;
				CLANG_WARN_BOOL_CONVERSION = YES;
				CLANG_WARN_COMMA = YES;
				CLANG_WARN_CONSTANT_CONVERSION = YES;
				CLANG_WARN_DEPRECATED_OBJC_IMPLEMENTATIONS = YES;
				CLANG_WARN_DIRECT_OBJC_ISA_USAGE = YES_ERROR;
				CLANG_WARN_DOCUMENTATION_COMMENTS = YES;
				CLANG_WARN_EMPTY_BODY = YES;
				CLANG_WARN_ENUM_CONVERSION = YES;
				CLANG_WARN_INFINITE_RECURSION = YES;
				CLANG_WARN_INT_CONVERSION = YES;
				CLANG_WARN_NON_LITERAL_NULL_CONVERSION = YES;
				CLANG_WARN_OBJC_IMPLICIT_RETAIN_SELF = YES;
				CLANG_WARN_OBJC_LITERAL_CONVERSION = YES;
				CLANG_WARN_OBJC_ROOT_CLASS = YES_ERROR;
				CLANG_WARN_RANGE_LOOP_ANALYSIS = YES;
				CLANG_WARN_STRICT_PROTOTYPES = YES;
				CLANG_WARN_SUSPICIOUS_MOVE = YES;
				CLANG_WARN_UNGUARDED_AVAILABILITY = YES_AGGRESSIVE;
				CLANG_WARN_UNREACHABLE_CODE = YES;
				CLANG_WARN__DUPLICATE_METHOD_MATCH = YES;
				CODE_SIGN_IDENTITY = "iPhone Developer";
				COPY_PHASE_STRIP = NO;
				CURRENT_PROJECT_VERSION = 201810311055;
				DEBUG_INFORMATION_FORMAT = dwarf;
				ENABLE_STRICT_OBJC_MSGSEND = YES;
				ENABLE_TESTABILITY = YES;
				GCC_C_LANGUAGE_STANDARD = gnu11;
				GCC_DYNAMIC_NO_PIC = NO;
				GCC_NO_COMMON_BLOCKS = YES;
				GCC_OPTIMIZATION_LEVEL = 0;
				GCC_PREPROCESSOR_DEFINITIONS = (
					"DEBUG=1",
					"$(inherited)",
				);
				GCC_WARN_64_TO_32_BIT_CONVERSION = YES;
				GCC_WARN_ABOUT_RETURN_TYPE = YES_ERROR;
				GCC_WARN_UNDECLARED_SELECTOR = YES;
				GCC_WARN_UNINITIALIZED_AUTOS = YES_AGGRESSIVE;
				GCC_WARN_UNUSED_FUNCTION = YES;
				GCC_WARN_UNUSED_VARIABLE = YES;
				IPHONEOS_DEPLOYMENT_TARGET = 11.4;
				MTL_ENABLE_DEBUG_INFO = YES;
				ONLY_ACTIVE_ARCH = YES;
				SDKROOT = iphoneos;
				SWIFT_ACTIVE_COMPILATION_CONDITIONS = DEBUG;
				SWIFT_OPTIMIZATION_LEVEL = "-Onone";
				VERSIONING_SYSTEM = "apple-generic";
			};
			name = Debug;
		};
		D633463220E8FFC70033E5B4 /* Release */ = {
			isa = XCBuildConfiguration;
			buildSettings = {
				ALWAYS_SEARCH_USER_PATHS = NO;
				CLANG_ANALYZER_NONNULL = YES;
				CLANG_ANALYZER_NUMBER_OBJECT_CONVERSION = YES_AGGRESSIVE;
				CLANG_CXX_LANGUAGE_STANDARD = "gnu++14";
				CLANG_CXX_LIBRARY = "libc++";
				CLANG_ENABLE_MODULES = YES;
				CLANG_ENABLE_OBJC_ARC = YES;
				CLANG_ENABLE_OBJC_WEAK = YES;
				CLANG_WARN_BLOCK_CAPTURE_AUTORELEASING = YES;
				CLANG_WARN_BOOL_CONVERSION = YES;
				CLANG_WARN_COMMA = YES;
				CLANG_WARN_CONSTANT_CONVERSION = YES;
				CLANG_WARN_DEPRECATED_OBJC_IMPLEMENTATIONS = YES;
				CLANG_WARN_DIRECT_OBJC_ISA_USAGE = YES_ERROR;
				CLANG_WARN_DOCUMENTATION_COMMENTS = YES;
				CLANG_WARN_EMPTY_BODY = YES;
				CLANG_WARN_ENUM_CONVERSION = YES;
				CLANG_WARN_INFINITE_RECURSION = YES;
				CLANG_WARN_INT_CONVERSION = YES;
				CLANG_WARN_NON_LITERAL_NULL_CONVERSION = YES;
				CLANG_WARN_OBJC_IMPLICIT_RETAIN_SELF = YES;
				CLANG_WARN_OBJC_LITERAL_CONVERSION = YES;
				CLANG_WARN_OBJC_ROOT_CLASS = YES_ERROR;
				CLANG_WARN_RANGE_LOOP_ANALYSIS = YES;
				CLANG_WARN_STRICT_PROTOTYPES = YES;
				CLANG_WARN_SUSPICIOUS_MOVE = YES;
				CLANG_WARN_UNGUARDED_AVAILABILITY = YES_AGGRESSIVE;
				CLANG_WARN_UNREACHABLE_CODE = YES;
				CLANG_WARN__DUPLICATE_METHOD_MATCH = YES;
				CODE_SIGN_IDENTITY = "iPhone Developer";
				COPY_PHASE_STRIP = NO;
				CURRENT_PROJECT_VERSION = 201810311055;
				DEBUG_INFORMATION_FORMAT = "dwarf-with-dsym";
				ENABLE_NS_ASSERTIONS = NO;
				ENABLE_STRICT_OBJC_MSGSEND = YES;
				GCC_C_LANGUAGE_STANDARD = gnu11;
				GCC_NO_COMMON_BLOCKS = YES;
				GCC_WARN_64_TO_32_BIT_CONVERSION = YES;
				GCC_WARN_ABOUT_RETURN_TYPE = YES_ERROR;
				GCC_WARN_UNDECLARED_SELECTOR = YES;
				GCC_WARN_UNINITIALIZED_AUTOS = YES_AGGRESSIVE;
				GCC_WARN_UNUSED_FUNCTION = YES;
				GCC_WARN_UNUSED_VARIABLE = YES;
				IPHONEOS_DEPLOYMENT_TARGET = 11.4;
				MTL_ENABLE_DEBUG_INFO = NO;
				SDKROOT = iphoneos;
				SWIFT_COMPILATION_MODE = wholemodule;
				SWIFT_OPTIMIZATION_LEVEL = "-O";
				VALIDATE_PRODUCT = YES;
				VERSIONING_SYSTEM = "apple-generic";
			};
			name = Release;
		};
		D633463420E8FFC70033E5B4 /* Debug */ = {
			isa = XCBuildConfiguration;
			baseConfigurationReference = 36A8ADA41F4B2FE3D1F03AD3 /* Pods-Mopcon.debug.xcconfig */;
			buildSettings = {
				ASSETCATALOG_COMPILER_APPICON_NAME = AppIcon;
				CLANG_ENABLE_MODULES = YES;
				CODE_SIGN_ENTITLEMENTS = Mopcon/MopconDebug.entitlements;
				CODE_SIGN_IDENTITY = "Apple Development";
				CODE_SIGN_STYLE = Automatic;
				CURRENT_PROJECT_VERSION = 20190930;
				DEVELOPMENT_TEAM = P8GYHF5M8B;
				INFOPLIST_FILE = Mopcon/Info.plist;
				IPHONEOS_DEPLOYMENT_TARGET = 10.3;
				LD_RUNPATH_SEARCH_PATHS = (
					"$(inherited)",
					"@executable_path/Frameworks",
				);
				PRODUCT_BUNDLE_IDENTIFIER = org.mopcon.session.app;
				PRODUCT_NAME = "$(TARGET_NAME)";
				PROVISIONING_PROFILE_SPECIFIER = "";
				SWIFT_OPTIMIZATION_LEVEL = "-Onone";
				SWIFT_VERSION = 5.0;
				TARGETED_DEVICE_FAMILY = "1,2";
			};
			name = Debug;
		};
		D633463520E8FFC70033E5B4 /* Release */ = {
			isa = XCBuildConfiguration;
			baseConfigurationReference = 293FFEAF5ECBACAF171BB104 /* Pods-Mopcon.release.xcconfig */;
			buildSettings = {
				ASSETCATALOG_COMPILER_APPICON_NAME = AppIcon;
				CLANG_ENABLE_MODULES = YES;
				CODE_SIGN_ENTITLEMENTS = Mopcon/Mopcon.entitlements;
				CODE_SIGN_IDENTITY = "Apple Development";
				CODE_SIGN_STYLE = Automatic;
				CURRENT_PROJECT_VERSION = 20190930;
				DEVELOPMENT_TEAM = P8GYHF5M8B;
				INFOPLIST_FILE = Mopcon/Info.plist;
				IPHONEOS_DEPLOYMENT_TARGET = 10.3;
				LD_RUNPATH_SEARCH_PATHS = (
					"$(inherited)",
					"@executable_path/Frameworks",
				);
				PRODUCT_BUNDLE_IDENTIFIER = org.mopcon.session.app;
				PRODUCT_NAME = "$(TARGET_NAME)";
				PROVISIONING_PROFILE_SPECIFIER = "";
				SWIFT_VERSION = 5.0;
				TARGETED_DEVICE_FAMILY = "1,2";
			};
			name = Release;
		};
/* End XCBuildConfiguration section */

/* Begin XCConfigurationList section */
		49A683972153248100EC6EA7 /* Build configuration list for PBXNativeTarget "MopconUITests" */ = {
			isa = XCConfigurationList;
			buildConfigurations = (
				49A683952153248100EC6EA7 /* Debug */,
				49A683962153248100EC6EA7 /* Release */,
			);
			defaultConfigurationIsVisible = 0;
			defaultConfigurationName = Release;
		};
		D633461920E8FFC60033E5B4 /* Build configuration list for PBXProject "Mopcon" */ = {
			isa = XCConfigurationList;
			buildConfigurations = (
				D633463120E8FFC70033E5B4 /* Debug */,
				D633463220E8FFC70033E5B4 /* Release */,
			);
			defaultConfigurationIsVisible = 0;
			defaultConfigurationName = Release;
		};
		D633463320E8FFC70033E5B4 /* Build configuration list for PBXNativeTarget "Mopcon" */ = {
			isa = XCConfigurationList;
			buildConfigurations = (
				D633463420E8FFC70033E5B4 /* Debug */,
				D633463520E8FFC70033E5B4 /* Release */,
			);
			defaultConfigurationIsVisible = 0;
			defaultConfigurationName = Release;
		};
/* End XCConfigurationList section */

/* Begin XCVersionGroup section */
		D633462820E8FFC60033E5B4 /* Mopcon.xcdatamodeld */ = {
			isa = XCVersionGroup;
			children = (
				D633462920E8FFC60033E5B4 /* Mopcon.xcdatamodel */,
			);
			currentVersion = D633462920E8FFC60033E5B4 /* Mopcon.xcdatamodel */;
			path = Mopcon.xcdatamodeld;
			sourceTree = "<group>";
			versionGroupType = wrapper.xcdatamodel;
		};
/* End XCVersionGroup section */
	};
	rootObject = D633461620E8FFC60033E5B4 /* Project object */;
}
