// !$*UTF8*$!
{
	archiveVersion = 1;
	classes = {
	};
	objectVersion = 50;
	objects = {

/* Begin PBXBuildFile section */
		3C903F8322979AE600765CB2 /* Agenda.storyboard in Resources */ = {isa = PBXBuildFile; fileRef = 3C903F8222979AE600765CB2 /* Agenda.storyboard */; };
		3C903F8522979AFB00765CB2 /* Schedual.storyboard in Resources */ = {isa = PBXBuildFile; fileRef = 3C903F8422979AFB00765CB2 /* Schedual.storyboard */; };
		3C903F8722979B0C00765CB2 /* Communication.storyboard in Resources */ = {isa = PBXBuildFile; fileRef = 3C903F8622979B0C00765CB2 /* Communication.storyboard */; };
		3C903F8922979B1900765CB2 /* Sponsor.storyboard in Resources */ = {isa = PBXBuildFile; fileRef = 3C903F8822979B1900765CB2 /* Sponsor.storyboard */; };
		3C903F8B22979B2700765CB2 /* Speaker.storyboard in Resources */ = {isa = PBXBuildFile; fileRef = 3C903F8A22979B2700765CB2 /* Speaker.storyboard */; };
		3C903F8D22979B3800765CB2 /* Group.storyboard in Resources */ = {isa = PBXBuildFile; fileRef = 3C903F8C22979B3700765CB2 /* Group.storyboard */; };
		3C903F8F22979B4800765CB2 /* News.storyboard in Resources */ = {isa = PBXBuildFile; fileRef = 3C903F8E22979B4800765CB2 /* News.storyboard */; };
		3CBDCF7122E182F700561D8D /* SelectionView.swift in Sources */ = {isa = PBXBuildFile; fileRef = 3CBDCF7022E182F700561D8D /* SelectionView.swift */; };
		3CBDCF7322E1888500561D8D /* UIViewExtension.swift in Sources */ = {isa = PBXBuildFile; fileRef = 3CBDCF7222E1888500561D8D /* UIViewExtension.swift */; };
		3CFCF00422DECF9D006184CD /* Main.storyboard in Resources */ = {isa = PBXBuildFile; fileRef = 3CFCF00322DECF9D006184CD /* Main.storyboard */; };
		3CFCF00722DED10E006184CD /* TabBarViewController.swift in Sources */ = {isa = PBXBuildFile; fileRef = 3CFCF00622DED10E006184CD /* TabBarViewController.swift */; };
		3CFCF00922DEEFCB006184CD /* UIImageExtension.swift in Sources */ = {isa = PBXBuildFile; fileRef = 3CFCF00822DEEFCB006184CD /* UIImageExtension.swift */; };
		3CFCF00B22DEFBB2006184CD /* UIColorExtension.swift in Sources */ = {isa = PBXBuildFile; fileRef = 3CFCF00A22DEFBB2006184CD /* UIColorExtension.swift */; };
		3CFCF01022DF106F006184CD /* LobbyCollectionViewCell.swift in Sources */ = {isa = PBXBuildFile; fileRef = 3CFCF00E22DF106F006184CD /* LobbyCollectionViewCell.swift */; };
		3CFCF01122DF106F006184CD /* LobbyCollectionViewCell.xib in Resources */ = {isa = PBXBuildFile; fileRef = 3CFCF00F22DF106F006184CD /* LobbyCollectionViewCell.xib */; };
		49A683912153248100EC6EA7 /* MopconUITests.swift in Sources */ = {isa = PBXBuildFile; fileRef = 49A683902153248100EC6EA7 /* MopconUITests.swift */; };
		49A6839921532E4A00EC6EA7 /* SnapshotHelper.swift in Sources */ = {isa = PBXBuildFile; fileRef = 49A6839821532E4A00EC6EA7 /* SnapshotHelper.swift */; };
		53652B482296F0E0003131BC /* Quiz.json in Resources */ = {isa = PBXBuildFile; fileRef = 53652B472296F0E0003131BC /* Quiz.json */; };
		53652B4A2296F10A003131BC /* BoothMission.json in Resources */ = {isa = PBXBuildFile; fileRef = 53652B492296F10A003131BC /* BoothMission.json */; };
		53850930227D69480083429A /* VolunteerTableViewCell.swift in Sources */ = {isa = PBXBuildFile; fileRef = 5385092F227D69480083429A /* VolunteerTableViewCell.swift */; };
		53850934227D6A960083429A /* CommunityImageCollectionViewCell.swift in Sources */ = {isa = PBXBuildFile; fileRef = 53850933227D6A960083429A /* CommunityImageCollectionViewCell.swift */; };
		5E1753AA2150BBBF00A5D4C5 /* LanguageCollectionViewCell.swift in Sources */ = {isa = PBXBuildFile; fileRef = 5E1753A92150BBBF00A5D4C5 /* LanguageCollectionViewCell.swift */; };
		5E1753AC2150D4BA00A5D4C5 /* MopconAPI.swift in Sources */ = {isa = PBXBuildFile; fileRef = 5E1753AB2150D4BA00A5D4C5 /* MopconAPI.swift */; };
		5E1DC75F214946CB00F953F8 /* Volunteer.swift in Sources */ = {isa = PBXBuildFile; fileRef = 5E1DC75E214946CB00F953F8 /* Volunteer.swift */; };
		5E1DC761214948AA00F953F8 /* VolunteerAPI.swift in Sources */ = {isa = PBXBuildFile; fileRef = 5E1DC760214948AA00F953F8 /* VolunteerAPI.swift */; };
		5E2EC574215A150300EEA680 /* Quiz.swift in Sources */ = {isa = PBXBuildFile; fileRef = 5E2EC573215A150300EEA680 /* Quiz.swift */; };
		5E349C9021225CE10060297A /* Schedule.swift in Sources */ = {isa = PBXBuildFile; fileRef = 5E349C8F21225CE10060297A /* Schedule.swift */; };
		5E349C94212270650060297A /* Speaker.swift in Sources */ = {isa = PBXBuildFile; fileRef = 5E349C93212270650060297A /* Speaker.swift */; };
		5E349C96212270A20060297A /* Schedule_unconf.swift in Sources */ = {isa = PBXBuildFile; fileRef = 5E349C95212270A20060297A /* Schedule_unconf.swift */; };
		5E349C98212270BA0060297A /* Sponsor.swift in Sources */ = {isa = PBXBuildFile; fileRef = 5E349C97212270BA0060297A /* Sponsor.swift */; };
		5E349C9A212270E00060297A /* Community.swift in Sources */ = {isa = PBXBuildFile; fileRef = 5E349C99212270E00060297A /* Community.swift */; };
		5E349C9D212271890060297A /* ScheduleAPI.swift in Sources */ = {isa = PBXBuildFile; fileRef = 5E349C9C212271890060297A /* ScheduleAPI.swift */; };
		5E349C9F21228A340060297A /* UIImageViewExtension.swift in Sources */ = {isa = PBXBuildFile; fileRef = 5E349C9E21228A340060297A /* UIImageViewExtension.swift */; };
		5E349CA12123015F0060297A /* SpeakersAPI.swift in Sources */ = {isa = PBXBuildFile; fileRef = 5E349CA02123015F0060297A /* SpeakersAPI.swift */; };
		5E349CA3212315C90060297A /* SponsorsAPI.swift in Sources */ = {isa = PBXBuildFile; fileRef = 5E349CA2212315C90060297A /* SponsorsAPI.swift */; };
		5E349CA6212411200060297A /* SponsorDetailTableViewCell.swift in Sources */ = {isa = PBXBuildFile; fileRef = 5E349CA5212411200060297A /* SponsorDetailTableViewCell.swift */; };
		5E349CA8212411570060297A /* SponsorTableViewCellID.swift in Sources */ = {isa = PBXBuildFile; fileRef = 5E349CA7212411570060297A /* SponsorTableViewCellID.swift */; };
		5E349CAA21242B910060297A /* CommunityAPI.swift in Sources */ = {isa = PBXBuildFile; fileRef = 5E349CA921242B910060297A /* CommunityAPI.swift */; };
		5E349CAC212448410060297A /* Schedule_unconfAPI.swift in Sources */ = {isa = PBXBuildFile; fileRef = 5E349CAB212448410060297A /* Schedule_unconfAPI.swift */; };
		5E4A0046216F273B00C4A656 /* QRCodeViewController.swift in Sources */ = {isa = PBXBuildFile; fileRef = 5E4A0045216F273B00C4A656 /* QRCodeViewController.swift */; };
		5E564B77213FA86E00F2CED2 /* MissionCollectionViewCell.swift in Sources */ = {isa = PBXBuildFile; fileRef = 5E564B76213FA86E00F2CED2 /* MissionCollectionViewCell.swift */; };
		5E60D67B21630C9E00035E82 /* InformationCollectionViewCell.swift in Sources */ = {isa = PBXBuildFile; fileRef = 5E60D67A21630C9E00035E82 /* InformationCollectionViewCell.swift */; };
		5E682E1A213CFE4400FC37CF /* Missions.storyboard in Resources */ = {isa = PBXBuildFile; fileRef = 5E682E19213CFE4400FC37CF /* Missions.storyboard */; };
		5E682E1D213D016500FC37CF /* MissionsViewController.swift in Sources */ = {isa = PBXBuildFile; fileRef = 5E682E1C213D016500FC37CF /* MissionsViewController.swift */; };
		5E682E1F213D62CA00FC37CF /* MissionDetailViewController.swift in Sources */ = {isa = PBXBuildFile; fileRef = 5E682E1E213D62CA00FC37CF /* MissionDetailViewController.swift */; };
		5E682E21213E2AA700FC37CF /* InteractionViewController.swift in Sources */ = {isa = PBXBuildFile; fileRef = 5E682E20213E2AA700FC37CF /* InteractionViewController.swift */; };
		5E6CBDA1217BB9D60097D5E2 /* Wallet.swift in Sources */ = {isa = PBXBuildFile; fileRef = 5E6CBDA0217BB9D60097D5E2 /* Wallet.swift */; };
		5E941014214F43DD001D61F6 /* NewsAPI.swift in Sources */ = {isa = PBXBuildFile; fileRef = 5E941013214F43DD001D61F6 /* NewsAPI.swift */; };
		5E941016214F4401001D61F6 /* News.swift in Sources */ = {isa = PBXBuildFile; fileRef = 5E941015214F4401001D61F6 /* News.swift */; };
		5E941018214F4FBA001D61F6 /* Carousel.swift in Sources */ = {isa = PBXBuildFile; fileRef = 5E941017214F4FBA001D61F6 /* Carousel.swift */; };
		5E94101A214F505F001D61F6 /* CarouselAPI.swift in Sources */ = {isa = PBXBuildFile; fileRef = 5E941019214F505F001D61F6 /* CarouselAPI.swift */; };
		5E9FEF0021294FD70096B4A8 /* UserDefaultsExtension.swift in Sources */ = {isa = PBXBuildFile; fileRef = 5E9FEEFF21294FD70096B4A8 /* UserDefaultsExtension.swift */; };
		5EE73108215B61C400201702 /* FieldGameAPI.swift in Sources */ = {isa = PBXBuildFile; fileRef = 5EE73107215B61C400201702 /* FieldGameAPI.swift */; };
		5EE7310C215B978200201702 /* Result.swift in Sources */ = {isa = PBXBuildFile; fileRef = 5EE7310B215B978200201702 /* Result.swift */; };
		5EF59B9B215CEC3700CF622C /* GoogleService-Info.plist in Resources */ = {isa = PBXBuildFile; fileRef = 5EF59B9A215CEC3700CF622C /* GoogleService-Info.plist */; };
		5EF59B9D215DBCD200CF622C /* LoadingTool.swift in Sources */ = {isa = PBXBuildFile; fileRef = 5EF59B9C215DBCD200CF622C /* LoadingTool.swift */; };
		854F882CF3DD3FD013EEC09B /* Pods_Mopcon.framework in Frameworks */ = {isa = PBXBuildFile; fileRef = 0DBB6C96F98717D3E5B71A3B /* Pods_Mopcon.framework */; };
		D6240CDF20EC98AD002C89E7 /* SponsorsViewController.swift in Sources */ = {isa = PBXBuildFile; fileRef = D6240CDE20EC98AD002C89E7 /* SponsorsViewController.swift */; };
		D6240CE120EC9A70002C89E7 /* SponsorHeaderView.swift in Sources */ = {isa = PBXBuildFile; fileRef = D6240CE020EC9A70002C89E7 /* SponsorHeaderView.swift */; };
		D6240CE420EC9A8E002C89E7 /* SponsorSmallCollectionViewCell.swift in Sources */ = {isa = PBXBuildFile; fileRef = D6240CE320EC9A8E002C89E7 /* SponsorSmallCollectionViewCell.swift */; };
		D6240CE620EC9ADC002C89E7 /* SponsorCollectionViewID.swift in Sources */ = {isa = PBXBuildFile; fileRef = D6240CE520EC9ADC002C89E7 /* SponsorCollectionViewID.swift */; };
		D6240CE820EC9F62002C89E7 /* SponsorBigCollectionViewCell.swift in Sources */ = {isa = PBXBuildFile; fileRef = D6240CE720EC9F62002C89E7 /* SponsorBigCollectionViewCell.swift */; };
		D6240CEA20ECABED002C89E7 /* SponsorDetailViewController.swift in Sources */ = {isa = PBXBuildFile; fileRef = D6240CE920ECABED002C89E7 /* SponsorDetailViewController.swift */; };
		D62D30D320ED065D00BBDF5E /* AgendaTableViewCellID.swift in Sources */ = {isa = PBXBuildFile; fileRef = D62D30D220ED065D00BBDF5E /* AgendaTableViewCellID.swift */; };
		D62D30D520ED06F300BBDF5E /* AgendaViewController.swift in Sources */ = {isa = PBXBuildFile; fileRef = D62D30D420ED06F300BBDF5E /* AgendaViewController.swift */; };
		D633462220E8FFC60033E5B4 /* AppDelegate.swift in Sources */ = {isa = PBXBuildFile; fileRef = D633462120E8FFC60033E5B4 /* AppDelegate.swift */; };
		D633462420E8FFC60033E5B4 /* LobbyViewController.swift in Sources */ = {isa = PBXBuildFile; fileRef = D633462320E8FFC60033E5B4 /* LobbyViewController.swift */; };
		D633462720E8FFC60033E5B4 /* Lobby.storyboard in Resources */ = {isa = PBXBuildFile; fileRef = D633462520E8FFC60033E5B4 /* Lobby.storyboard */; };
		D633462A20E8FFC60033E5B4 /* Mopcon.xcdatamodeld in Sources */ = {isa = PBXBuildFile; fileRef = D633462820E8FFC60033E5B4 /* Mopcon.xcdatamodeld */; };
		D633462C20E8FFC70033E5B4 /* Assets.xcassets in Resources */ = {isa = PBXBuildFile; fileRef = D633462B20E8FFC70033E5B4 /* Assets.xcassets */; };
		D633462F20E8FFC70033E5B4 /* LaunchScreen.storyboard in Resources */ = {isa = PBXBuildFile; fileRef = D633462D20E8FFC70033E5B4 /* LaunchScreen.storyboard */; };
		D633463820E914520033E5B4 /* BannerCollectionViewCell.swift in Sources */ = {isa = PBXBuildFile; fileRef = D633463720E914520033E5B4 /* BannerCollectionViewCell.swift */; };
		D633463B20E914720033E5B4 /* NewsCollectionViewCell.swift in Sources */ = {isa = PBXBuildFile; fileRef = D633463A20E914720033E5B4 /* NewsCollectionViewCell.swift */; };
		D633463D20E914820033E5B4 /* GridCollectionViewCell.swift in Sources */ = {isa = PBXBuildFile; fileRef = D633463C20E914820033E5B4 /* GridCollectionViewCell.swift */; };
		D633463F20E914AD0033E5B4 /* CollectionViewCellKeyManager.swift in Sources */ = {isa = PBXBuildFile; fileRef = D633463E20E914AD0033E5B4 /* CollectionViewCellKeyManager.swift */; };
		D633464220E936ED0033E5B4 /* BannerImageCell.swift in Sources */ = {isa = PBXBuildFile; fileRef = D633464120E936ED0033E5B4 /* BannerImageCell.swift */; };
		D6555F2620EB1F27000816DF /* SpeakerDetailViewController.swift in Sources */ = {isa = PBXBuildFile; fileRef = D6555F2520EB1F27000816DF /* SpeakerDetailViewController.swift */; };
		D6555F2820EB2A83000816DF /* CustomSelectedButton.swift in Sources */ = {isa = PBXBuildFile; fileRef = D6555F2720EB2A83000816DF /* CustomSelectedButton.swift */; };
		D6555F2A20EC619F000816DF /* CommunityImageViewController.swift in Sources */ = {isa = PBXBuildFile; fileRef = D6555F2920EC619F000816DF /* CommunityImageViewController.swift */; };
		D6555F2F20EC783A000816DF /* ComminityDetailViewController.swift in Sources */ = {isa = PBXBuildFile; fileRef = D6555F2E20EC783A000816DF /* ComminityDetailViewController.swift */; };
		D6555F3120EC7D97000816DF /* CornerBackgroundView.swift in Sources */ = {isa = PBXBuildFile; fileRef = D6555F3020EC7D97000816DF /* CornerBackgroundView.swift */; };
		D6555F3320EC8397000816DF /* VolunteerViewController.swift in Sources */ = {isa = PBXBuildFile; fileRef = D6555F3220EC8397000816DF /* VolunteerViewController.swift */; };
		D6555F3820EC92B5000816DF /* VolunteerTableCellID.swift in Sources */ = {isa = PBXBuildFile; fileRef = D6555F3720EC92B5000816DF /* VolunteerTableCellID.swift */; };
		D662A1A520EDB5D600316FE6 /* BreakTableViewCell.swift in Sources */ = {isa = PBXBuildFile; fileRef = D662A1A420EDB5D600316FE6 /* BreakTableViewCell.swift */; };
		D662A1A720EDB5EA00316FE6 /* ConferenceTableViewCell.swift in Sources */ = {isa = PBXBuildFile; fileRef = D662A1A620EDB5EA00316FE6 /* ConferenceTableViewCell.swift */; };
		D66778E420FB062F00E9CA34 /* MyScheduleTableViewCellID.swift in Sources */ = {isa = PBXBuildFile; fileRef = D66778E320FB062F00E9CA34 /* MyScheduleTableViewCellID.swift */; };
		D66778E920FB142D00E9CA34 /* NoScheduleTableViewCell.swift in Sources */ = {isa = PBXBuildFile; fileRef = D66778E820FB142D00E9CA34 /* NoScheduleTableViewCell.swift */; };
		D66778ED20FB14E200E9CA34 /* MyScheduleConferenceTableViewCell.swift in Sources */ = {isa = PBXBuildFile; fileRef = D66778EC20FB14E200E9CA34 /* MyScheduleConferenceTableViewCell.swift */; };
		D66778EF20FB152F00E9CA34 /* MyScheduleBreakTableViewCell.swift in Sources */ = {isa = PBXBuildFile; fileRef = D66778EE20FB152F00E9CA34 /* MyScheduleBreakTableViewCell.swift */; };
		D6A67ABB20EE029C00D4886E /* CommunicationViewController.swift in Sources */ = {isa = PBXBuildFile; fileRef = D6A67ABA20EE029C00D4886E /* CommunicationViewController.swift */; };
		D6A67ABD20EE03FE00D4886E /* CommunicationTableViewCellID.swift in Sources */ = {isa = PBXBuildFile; fileRef = D6A67ABC20EE03FE00D4886E /* CommunicationTableViewCellID.swift */; };
		D6A67ABF20EE106800D4886E /* CommunicationBreakTableViewCell.swift in Sources */ = {isa = PBXBuildFile; fileRef = D6A67ABE20EE106800D4886E /* CommunicationBreakTableViewCell.swift */; };
		D6A67AC220EE108D00D4886E /* CommunicationConferenceTableViewCell.swift in Sources */ = {isa = PBXBuildFile; fileRef = D6A67AC120EE108D00D4886E /* CommunicationConferenceTableViewCell.swift */; };
		D6B5166020EA00FC003FA56F /* CommunityViewController.swift in Sources */ = {isa = PBXBuildFile; fileRef = D6B5165F20EA00FC003FA56F /* CommunityViewController.swift */; };
		D6B5166220EA0607003FA56F /* SpeakersViewController.swift in Sources */ = {isa = PBXBuildFile; fileRef = D6B5166120EA0607003FA56F /* SpeakersViewController.swift */; };
		D6B5166420EA062C003FA56F /* SpeakerTableViewCell.swift in Sources */ = {isa = PBXBuildFile; fileRef = D6B5166320EA062C003FA56F /* SpeakerTableViewCell.swift */; };
		D6B5166720EA0656003FA56F /* SpeakerTableCellID.swift in Sources */ = {isa = PBXBuildFile; fileRef = D6B5166620EA0656003FA56F /* SpeakerTableCellID.swift */; };
		D6B5166920EA07A1003FA56F /* CornerImageView.swift in Sources */ = {isa = PBXBuildFile; fileRef = D6B5166820EA07A1003FA56F /* CornerImageView.swift */; };
		D6EE629120E9C0C20043B68A /* MopconHeader.swift in Sources */ = {isa = PBXBuildFile; fileRef = D6EE629020E9C0C20043B68A /* MopconHeader.swift */; };
		D6EE629320E9C9270043B68A /* SegueManager.swift in Sources */ = {isa = PBXBuildFile; fileRef = D6EE629220E9C9270043B68A /* SegueManager.swift */; };
		D6EE629520E9CAFE0043B68A /* NewsViewController.swift in Sources */ = {isa = PBXBuildFile; fileRef = D6EE629420E9CAFE0043B68A /* NewsViewController.swift */; };
		D6EE629720E9CED20043B68A /* CustomCornerButton.swift in Sources */ = {isa = PBXBuildFile; fileRef = D6EE629620E9CED20043B68A /* CustomCornerButton.swift */; };
		D6EE629920E9D0B00043B68A /* NewsTableViewCell.swift in Sources */ = {isa = PBXBuildFile; fileRef = D6EE629820E9D0B00043B68A /* NewsTableViewCell.swift */; };
		D6EE629E20E9D1960043B68A /* NewsTableViewCellID.swift in Sources */ = {isa = PBXBuildFile; fileRef = D6EE629D20E9D1960043B68A /* NewsTableViewCellID.swift */; };
		D6F0BE6120F0610B0053A100 /* CommonFunctionHelper.swift in Sources */ = {isa = PBXBuildFile; fileRef = D6F0BE6020F0610B0053A100 /* CommonFunctionHelper.swift */; };
		D6F0BE6320F06D6C0053A100 /* MyScheduleViewController.swift in Sources */ = {isa = PBXBuildFile; fileRef = D6F0BE6220F06D6C0053A100 /* MyScheduleViewController.swift */; };
		D6F0BE6520F0756D0053A100 /* StoryboardIDManager.swift in Sources */ = {isa = PBXBuildFile; fileRef = D6F0BE6420F0756D0053A100 /* StoryboardIDManager.swift */; };
		D6F0BE6720F093AD0053A100 /* UserdefaultKeyManager.swift in Sources */ = {isa = PBXBuildFile; fileRef = D6F0BE6620F093AD0053A100 /* UserdefaultKeyManager.swift */; };
		D6F0BE6920F0A02B0053A100 /* ConferenceDetailViewController.swift in Sources */ = {isa = PBXBuildFile; fileRef = D6F0BE6820F0A02B0053A100 /* ConferenceDetailViewController.swift */; };
/* End PBXBuildFile section */

/* Begin PBXContainerItemProxy section */
		49A683932153248100EC6EA7 /* PBXContainerItemProxy */ = {
			isa = PBXContainerItemProxy;
			containerPortal = D633461620E8FFC60033E5B4 /* Project object */;
			proxyType = 1;
			remoteGlobalIDString = D633461D20E8FFC60033E5B4;
			remoteInfo = Mopcon;
		};
/* End PBXContainerItemProxy section */

/* Begin PBXFileReference section */
		0DBB6C96F98717D3E5B71A3B /* Pods_Mopcon.framework */ = {isa = PBXFileReference; explicitFileType = wrapper.framework; includeInIndex = 0; path = Pods_Mopcon.framework; sourceTree = BUILT_PRODUCTS_DIR; };
		293FFEAF5ECBACAF171BB104 /* Pods-Mopcon.release.xcconfig */ = {isa = PBXFileReference; includeInIndex = 1; lastKnownFileType = text.xcconfig; name = "Pods-Mopcon.release.xcconfig"; path = "Pods/Target Support Files/Pods-Mopcon/Pods-Mopcon.release.xcconfig"; sourceTree = "<group>"; };
		36A8ADA41F4B2FE3D1F03AD3 /* Pods-Mopcon.debug.xcconfig */ = {isa = PBXFileReference; includeInIndex = 1; lastKnownFileType = text.xcconfig; name = "Pods-Mopcon.debug.xcconfig"; path = "Pods/Target Support Files/Pods-Mopcon/Pods-Mopcon.debug.xcconfig"; sourceTree = "<group>"; };
		3C903F8222979AE600765CB2 /* Agenda.storyboard */ = {isa = PBXFileReference; lastKnownFileType = file.storyboard; path = Agenda.storyboard; sourceTree = "<group>"; };
		3C903F8422979AFB00765CB2 /* Schedual.storyboard */ = {isa = PBXFileReference; lastKnownFileType = file.storyboard; path = Schedual.storyboard; sourceTree = "<group>"; };
		3C903F8622979B0C00765CB2 /* Communication.storyboard */ = {isa = PBXFileReference; lastKnownFileType = file.storyboard; path = Communication.storyboard; sourceTree = "<group>"; };
		3C903F8822979B1900765CB2 /* Sponsor.storyboard */ = {isa = PBXFileReference; lastKnownFileType = file.storyboard; path = Sponsor.storyboard; sourceTree = "<group>"; };
		3C903F8A22979B2700765CB2 /* Speaker.storyboard */ = {isa = PBXFileReference; lastKnownFileType = file.storyboard; path = Speaker.storyboard; sourceTree = "<group>"; };
		3C903F8C22979B3700765CB2 /* Group.storyboard */ = {isa = PBXFileReference; lastKnownFileType = file.storyboard; path = Group.storyboard; sourceTree = "<group>"; };
		3C903F8E22979B4800765CB2 /* News.storyboard */ = {isa = PBXFileReference; lastKnownFileType = file.storyboard; path = News.storyboard; sourceTree = "<group>"; };
		3CBDCF7022E182F700561D8D /* SelectionView.swift */ = {isa = PBXFileReference; lastKnownFileType = sourcecode.swift; path = SelectionView.swift; sourceTree = "<group>"; };
		3CBDCF7222E1888500561D8D /* UIViewExtension.swift */ = {isa = PBXFileReference; lastKnownFileType = sourcecode.swift; path = UIViewExtension.swift; sourceTree = "<group>"; };
		3CFCF00322DECF9D006184CD /* Main.storyboard */ = {isa = PBXFileReference; lastKnownFileType = file.storyboard; path = Main.storyboard; sourceTree = "<group>"; };
		3CFCF00622DED10E006184CD /* TabBarViewController.swift */ = {isa = PBXFileReference; lastKnownFileType = sourcecode.swift; path = TabBarViewController.swift; sourceTree = "<group>"; };
		3CFCF00822DEEFCB006184CD /* UIImageExtension.swift */ = {isa = PBXFileReference; lastKnownFileType = sourcecode.swift; path = UIImageExtension.swift; sourceTree = "<group>"; };
		3CFCF00A22DEFBB2006184CD /* UIColorExtension.swift */ = {isa = PBXFileReference; lastKnownFileType = sourcecode.swift; path = UIColorExtension.swift; sourceTree = "<group>"; };
		3CFCF00E22DF106F006184CD /* LobbyCollectionViewCell.swift */ = {isa = PBXFileReference; lastKnownFileType = sourcecode.swift; path = LobbyCollectionViewCell.swift; sourceTree = "<group>"; };
		3CFCF00F22DF106F006184CD /* LobbyCollectionViewCell.xib */ = {isa = PBXFileReference; lastKnownFileType = file.xib; path = LobbyCollectionViewCell.xib; sourceTree = "<group>"; };
		49A6838E2153248000EC6EA7 /* MopconUITests.xctest */ = {isa = PBXFileReference; explicitFileType = wrapper.cfbundle; includeInIndex = 0; path = MopconUITests.xctest; sourceTree = BUILT_PRODUCTS_DIR; };
		49A683902153248100EC6EA7 /* MopconUITests.swift */ = {isa = PBXFileReference; lastKnownFileType = sourcecode.swift; path = MopconUITests.swift; sourceTree = "<group>"; };
		49A683922153248100EC6EA7 /* Info.plist */ = {isa = PBXFileReference; lastKnownFileType = text.plist.xml; path = Info.plist; sourceTree = "<group>"; };
		49A6839821532E4A00EC6EA7 /* SnapshotHelper.swift */ = {isa = PBXFileReference; fileEncoding = 4; lastKnownFileType = sourcecode.swift; path = SnapshotHelper.swift; sourceTree = "<group>"; };
		53652B472296F0E0003131BC /* Quiz.json */ = {isa = PBXFileReference; fileEncoding = 4; lastKnownFileType = text.json; path = Quiz.json; sourceTree = SOURCE_ROOT; };
		53652B492296F10A003131BC /* BoothMission.json */ = {isa = PBXFileReference; fileEncoding = 4; lastKnownFileType = text.json; path = BoothMission.json; sourceTree = SOURCE_ROOT; };
		5385092F227D69480083429A /* VolunteerTableViewCell.swift */ = {isa = PBXFileReference; lastKnownFileType = sourcecode.swift; path = VolunteerTableViewCell.swift; sourceTree = "<group>"; };
		53850933227D6A960083429A /* CommunityImageCollectionViewCell.swift */ = {isa = PBXFileReference; fileEncoding = 4; lastKnownFileType = sourcecode.swift; path = CommunityImageCollectionViewCell.swift; sourceTree = "<group>"; };
		5E1753A92150BBBF00A5D4C5 /* LanguageCollectionViewCell.swift */ = {isa = PBXFileReference; lastKnownFileType = sourcecode.swift; path = LanguageCollectionViewCell.swift; sourceTree = "<group>"; };
		5E1753AB2150D4BA00A5D4C5 /* MopconAPI.swift */ = {isa = PBXFileReference; lastKnownFileType = sourcecode.swift; path = MopconAPI.swift; sourceTree = "<group>"; };
		5E1DC75E214946CB00F953F8 /* Volunteer.swift */ = {isa = PBXFileReference; lastKnownFileType = sourcecode.swift; path = Volunteer.swift; sourceTree = "<group>"; };
		5E1DC760214948AA00F953F8 /* VolunteerAPI.swift */ = {isa = PBXFileReference; lastKnownFileType = sourcecode.swift; path = VolunteerAPI.swift; sourceTree = "<group>"; };
		5E2EC573215A150300EEA680 /* Quiz.swift */ = {isa = PBXFileReference; lastKnownFileType = sourcecode.swift; path = Quiz.swift; sourceTree = "<group>"; };
		5E349C8F21225CE10060297A /* Schedule.swift */ = {isa = PBXFileReference; lastKnownFileType = sourcecode.swift; path = Schedule.swift; sourceTree = "<group>"; };
		5E349C93212270650060297A /* Speaker.swift */ = {isa = PBXFileReference; lastKnownFileType = sourcecode.swift; path = Speaker.swift; sourceTree = "<group>"; };
		5E349C95212270A20060297A /* Schedule_unconf.swift */ = {isa = PBXFileReference; lastKnownFileType = sourcecode.swift; path = Schedule_unconf.swift; sourceTree = "<group>"; };
		5E349C97212270BA0060297A /* Sponsor.swift */ = {isa = PBXFileReference; lastKnownFileType = sourcecode.swift; path = Sponsor.swift; sourceTree = "<group>"; };
		5E349C99212270E00060297A /* Community.swift */ = {isa = PBXFileReference; lastKnownFileType = sourcecode.swift; path = Community.swift; sourceTree = "<group>"; };
		5E349C9C212271890060297A /* ScheduleAPI.swift */ = {isa = PBXFileReference; lastKnownFileType = sourcecode.swift; path = ScheduleAPI.swift; sourceTree = "<group>"; };
		5E349C9E21228A340060297A /* UIImageViewExtension.swift */ = {isa = PBXFileReference; lastKnownFileType = sourcecode.swift; path = UIImageViewExtension.swift; sourceTree = "<group>"; };
		5E349CA02123015F0060297A /* SpeakersAPI.swift */ = {isa = PBXFileReference; lastKnownFileType = sourcecode.swift; path = SpeakersAPI.swift; sourceTree = "<group>"; };
		5E349CA2212315C90060297A /* SponsorsAPI.swift */ = {isa = PBXFileReference; lastKnownFileType = sourcecode.swift; path = SponsorsAPI.swift; sourceTree = "<group>"; };
		5E349CA5212411200060297A /* SponsorDetailTableViewCell.swift */ = {isa = PBXFileReference; lastKnownFileType = sourcecode.swift; path = SponsorDetailTableViewCell.swift; sourceTree = "<group>"; };
		5E349CA7212411570060297A /* SponsorTableViewCellID.swift */ = {isa = PBXFileReference; lastKnownFileType = sourcecode.swift; path = SponsorTableViewCellID.swift; sourceTree = "<group>"; };
		5E349CA921242B910060297A /* CommunityAPI.swift */ = {isa = PBXFileReference; lastKnownFileType = sourcecode.swift; path = CommunityAPI.swift; sourceTree = "<group>"; };
		5E349CAB212448410060297A /* Schedule_unconfAPI.swift */ = {isa = PBXFileReference; lastKnownFileType = sourcecode.swift; path = Schedule_unconfAPI.swift; sourceTree = "<group>"; };
		5E4A0045216F273B00C4A656 /* QRCodeViewController.swift */ = {isa = PBXFileReference; lastKnownFileType = sourcecode.swift; path = QRCodeViewController.swift; sourceTree = "<group>"; };
		5E564B76213FA86E00F2CED2 /* MissionCollectionViewCell.swift */ = {isa = PBXFileReference; lastKnownFileType = sourcecode.swift; path = MissionCollectionViewCell.swift; sourceTree = "<group>"; };
		5E60D67A21630C9E00035E82 /* InformationCollectionViewCell.swift */ = {isa = PBXFileReference; lastKnownFileType = sourcecode.swift; path = InformationCollectionViewCell.swift; sourceTree = "<group>"; };
		5E682E19213CFE4400FC37CF /* Missions.storyboard */ = {isa = PBXFileReference; lastKnownFileType = file.storyboard; path = Missions.storyboard; sourceTree = "<group>"; };
		5E682E1C213D016500FC37CF /* MissionsViewController.swift */ = {isa = PBXFileReference; lastKnownFileType = sourcecode.swift; path = MissionsViewController.swift; sourceTree = "<group>"; };
		5E682E1E213D62CA00FC37CF /* MissionDetailViewController.swift */ = {isa = PBXFileReference; lastKnownFileType = sourcecode.swift; path = MissionDetailViewController.swift; sourceTree = "<group>"; };
		5E682E20213E2AA700FC37CF /* InteractionViewController.swift */ = {isa = PBXFileReference; lastKnownFileType = sourcecode.swift; path = InteractionViewController.swift; sourceTree = "<group>"; };
		5E6CBDA0217BB9D60097D5E2 /* Wallet.swift */ = {isa = PBXFileReference; lastKnownFileType = sourcecode.swift; path = Wallet.swift; sourceTree = "<group>"; };
		5E941013214F43DD001D61F6 /* NewsAPI.swift */ = {isa = PBXFileReference; lastKnownFileType = sourcecode.swift; path = NewsAPI.swift; sourceTree = "<group>"; };
		5E941015214F4401001D61F6 /* News.swift */ = {isa = PBXFileReference; lastKnownFileType = sourcecode.swift; path = News.swift; sourceTree = "<group>"; };
		5E941017214F4FBA001D61F6 /* Carousel.swift */ = {isa = PBXFileReference; lastKnownFileType = sourcecode.swift; path = Carousel.swift; sourceTree = "<group>"; };
		5E941019214F505F001D61F6 /* CarouselAPI.swift */ = {isa = PBXFileReference; lastKnownFileType = sourcecode.swift; path = CarouselAPI.swift; sourceTree = "<group>"; };
		5E9FEEFF21294FD70096B4A8 /* UserDefaultsExtension.swift */ = {isa = PBXFileReference; lastKnownFileType = sourcecode.swift; path = UserDefaultsExtension.swift; sourceTree = "<group>"; };
		5EE73107215B61C400201702 /* FieldGameAPI.swift */ = {isa = PBXFileReference; lastKnownFileType = sourcecode.swift; path = FieldGameAPI.swift; sourceTree = "<group>"; };
		5EE7310B215B978200201702 /* Result.swift */ = {isa = PBXFileReference; lastKnownFileType = sourcecode.swift; path = Result.swift; sourceTree = "<group>"; };
		5EF59B97215CDF2800CF622C /* Mopcon.entitlements */ = {isa = PBXFileReference; lastKnownFileType = text.plist.entitlements; path = Mopcon.entitlements; sourceTree = "<group>"; };
		5EF59B9A215CEC3700CF622C /* GoogleService-Info.plist */ = {isa = PBXFileReference; fileEncoding = 4; lastKnownFileType = text.plist.xml; path = "GoogleService-Info.plist"; sourceTree = "<group>"; };
		5EF59B9C215DBCD200CF622C /* LoadingTool.swift */ = {isa = PBXFileReference; lastKnownFileType = sourcecode.swift; path = LoadingTool.swift; sourceTree = "<group>"; };
		D6240CDE20EC98AD002C89E7 /* SponsorsViewController.swift */ = {isa = PBXFileReference; lastKnownFileType = sourcecode.swift; path = SponsorsViewController.swift; sourceTree = "<group>"; };
		D6240CE020EC9A70002C89E7 /* SponsorHeaderView.swift */ = {isa = PBXFileReference; lastKnownFileType = sourcecode.swift; path = SponsorHeaderView.swift; sourceTree = "<group>"; };
		D6240CE320EC9A8E002C89E7 /* SponsorSmallCollectionViewCell.swift */ = {isa = PBXFileReference; lastKnownFileType = sourcecode.swift; path = SponsorSmallCollectionViewCell.swift; sourceTree = "<group>"; };
		D6240CE520EC9ADC002C89E7 /* SponsorCollectionViewID.swift */ = {isa = PBXFileReference; lastKnownFileType = sourcecode.swift; path = SponsorCollectionViewID.swift; sourceTree = "<group>"; };
		D6240CE720EC9F62002C89E7 /* SponsorBigCollectionViewCell.swift */ = {isa = PBXFileReference; lastKnownFileType = sourcecode.swift; path = SponsorBigCollectionViewCell.swift; sourceTree = "<group>"; };
		D6240CE920ECABED002C89E7 /* SponsorDetailViewController.swift */ = {isa = PBXFileReference; lastKnownFileType = sourcecode.swift; path = SponsorDetailViewController.swift; sourceTree = "<group>"; };
		D62D30D220ED065D00BBDF5E /* AgendaTableViewCellID.swift */ = {isa = PBXFileReference; lastKnownFileType = sourcecode.swift; path = AgendaTableViewCellID.swift; sourceTree = "<group>"; };
		D62D30D420ED06F300BBDF5E /* AgendaViewController.swift */ = {isa = PBXFileReference; lastKnownFileType = sourcecode.swift; path = AgendaViewController.swift; sourceTree = "<group>"; };
		D633461E20E8FFC60033E5B4 /* Mopcon.app */ = {isa = PBXFileReference; explicitFileType = wrapper.application; includeInIndex = 0; path = Mopcon.app; sourceTree = BUILT_PRODUCTS_DIR; };
		D633462120E8FFC60033E5B4 /* AppDelegate.swift */ = {isa = PBXFileReference; lastKnownFileType = sourcecode.swift; path = AppDelegate.swift; sourceTree = "<group>"; };
		D633462320E8FFC60033E5B4 /* LobbyViewController.swift */ = {isa = PBXFileReference; lastKnownFileType = sourcecode.swift; path = LobbyViewController.swift; sourceTree = "<group>"; };
		D633462620E8FFC60033E5B4 /* Base */ = {isa = PBXFileReference; lastKnownFileType = file.storyboard; name = Base; path = Base.lproj/Lobby.storyboard; sourceTree = "<group>"; };
		D633462920E8FFC60033E5B4 /* Mopcon.xcdatamodel */ = {isa = PBXFileReference; lastKnownFileType = wrapper.xcdatamodel; path = Mopcon.xcdatamodel; sourceTree = "<group>"; };
		D633462B20E8FFC70033E5B4 /* Assets.xcassets */ = {isa = PBXFileReference; lastKnownFileType = folder.assetcatalog; path = Assets.xcassets; sourceTree = "<group>"; };
		D633462E20E8FFC70033E5B4 /* Base */ = {isa = PBXFileReference; lastKnownFileType = file.storyboard; name = Base; path = Base.lproj/LaunchScreen.storyboard; sourceTree = "<group>"; };
		D633463020E8FFC70033E5B4 /* Info.plist */ = {isa = PBXFileReference; lastKnownFileType = text.plist.xml; path = Info.plist; sourceTree = "<group>"; };
		D633463720E914520033E5B4 /* BannerCollectionViewCell.swift */ = {isa = PBXFileReference; lastKnownFileType = sourcecode.swift; path = BannerCollectionViewCell.swift; sourceTree = "<group>"; };
		D633463A20E914720033E5B4 /* NewsCollectionViewCell.swift */ = {isa = PBXFileReference; lastKnownFileType = sourcecode.swift; path = NewsCollectionViewCell.swift; sourceTree = "<group>"; };
		D633463C20E914820033E5B4 /* GridCollectionViewCell.swift */ = {isa = PBXFileReference; lastKnownFileType = sourcecode.swift; path = GridCollectionViewCell.swift; sourceTree = "<group>"; };
		D633463E20E914AD0033E5B4 /* CollectionViewCellKeyManager.swift */ = {isa = PBXFileReference; lastKnownFileType = sourcecode.swift; path = CollectionViewCellKeyManager.swift; sourceTree = "<group>"; };
		D633464120E936ED0033E5B4 /* BannerImageCell.swift */ = {isa = PBXFileReference; lastKnownFileType = sourcecode.swift; path = BannerImageCell.swift; sourceTree = "<group>"; };
		D6555F2520EB1F27000816DF /* SpeakerDetailViewController.swift */ = {isa = PBXFileReference; lastKnownFileType = sourcecode.swift; path = SpeakerDetailViewController.swift; sourceTree = "<group>"; };
		D6555F2720EB2A83000816DF /* CustomSelectedButton.swift */ = {isa = PBXFileReference; lastKnownFileType = sourcecode.swift; path = CustomSelectedButton.swift; sourceTree = "<group>"; };
		D6555F2920EC619F000816DF /* CommunityImageViewController.swift */ = {isa = PBXFileReference; lastKnownFileType = sourcecode.swift; path = CommunityImageViewController.swift; sourceTree = "<group>"; };
		D6555F2E20EC783A000816DF /* ComminityDetailViewController.swift */ = {isa = PBXFileReference; lastKnownFileType = sourcecode.swift; path = ComminityDetailViewController.swift; sourceTree = "<group>"; };
		D6555F3020EC7D97000816DF /* CornerBackgroundView.swift */ = {isa = PBXFileReference; lastKnownFileType = sourcecode.swift; path = CornerBackgroundView.swift; sourceTree = "<group>"; };
		D6555F3220EC8397000816DF /* VolunteerViewController.swift */ = {isa = PBXFileReference; lastKnownFileType = sourcecode.swift; path = VolunteerViewController.swift; sourceTree = "<group>"; };
		D6555F3720EC92B5000816DF /* VolunteerTableCellID.swift */ = {isa = PBXFileReference; lastKnownFileType = sourcecode.swift; path = VolunteerTableCellID.swift; sourceTree = "<group>"; };
		D662A1A420EDB5D600316FE6 /* BreakTableViewCell.swift */ = {isa = PBXFileReference; lastKnownFileType = sourcecode.swift; path = BreakTableViewCell.swift; sourceTree = "<group>"; };
		D662A1A620EDB5EA00316FE6 /* ConferenceTableViewCell.swift */ = {isa = PBXFileReference; lastKnownFileType = sourcecode.swift; path = ConferenceTableViewCell.swift; sourceTree = "<group>"; };
		D66778E320FB062F00E9CA34 /* MyScheduleTableViewCellID.swift */ = {isa = PBXFileReference; lastKnownFileType = sourcecode.swift; path = MyScheduleTableViewCellID.swift; sourceTree = "<group>"; };
		D66778E820FB142D00E9CA34 /* NoScheduleTableViewCell.swift */ = {isa = PBXFileReference; lastKnownFileType = sourcecode.swift; path = NoScheduleTableViewCell.swift; sourceTree = "<group>"; };
		D66778EC20FB14E200E9CA34 /* MyScheduleConferenceTableViewCell.swift */ = {isa = PBXFileReference; lastKnownFileType = sourcecode.swift; path = MyScheduleConferenceTableViewCell.swift; sourceTree = "<group>"; };
		D66778EE20FB152F00E9CA34 /* MyScheduleBreakTableViewCell.swift */ = {isa = PBXFileReference; lastKnownFileType = sourcecode.swift; path = MyScheduleBreakTableViewCell.swift; sourceTree = "<group>"; };
		D6A67ABA20EE029C00D4886E /* CommunicationViewController.swift */ = {isa = PBXFileReference; lastKnownFileType = sourcecode.swift; path = CommunicationViewController.swift; sourceTree = "<group>"; };
		D6A67ABC20EE03FE00D4886E /* CommunicationTableViewCellID.swift */ = {isa = PBXFileReference; lastKnownFileType = sourcecode.swift; path = CommunicationTableViewCellID.swift; sourceTree = "<group>"; };
		D6A67ABE20EE106800D4886E /* CommunicationBreakTableViewCell.swift */ = {isa = PBXFileReference; lastKnownFileType = sourcecode.swift; path = CommunicationBreakTableViewCell.swift; sourceTree = "<group>"; };
		D6A67AC120EE108D00D4886E /* CommunicationConferenceTableViewCell.swift */ = {isa = PBXFileReference; lastKnownFileType = sourcecode.swift; path = CommunicationConferenceTableViewCell.swift; sourceTree = "<group>"; };
		D6B5165F20EA00FC003FA56F /* CommunityViewController.swift */ = {isa = PBXFileReference; lastKnownFileType = sourcecode.swift; path = CommunityViewController.swift; sourceTree = "<group>"; };
		D6B5166120EA0607003FA56F /* SpeakersViewController.swift */ = {isa = PBXFileReference; lastKnownFileType = sourcecode.swift; path = SpeakersViewController.swift; sourceTree = "<group>"; };
		D6B5166320EA062C003FA56F /* SpeakerTableViewCell.swift */ = {isa = PBXFileReference; lastKnownFileType = sourcecode.swift; path = SpeakerTableViewCell.swift; sourceTree = "<group>"; };
		D6B5166620EA0656003FA56F /* SpeakerTableCellID.swift */ = {isa = PBXFileReference; lastKnownFileType = sourcecode.swift; path = SpeakerTableCellID.swift; sourceTree = "<group>"; };
		D6B5166820EA07A1003FA56F /* CornerImageView.swift */ = {isa = PBXFileReference; lastKnownFileType = sourcecode.swift; path = CornerImageView.swift; sourceTree = "<group>"; };
		D6EE629020E9C0C20043B68A /* MopconHeader.swift */ = {isa = PBXFileReference; lastKnownFileType = sourcecode.swift; path = MopconHeader.swift; sourceTree = "<group>"; };
		D6EE629220E9C9270043B68A /* SegueManager.swift */ = {isa = PBXFileReference; lastKnownFileType = sourcecode.swift; path = SegueManager.swift; sourceTree = "<group>"; };
		D6EE629420E9CAFE0043B68A /* NewsViewController.swift */ = {isa = PBXFileReference; lastKnownFileType = sourcecode.swift; path = NewsViewController.swift; sourceTree = "<group>"; };
		D6EE629620E9CED20043B68A /* CustomCornerButton.swift */ = {isa = PBXFileReference; lastKnownFileType = sourcecode.swift; path = CustomCornerButton.swift; sourceTree = "<group>"; };
		D6EE629820E9D0B00043B68A /* NewsTableViewCell.swift */ = {isa = PBXFileReference; lastKnownFileType = sourcecode.swift; path = NewsTableViewCell.swift; sourceTree = "<group>"; };
		D6EE629D20E9D1960043B68A /* NewsTableViewCellID.swift */ = {isa = PBXFileReference; lastKnownFileType = sourcecode.swift; path = NewsTableViewCellID.swift; sourceTree = "<group>"; };
		D6F0BE6020F0610B0053A100 /* CommonFunctionHelper.swift */ = {isa = PBXFileReference; lastKnownFileType = sourcecode.swift; path = CommonFunctionHelper.swift; sourceTree = "<group>"; };
		D6F0BE6220F06D6C0053A100 /* MyScheduleViewController.swift */ = {isa = PBXFileReference; lastKnownFileType = sourcecode.swift; path = MyScheduleViewController.swift; sourceTree = "<group>"; };
		D6F0BE6420F0756D0053A100 /* StoryboardIDManager.swift */ = {isa = PBXFileReference; lastKnownFileType = sourcecode.swift; path = StoryboardIDManager.swift; sourceTree = "<group>"; };
		D6F0BE6620F093AD0053A100 /* UserdefaultKeyManager.swift */ = {isa = PBXFileReference; lastKnownFileType = sourcecode.swift; path = UserdefaultKeyManager.swift; sourceTree = "<group>"; };
		D6F0BE6820F0A02B0053A100 /* ConferenceDetailViewController.swift */ = {isa = PBXFileReference; lastKnownFileType = sourcecode.swift; path = ConferenceDetailViewController.swift; sourceTree = "<group>"; };
/* End PBXFileReference section */

/* Begin PBXFrameworksBuildPhase section */
		49A6838B2153248000EC6EA7 /* Frameworks */ = {
			isa = PBXFrameworksBuildPhase;
			buildActionMask = 2147483647;
			files = (
			);
			runOnlyForDeploymentPostprocessing = 0;
		};
		D633461B20E8FFC60033E5B4 /* Frameworks */ = {
			isa = PBXFrameworksBuildPhase;
			buildActionMask = 2147483647;
			files = (
				854F882CF3DD3FD013EEC09B /* Pods_Mopcon.framework in Frameworks */,
			);
			runOnlyForDeploymentPostprocessing = 0;
		};
/* End PBXFrameworksBuildPhase section */

/* Begin PBXGroup section */
		03F6A52C60EC4ABC5E9314F0 /* Frameworks */ = {
			isa = PBXGroup;
			children = (
				0DBB6C96F98717D3E5B71A3B /* Pods_Mopcon.framework */,
			);
			name = Frameworks;
			sourceTree = "<group>";
		};
		3CFCF00522DED0A6006184CD /* TabBar */ = {
			isa = PBXGroup;
			children = (
				3CFCF00622DED10E006184CD /* TabBarViewController.swift */,
			);
			path = TabBar;
			sourceTree = "<group>";
		};
		3CFCF00C22DF1033006184CD /* Lobby */ = {
			isa = PBXGroup;
			children = (
				3CFCF00D22DF1046006184CD /* LobbyCollectionViewCell */,
			);
			path = Lobby;
			sourceTree = "<group>";
		};
		3CFCF00D22DF1046006184CD /* LobbyCollectionViewCell */ = {
			isa = PBXGroup;
			children = (
				3CFCF00E22DF106F006184CD /* LobbyCollectionViewCell.swift */,
				3CFCF00F22DF106F006184CD /* LobbyCollectionViewCell.xib */,
			);
			path = LobbyCollectionViewCell;
			sourceTree = "<group>";
		};
		49A6838F2153248100EC6EA7 /* MopconUITests */ = {
			isa = PBXGroup;
			children = (
				49A6839821532E4A00EC6EA7 /* SnapshotHelper.swift */,
				49A683902153248100EC6EA7 /* MopconUITests.swift */,
				49A683922153248100EC6EA7 /* Info.plist */,
			);
			path = MopconUITests;
			sourceTree = "<group>";
		};
		53850932227D6A960083429A /* CommunityImageCollectionView */ = {
			isa = PBXGroup;
			children = (
				53850933227D6A960083429A /* CommunityImageCollectionViewCell.swift */,
			);
			path = CommunityImageCollectionView;
			sourceTree = "<group>";
		};
		5E349C9B212270ED0060297A /* API */ = {
			isa = PBXGroup;
			children = (
				5E1753AB2150D4BA00A5D4C5 /* MopconAPI.swift */,
				5E349C9C212271890060297A /* ScheduleAPI.swift */,
				5E349CA02123015F0060297A /* SpeakersAPI.swift */,
				5E349CA2212315C90060297A /* SponsorsAPI.swift */,
				5E349CA921242B910060297A /* CommunityAPI.swift */,
				5E349CAB212448410060297A /* Schedule_unconfAPI.swift */,
				5E1DC760214948AA00F953F8 /* VolunteerAPI.swift */,
				5E941013214F43DD001D61F6 /* NewsAPI.swift */,
				5E941019214F505F001D61F6 /* CarouselAPI.swift */,
				5EE73107215B61C400201702 /* FieldGameAPI.swift */,
			);
			path = API;
			sourceTree = "<group>";
		};
		5E564B75213FA85400F2CED2 /* Missions */ = {
			isa = PBXGroup;
			children = (
				5E60D67A21630C9E00035E82 /* InformationCollectionViewCell.swift */,
				5E564B76213FA86E00F2CED2 /* MissionCollectionViewCell.swift */,
			);
			path = Missions;
			sourceTree = "<group>";
		};
		5E682E18213CFDF300FC37CF /* Storyboard */ = {
			isa = PBXGroup;
			children = (
				D633462520E8FFC60033E5B4 /* Lobby.storyboard */,
				3C903F8222979AE600765CB2 /* Agenda.storyboard */,
				3C903F8422979AFB00765CB2 /* Schedual.storyboard */,
				3C903F8622979B0C00765CB2 /* Communication.storyboard */,
				3C903F8822979B1900765CB2 /* Sponsor.storyboard */,
				3C903F8A22979B2700765CB2 /* Speaker.storyboard */,
				3C903F8C22979B3700765CB2 /* Group.storyboard */,
				3C903F8E22979B4800765CB2 /* News.storyboard */,
				5E682E19213CFE4400FC37CF /* Missions.storyboard */,
				3CFCF00322DECF9D006184CD /* Main.storyboard */,
			);
			path = Storyboard;
			sourceTree = "<group>";
		};
		5E682E1B213D014800FC37CF /* Missions */ = {
			isa = PBXGroup;
			children = (
				5E682E1C213D016500FC37CF /* MissionsViewController.swift */,
				5E682E1E213D62CA00FC37CF /* MissionDetailViewController.swift */,
				5E682E20213E2AA700FC37CF /* InteractionViewController.swift */,
				5E4A0045216F273B00C4A656 /* QRCodeViewController.swift */,
			);
			path = Missions;
			sourceTree = "<group>";
		};
		5E6CBD97217B27350097D5E2 /* JSON */ = {
			isa = PBXGroup;
			children = (
				53652B472296F0E0003131BC /* Quiz.json */,
				53652B492296F10A003131BC /* BoothMission.json */,
			);
			path = JSON;
			sourceTree = "<group>";
		};
		5E9FEEFE21294CAB0096B4A8 /* Exntension */ = {
			isa = PBXGroup;
			children = (
				5E349C9E21228A340060297A /* UIImageViewExtension.swift */,
				3CFCF00822DEEFCB006184CD /* UIImageExtension.swift */,
				3CBDCF7222E1888500561D8D /* UIViewExtension.swift */,
				3CFCF00A22DEFBB2006184CD /* UIColorExtension.swift */,
			);
			path = Exntension;
			sourceTree = "<group>";
		};
		960B7C1F8806742F9A864552 /* Pods */ = {
			isa = PBXGroup;
			children = (
				36A8ADA41F4B2FE3D1F03AD3 /* Pods-Mopcon.debug.xcconfig */,
				293FFEAF5ECBACAF171BB104 /* Pods-Mopcon.release.xcconfig */,
			);
			name = Pods;
			sourceTree = "<group>";
		};
		D6240CE220EC9A74002C89E7 /* SponsorsViewController */ = {
			isa = PBXGroup;
			children = (
				D6240CE020EC9A70002C89E7 /* SponsorHeaderView.swift */,
				D6240CE320EC9A8E002C89E7 /* SponsorSmallCollectionViewCell.swift */,
				D6240CE720EC9F62002C89E7 /* SponsorBigCollectionViewCell.swift */,
				5E349CA5212411200060297A /* SponsorDetailTableViewCell.swift */,
			);
			path = SponsorsViewController;
			sourceTree = "<group>";
		};
		D633461520E8FFC60033E5B4 = {
			isa = PBXGroup;
			children = (
				D633462020E8FFC60033E5B4 /* Mopcon */,
				49A6838F2153248100EC6EA7 /* MopconUITests */,
				D633461F20E8FFC60033E5B4 /* Products */,
				960B7C1F8806742F9A864552 /* Pods */,
				03F6A52C60EC4ABC5E9314F0 /* Frameworks */,
			);
			sourceTree = "<group>";
		};
		D633461F20E8FFC60033E5B4 /* Products */ = {
			isa = PBXGroup;
			children = (
				D633461E20E8FFC60033E5B4 /* Mopcon.app */,
				49A6838E2153248000EC6EA7 /* MopconUITests.xctest */,
			);
			name = Products;
			sourceTree = "<group>";
		};
		D633462020E8FFC60033E5B4 /* Mopcon */ = {
			isa = PBXGroup;
			children = (
				5E6CBD97217B27350097D5E2 /* JSON */,
				5EF59B97215CDF2800CF622C /* Mopcon.entitlements */,
				D633462120E8FFC60033E5B4 /* AppDelegate.swift */,
				5E349C9B212270ED0060297A /* API */,
				D6A67AB920EDF4BD00D4886E /* Model */,
				D633464020E9153E0033E5B4 /* Helper */,
				D633463620E914350033E5B4 /* Controller */,
				5E682E18213CFDF300FC37CF /* Storyboard */,
				D633463920E914550033E5B4 /* View */,
				D633462B20E8FFC70033E5B4 /* Assets.xcassets */,
				D633462D20E8FFC70033E5B4 /* LaunchScreen.storyboard */,
				D633463020E8FFC70033E5B4 /* Info.plist */,
				5EF59B9A215CEC3700CF622C /* GoogleService-Info.plist */,
				D633462820E8FFC60033E5B4 /* Mopcon.xcdatamodeld */,
			);
			path = Mopcon;
			sourceTree = "<group>";
		};
		D633463620E914350033E5B4 /* Controller */ = {
			isa = PBXGroup;
			children = (
				3CFCF00522DED0A6006184CD /* TabBar */,
				5E682E1B213D014800FC37CF /* Missions */,
				D633462320E8FFC60033E5B4 /* LobbyViewController.swift */,
				D6EE629420E9CAFE0043B68A /* NewsViewController.swift */,
				D6B5166120EA0607003FA56F /* SpeakersViewController.swift */,
				D6555F2520EB1F27000816DF /* SpeakerDetailViewController.swift */,
				D6B5165F20EA00FC003FA56F /* CommunityViewController.swift */,
				D6555F2920EC619F000816DF /* CommunityImageViewController.swift */,
				D6555F2E20EC783A000816DF /* ComminityDetailViewController.swift */,
				D6555F3220EC8397000816DF /* VolunteerViewController.swift */,
				D6240CDE20EC98AD002C89E7 /* SponsorsViewController.swift */,
				D6240CE920ECABED002C89E7 /* SponsorDetailViewController.swift */,
				D62D30D420ED06F300BBDF5E /* AgendaViewController.swift */,
				D6A67ABA20EE029C00D4886E /* CommunicationViewController.swift */,
				D6F0BE6220F06D6C0053A100 /* MyScheduleViewController.swift */,
				D6F0BE6820F0A02B0053A100 /* ConferenceDetailViewController.swift */,
			);
			path = Controller;
			sourceTree = "<group>";
		};
		D633463920E914550033E5B4 /* View */ = {
			isa = PBXGroup;
			children = (
				3CFCF00C22DF1033006184CD /* Lobby */,
				53850932227D6A960083429A /* CommunityImageCollectionView */,
				D6555F3620EC926D000816DF /* VolunteerTableView */,
				5E564B75213FA85400F2CED2 /* Missions */,
				D66778E720FB130A00E9CA34 /* MyScheduleTableView */,
				D6EE629C20E9D0D50043B68A /* MainTableView */,
				D6EE629B20E9D0C70043B68A /* NewsTableView */,
				D6EE629A20E9D0BF0043B68A /* Common */,
				D6B5166520EA062F003FA56F /* SpeakerTableView */,
				D6240CE220EC9A74002C89E7 /* SponsorsViewController */,
				D662A1A820EDB5F000316FE6 /* AgendaTableView */,
				D6A67AC020EE106D00D4886E /* CommunicationTableView */,
			);
			path = View;
			sourceTree = "<group>";
		};
		D633464020E9153E0033E5B4 /* Helper */ = {
			isa = PBXGroup;
			children = (
				5E9FEEFE21294CAB0096B4A8 /* Exntension */,
				5E9FEEFF21294FD70096B4A8 /* UserDefaultsExtension.swift */,
				D633463E20E914AD0033E5B4 /* CollectionViewCellKeyManager.swift */,
				D6EE629220E9C9270043B68A /* SegueManager.swift */,
				D6EE629D20E9D1960043B68A /* NewsTableViewCellID.swift */,
				D6B5166620EA0656003FA56F /* SpeakerTableCellID.swift */,
				D6555F3720EC92B5000816DF /* VolunteerTableCellID.swift */,
				D6240CE520EC9ADC002C89E7 /* SponsorCollectionViewID.swift */,
				D62D30D220ED065D00BBDF5E /* AgendaTableViewCellID.swift */,
				D6A67ABC20EE03FE00D4886E /* CommunicationTableViewCellID.swift */,
				D6F0BE6020F0610B0053A100 /* CommonFunctionHelper.swift */,
				D6F0BE6420F0756D0053A100 /* StoryboardIDManager.swift */,
				D6F0BE6620F093AD0053A100 /* UserdefaultKeyManager.swift */,
				D66778E320FB062F00E9CA34 /* MyScheduleTableViewCellID.swift */,
				5E349CA7212411570060297A /* SponsorTableViewCellID.swift */,
				5EF59B9C215DBCD200CF622C /* LoadingTool.swift */,
			);
			path = Helper;
			sourceTree = "<group>";
		};
		D6555F3620EC926D000816DF /* VolunteerTableView */ = {
			isa = PBXGroup;
			children = (
				5385092F227D69480083429A /* VolunteerTableViewCell.swift */,
			);
			path = VolunteerTableView;
			sourceTree = "<group>";
		};
		D662A1A820EDB5F000316FE6 /* AgendaTableView */ = {
			isa = PBXGroup;
			children = (
				D662A1A420EDB5D600316FE6 /* BreakTableViewCell.swift */,
				D662A1A620EDB5EA00316FE6 /* ConferenceTableViewCell.swift */,
			);
			path = AgendaTableView;
			sourceTree = "<group>";
		};
		D66778E720FB130A00E9CA34 /* MyScheduleTableView */ = {
			isa = PBXGroup;
			children = (
				D66778E820FB142D00E9CA34 /* NoScheduleTableViewCell.swift */,
				D66778EE20FB152F00E9CA34 /* MyScheduleBreakTableViewCell.swift */,
				D66778EC20FB14E200E9CA34 /* MyScheduleConferenceTableViewCell.swift */,
			);
			path = MyScheduleTableView;
			sourceTree = "<group>";
		};
		D6A67AB920EDF4BD00D4886E /* Model */ = {
			isa = PBXGroup;
			children = (
				5E349C8F21225CE10060297A /* Schedule.swift */,
				5E349C93212270650060297A /* Speaker.swift */,
				5E349C95212270A20060297A /* Schedule_unconf.swift */,
				5E349C97212270BA0060297A /* Sponsor.swift */,
				5E349C99212270E00060297A /* Community.swift */,
				5E1DC75E214946CB00F953F8 /* Volunteer.swift */,
				5E941015214F4401001D61F6 /* News.swift */,
				5E941017214F4FBA001D61F6 /* Carousel.swift */,
				5EE7310B215B978200201702 /* Result.swift */,
				5E2EC573215A150300EEA680 /* Quiz.swift */,
				5E6CBDA0217BB9D60097D5E2 /* Wallet.swift */,
			);
			path = Model;
			sourceTree = "<group>";
		};
		D6A67AC020EE106D00D4886E /* CommunicationTableView */ = {
			isa = PBXGroup;
			children = (
				D6A67ABE20EE106800D4886E /* CommunicationBreakTableViewCell.swift */,
				D6A67AC120EE108D00D4886E /* CommunicationConferenceTableViewCell.swift */,
			);
			path = CommunicationTableView;
			sourceTree = "<group>";
		};
		D6B5166520EA062F003FA56F /* SpeakerTableView */ = {
			isa = PBXGroup;
			children = (
				D6B5166320EA062C003FA56F /* SpeakerTableViewCell.swift */,
			);
			path = SpeakerTableView;
			sourceTree = "<group>";
		};
		D6EE629A20E9D0BF0043B68A /* Common */ = {
			isa = PBXGroup;
			children = (
				D6EE629620E9CED20043B68A /* CustomCornerButton.swift */,
				3CBDCF7022E182F700561D8D /* SelectionView.swift */,
				D6555F2720EB2A83000816DF /* CustomSelectedButton.swift */,
				D6B5166820EA07A1003FA56F /* CornerImageView.swift */,
				D6555F3020EC7D97000816DF /* CornerBackgroundView.swift */,
			);
			path = Common;
			sourceTree = "<group>";
		};
		D6EE629B20E9D0C70043B68A /* NewsTableView */ = {
			isa = PBXGroup;
			children = (
				D6EE629820E9D0B00043B68A /* NewsTableViewCell.swift */,
			);
			path = NewsTableView;
			sourceTree = "<group>";
		};
		D6EE629C20E9D0D50043B68A /* MainTableView */ = {
			isa = PBXGroup;
			children = (
				D633463720E914520033E5B4 /* BannerCollectionViewCell.swift */,
				D6EE629020E9C0C20043B68A /* MopconHeader.swift */,
				D633464120E936ED0033E5B4 /* BannerImageCell.swift */,
				D633463A20E914720033E5B4 /* NewsCollectionViewCell.swift */,
				D633463C20E914820033E5B4 /* GridCollectionViewCell.swift */,
				5E1753A92150BBBF00A5D4C5 /* LanguageCollectionViewCell.swift */,
			);
			path = MainTableView;
			sourceTree = "<group>";
		};
/* End PBXGroup section */

/* Begin PBXNativeTarget section */
		49A6838D2153248000EC6EA7 /* MopconUITests */ = {
			isa = PBXNativeTarget;
			buildConfigurationList = 49A683972153248100EC6EA7 /* Build configuration list for PBXNativeTarget "MopconUITests" */;
			buildPhases = (
				49A6838A2153248000EC6EA7 /* Sources */,
				49A6838B2153248000EC6EA7 /* Frameworks */,
				49A6838C2153248000EC6EA7 /* Resources */,
			);
			buildRules = (
			);
			dependencies = (
				49A683942153248100EC6EA7 /* PBXTargetDependency */,
			);
			name = MopconUITests;
			productName = MopconUITests;
			productReference = 49A6838E2153248000EC6EA7 /* MopconUITests.xctest */;
			productType = "com.apple.product-type.bundle.ui-testing";
		};
		D633461D20E8FFC60033E5B4 /* Mopcon */ = {
			isa = PBXNativeTarget;
			buildConfigurationList = D633463320E8FFC70033E5B4 /* Build configuration list for PBXNativeTarget "Mopcon" */;
			buildPhases = (
				3144AF88E0CC9BAF399D5C22 /* [CP] Check Pods Manifest.lock */,
				D633461A20E8FFC60033E5B4 /* Sources */,
				D633461B20E8FFC60033E5B4 /* Frameworks */,
				D633461C20E8FFC60033E5B4 /* Resources */,
				6B8B2D35D5FB2A6FE09AC128 /* [CP] Embed Pods Frameworks */,
				86D4B292D54B20D8BF9A3AE3 /* [CP] Copy Pods Resources */,
			);
			buildRules = (
			);
			dependencies = (
			);
			name = Mopcon;
			productName = Mopcon;
			productReference = D633461E20E8FFC60033E5B4 /* Mopcon.app */;
			productType = "com.apple.product-type.application";
		};
/* End PBXNativeTarget section */

/* Begin PBXProject section */
		D633461620E8FFC60033E5B4 /* Project object */ = {
			isa = PBXProject;
			attributes = {
				LastSwiftUpdateCheck = 1000;
				LastUpgradeCheck = 0940;
				ORGANIZATIONNAME = EthanLin;
				TargetAttributes = {
					49A6838D2153248000EC6EA7 = {
						CreatedOnToolsVersion = 10.0;
						LastSwiftMigration = 1020;
						TestTargetID = D633461D20E8FFC60033E5B4;
					};
					D633461D20E8FFC60033E5B4 = {
						CreatedOnToolsVersion = 9.4;
						LastSwiftMigration = 1020;
						SystemCapabilities = {
							com.apple.Push = {
								enabled = 1;
							};
						};
					};
				};
			};
			buildConfigurationList = D633461920E8FFC60033E5B4 /* Build configuration list for PBXProject "Mopcon" */;
			compatibilityVersion = "Xcode 9.3";
			developmentRegion = en;
			hasScannedForEncodings = 0;
			knownRegions = (
				en,
				Base,
			);
			mainGroup = D633461520E8FFC60033E5B4;
			productRefGroup = D633461F20E8FFC60033E5B4 /* Products */;
			projectDirPath = "";
			projectRoot = "";
			targets = (
				D633461D20E8FFC60033E5B4 /* Mopcon */,
				49A6838D2153248000EC6EA7 /* MopconUITests */,
			);
		};
/* End PBXProject section */

/* Begin PBXResourcesBuildPhase section */
		49A6838C2153248000EC6EA7 /* Resources */ = {
			isa = PBXResourcesBuildPhase;
			buildActionMask = 2147483647;
			files = (
			);
			runOnlyForDeploymentPostprocessing = 0;
		};
		D633461C20E8FFC60033E5B4 /* Resources */ = {
			isa = PBXResourcesBuildPhase;
			buildActionMask = 2147483647;
			files = (
				3C903F8D22979B3800765CB2 /* Group.storyboard in Resources */,
				3C903F8322979AE600765CB2 /* Agenda.storyboard in Resources */,
				3C903F8722979B0C00765CB2 /* Communication.storyboard in Resources */,
				3C903F8B22979B2700765CB2 /* Speaker.storyboard in Resources */,
				3C903F8922979B1900765CB2 /* Sponsor.storyboard in Resources */,
				53652B4A2296F10A003131BC /* BoothMission.json in Resources */,
				D633462F20E8FFC70033E5B4 /* LaunchScreen.storyboard in Resources */,
				53652B482296F0E0003131BC /* Quiz.json in Resources */,
				D633462C20E8FFC70033E5B4 /* Assets.xcassets in Resources */,
				5EF59B9B215CEC3700CF622C /* GoogleService-Info.plist in Resources */,
				3C903F8522979AFB00765CB2 /* Schedual.storyboard in Resources */,
				3CFCF01122DF106F006184CD /* LobbyCollectionViewCell.xib in Resources */,
				3CFCF00422DECF9D006184CD /* Main.storyboard in Resources */,
				3C903F8F22979B4800765CB2 /* News.storyboard in Resources */,
				D633462720E8FFC60033E5B4 /* Lobby.storyboard in Resources */,
				5E682E1A213CFE4400FC37CF /* Missions.storyboard in Resources */,
			);
			runOnlyForDeploymentPostprocessing = 0;
		};
/* End PBXResourcesBuildPhase section */

/* Begin PBXShellScriptBuildPhase section */
		3144AF88E0CC9BAF399D5C22 /* [CP] Check Pods Manifest.lock */ = {
			isa = PBXShellScriptBuildPhase;
			buildActionMask = 2147483647;
			files = (
			);
			inputPaths = (
				"${PODS_PODFILE_DIR_PATH}/Podfile.lock",
				"${PODS_ROOT}/Manifest.lock",
			);
			name = "[CP] Check Pods Manifest.lock";
			outputPaths = (
				"$(DERIVED_FILE_DIR)/Pods-Mopcon-checkManifestLockResult.txt",
			);
			runOnlyForDeploymentPostprocessing = 0;
			shellPath = /bin/sh;
			shellScript = "diff \"${PODS_PODFILE_DIR_PATH}/Podfile.lock\" \"${PODS_ROOT}/Manifest.lock\" > /dev/null\nif [ $? != 0 ] ; then\n    # print error to STDERR\n    echo \"error: The sandbox is not in sync with the Podfile.lock. Run 'pod install' or update your CocoaPods installation.\" >&2\n    exit 1\nfi\n# This output is used by Xcode 'outputs' to avoid re-running this script phase.\necho \"SUCCESS\" > \"${SCRIPT_OUTPUT_FILE_0}\"\n";
			showEnvVarsInLog = 0;
		};
		6B8B2D35D5FB2A6FE09AC128 /* [CP] Embed Pods Frameworks */ = {
			isa = PBXShellScriptBuildPhase;
			buildActionMask = 2147483647;
			files = (
			);
			inputPaths = (
				"${SRCROOT}/Pods/Target Support Files/Pods-Mopcon/Pods-Mopcon-frameworks.sh",
				"${BUILT_PRODUCTS_DIR}/GoogleUtilities/GoogleUtilities.framework",
				"${BUILT_PRODUCTS_DIR}/Kingfisher/Kingfisher.framework",
				"${BUILT_PRODUCTS_DIR}/Protobuf/Protobuf.framework",
				"${BUILT_PRODUCTS_DIR}/nanopb/nanopb.framework",
			);
			name = "[CP] Embed Pods Frameworks";
			outputPaths = (
				"${TARGET_BUILD_DIR}/${FRAMEWORKS_FOLDER_PATH}/GoogleUtilities.framework",
				"${TARGET_BUILD_DIR}/${FRAMEWORKS_FOLDER_PATH}/Kingfisher.framework",
				"${TARGET_BUILD_DIR}/${FRAMEWORKS_FOLDER_PATH}/Protobuf.framework",
				"${TARGET_BUILD_DIR}/${FRAMEWORKS_FOLDER_PATH}/nanopb.framework",
			);
			runOnlyForDeploymentPostprocessing = 0;
			shellPath = /bin/sh;
			shellScript = "\"${SRCROOT}/Pods/Target Support Files/Pods-Mopcon/Pods-Mopcon-frameworks.sh\"\n";
			showEnvVarsInLog = 0;
		};
		86D4B292D54B20D8BF9A3AE3 /* [CP] Copy Pods Resources */ = {
			isa = PBXShellScriptBuildPhase;
			buildActionMask = 2147483647;
			files = (
			);
			inputFileListPaths = (
			);
			inputPaths = (
			);
			name = "[CP] Copy Pods Resources";
			outputFileListPaths = (
			);
			outputPaths = (
			);
			runOnlyForDeploymentPostprocessing = 0;
			shellPath = /bin/sh;
			shellScript = "\"${SRCROOT}/Pods/Target Support Files/Pods-Mopcon/Pods-Mopcon-resources.sh\"\n";
			showEnvVarsInLog = 0;
		};
/* End PBXShellScriptBuildPhase section */

/* Begin PBXSourcesBuildPhase section */
		49A6838A2153248000EC6EA7 /* Sources */ = {
			isa = PBXSourcesBuildPhase;
			buildActionMask = 2147483647;
			files = (
				49A683912153248100EC6EA7 /* MopconUITests.swift in Sources */,
				49A6839921532E4A00EC6EA7 /* SnapshotHelper.swift in Sources */,
			);
			runOnlyForDeploymentPostprocessing = 0;
		};
		D633461A20E8FFC60033E5B4 /* Sources */ = {
			isa = PBXSourcesBuildPhase;
			buildActionMask = 2147483647;
			files = (
				53850930227D69480083429A /* VolunteerTableViewCell.swift in Sources */,
				5E349CA12123015F0060297A /* SpeakersAPI.swift in Sources */,
				D6240CE620EC9ADC002C89E7 /* SponsorCollectionViewID.swift in Sources */,
				5E682E1F213D62CA00FC37CF /* MissionDetailViewController.swift in Sources */,
				5E349CA6212411200060297A /* SponsorDetailTableViewCell.swift in Sources */,
				D6B5166920EA07A1003FA56F /* CornerImageView.swift in Sources */,
				D633463D20E914820033E5B4 /* GridCollectionViewCell.swift in Sources */,
				D6555F3820EC92B5000816DF /* VolunteerTableCellID.swift in Sources */,
				D633464220E936ED0033E5B4 /* BannerImageCell.swift in Sources */,
				D6555F2620EB1F27000816DF /* SpeakerDetailViewController.swift in Sources */,
				D633462420E8FFC60033E5B4 /* LobbyViewController.swift in Sources */,
				5E349C9F21228A340060297A /* UIImageViewExtension.swift in Sources */,
				5E564B77213FA86E00F2CED2 /* MissionCollectionViewCell.swift in Sources */,
				D6555F3120EC7D97000816DF /* CornerBackgroundView.swift in Sources */,
				D62D30D520ED06F300BBDF5E /* AgendaViewController.swift in Sources */,
				5E349CAA21242B910060297A /* CommunityAPI.swift in Sources */,
				D6EE629720E9CED20043B68A /* CustomCornerButton.swift in Sources */,
				5E9FEF0021294FD70096B4A8 /* UserDefaultsExtension.swift in Sources */,
				D6240CE120EC9A70002C89E7 /* SponsorHeaderView.swift in Sources */,
				D6B5166220EA0607003FA56F /* SpeakersViewController.swift in Sources */,
				D66778E420FB062F00E9CA34 /* MyScheduleTableViewCellID.swift in Sources */,
				5E1753AA2150BBBF00A5D4C5 /* LanguageCollectionViewCell.swift in Sources */,
				D662A1A520EDB5D600316FE6 /* BreakTableViewCell.swift in Sources */,
				D6EE629920E9D0B00043B68A /* NewsTableViewCell.swift in Sources */,
				53850934227D6A960083429A /* CommunityImageCollectionViewCell.swift in Sources */,
				5E349CA8212411570060297A /* SponsorTableViewCellID.swift in Sources */,
				5E682E1D213D016500FC37CF /* MissionsViewController.swift in Sources */,
				D6555F3320EC8397000816DF /* VolunteerViewController.swift in Sources */,
				D6EE629E20E9D1960043B68A /* NewsTableViewCellID.swift in Sources */,
				5E349C9021225CE10060297A /* Schedule.swift in Sources */,
				D6555F2F20EC783A000816DF /* ComminityDetailViewController.swift in Sources */,
				5E349C9D212271890060297A /* ScheduleAPI.swift in Sources */,
				D6EE629120E9C0C20043B68A /* MopconHeader.swift in Sources */,
				5E349C9A212270E00060297A /* Community.swift in Sources */,
				D6A67ABB20EE029C00D4886E /* CommunicationViewController.swift in Sources */,
				3CFCF00922DEEFCB006184CD /* UIImageExtension.swift in Sources */,
				D62D30D320ED065D00BBDF5E /* AgendaTableViewCellID.swift in Sources */,
				5E1DC761214948AA00F953F8 /* VolunteerAPI.swift in Sources */,
				5E6CBDA1217BB9D60097D5E2 /* Wallet.swift in Sources */,
				D6A67ABD20EE03FE00D4886E /* CommunicationTableViewCellID.swift in Sources */,
				D6F0BE6520F0756D0053A100 /* StoryboardIDManager.swift in Sources */,
				D6555F2A20EC619F000816DF /* CommunityImageViewController.swift in Sources */,
				D6F0BE6920F0A02B0053A100 /* ConferenceDetailViewController.swift in Sources */,
				5E1753AC2150D4BA00A5D4C5 /* MopconAPI.swift in Sources */,
				D6EE629520E9CAFE0043B68A /* NewsViewController.swift in Sources */,
				D66778EF20FB152F00E9CA34 /* MyScheduleBreakTableViewCell.swift in Sources */,
				D6A67AC220EE108D00D4886E /* CommunicationConferenceTableViewCell.swift in Sources */,
				D6B5166020EA00FC003FA56F /* CommunityViewController.swift in Sources */,
				5E349CA3212315C90060297A /* SponsorsAPI.swift in Sources */,
				5EF59B9D215DBCD200CF622C /* LoadingTool.swift in Sources */,
				D6A67ABF20EE106800D4886E /* CommunicationBreakTableViewCell.swift in Sources */,
				D6240CDF20EC98AD002C89E7 /* SponsorsViewController.swift in Sources */,
				D633462A20E8FFC60033E5B4 /* Mopcon.xcdatamodeld in Sources */,
				5E2EC574215A150300EEA680 /* Quiz.swift in Sources */,
				5E941014214F43DD001D61F6 /* NewsAPI.swift in Sources */,
				5EE73108215B61C400201702 /* FieldGameAPI.swift in Sources */,
				5E94101A214F505F001D61F6 /* CarouselAPI.swift in Sources */,
				5E4A0046216F273B00C4A656 /* QRCodeViewController.swift in Sources */,
				D6B5166420EA062C003FA56F /* SpeakerTableViewCell.swift in Sources */,
				5EE7310C215B978200201702 /* Result.swift in Sources */,
				3CBDCF7322E1888500561D8D /* UIViewExtension.swift in Sources */,
				D6F0BE6120F0610B0053A100 /* CommonFunctionHelper.swift in Sources */,
				D633463F20E914AD0033E5B4 /* CollectionViewCellKeyManager.swift in Sources */,
				5E349CAC212448410060297A /* Schedule_unconfAPI.swift in Sources */,
				3CFCF01022DF106F006184CD /* LobbyCollectionViewCell.swift in Sources */,
				D633463820E914520033E5B4 /* BannerCollectionViewCell.swift in Sources */,
				3CFCF00722DED10E006184CD /* TabBarViewController.swift in Sources */,
				D6240CE820EC9F62002C89E7 /* SponsorBigCollectionViewCell.swift in Sources */,
				5E941016214F4401001D61F6 /* News.swift in Sources */,
				D6EE629320E9C9270043B68A /* SegueManager.swift in Sources */,
				5E941018214F4FBA001D61F6 /* Carousel.swift in Sources */,
				5E349C96212270A20060297A /* Schedule_unconf.swift in Sources */,
				D66778ED20FB14E200E9CA34 /* MyScheduleConferenceTableViewCell.swift in Sources */,
				5E349C98212270BA0060297A /* Sponsor.swift in Sources */,
				D633462220E8FFC60033E5B4 /* AppDelegate.swift in Sources */,
				5E682E21213E2AA700FC37CF /* InteractionViewController.swift in Sources */,
				D633463B20E914720033E5B4 /* NewsCollectionViewCell.swift in Sources */,
				D6555F2820EB2A83000816DF /* CustomSelectedButton.swift in Sources */,
				3CBDCF7122E182F700561D8D /* SelectionView.swift in Sources */,
				D66778E920FB142D00E9CA34 /* NoScheduleTableViewCell.swift in Sources */,
				D6240CE420EC9A8E002C89E7 /* SponsorSmallCollectionViewCell.swift in Sources */,
				D6F0BE6320F06D6C0053A100 /* MyScheduleViewController.swift in Sources */,
				5E1DC75F214946CB00F953F8 /* Volunteer.swift in Sources */,
				3CFCF00B22DEFBB2006184CD /* UIColorExtension.swift in Sources */,
				D6F0BE6720F093AD0053A100 /* UserdefaultKeyManager.swift in Sources */,
				D662A1A720EDB5EA00316FE6 /* ConferenceTableViewCell.swift in Sources */,
				5E60D67B21630C9E00035E82 /* InformationCollectionViewCell.swift in Sources */,
				5E349C94212270650060297A /* Speaker.swift in Sources */,
				D6240CEA20ECABED002C89E7 /* SponsorDetailViewController.swift in Sources */,
				D6B5166720EA0656003FA56F /* SpeakerTableCellID.swift in Sources */,
			);
			runOnlyForDeploymentPostprocessing = 0;
		};
/* End PBXSourcesBuildPhase section */

/* Begin PBXTargetDependency section */
		49A683942153248100EC6EA7 /* PBXTargetDependency */ = {
			isa = PBXTargetDependency;
			target = D633461D20E8FFC60033E5B4 /* Mopcon */;
			targetProxy = 49A683932153248100EC6EA7 /* PBXContainerItemProxy */;
		};
/* End PBXTargetDependency section */

/* Begin PBXVariantGroup section */
		D633462520E8FFC60033E5B4 /* Lobby.storyboard */ = {
			isa = PBXVariantGroup;
			children = (
				D633462620E8FFC60033E5B4 /* Base */,
			);
			name = Lobby.storyboard;
			sourceTree = "<group>";
		};
		D633462D20E8FFC70033E5B4 /* LaunchScreen.storyboard */ = {
			isa = PBXVariantGroup;
			children = (
				D633462E20E8FFC70033E5B4 /* Base */,
			);
			name = LaunchScreen.storyboard;
			sourceTree = "<group>";
		};
/* End PBXVariantGroup section */

/* Begin XCBuildConfiguration section */
		49A683952153248100EC6EA7 /* Debug */ = {
			isa = XCBuildConfiguration;
			buildSettings = {
				CODE_SIGN_STYLE = Automatic;
				DEFINES_MODULE = YES;
				DEVELOPMENT_TEAM = JA387Z4D7Q;
				INFOPLIST_FILE = MopconUITests/Info.plist;
				IPHONEOS_DEPLOYMENT_TARGET = 12.0;
				LD_RUNPATH_SEARCH_PATHS = (
					"$(inherited)",
					"@executable_path/Frameworks",
					"@loader_path/Frameworks",
				);
				MTL_ENABLE_DEBUG_INFO = INCLUDE_SOURCE;
				MTL_FAST_MATH = YES;
				PRODUCT_BUNDLE_IDENTIFIER = tech.deepthought.MopconUITests;
				PRODUCT_NAME = "$(TARGET_NAME)";
				SWIFT_VERSION = 5.0;
				TARGETED_DEVICE_FAMILY = "1,2";
				TEST_TARGET_NAME = Mopcon;
			};
			name = Debug;
		};
		49A683962153248100EC6EA7 /* Release */ = {
			isa = XCBuildConfiguration;
			buildSettings = {
				CODE_SIGN_STYLE = Automatic;
				DEFINES_MODULE = YES;
				DEVELOPMENT_TEAM = JA387Z4D7Q;
				INFOPLIST_FILE = MopconUITests/Info.plist;
				IPHONEOS_DEPLOYMENT_TARGET = 12.0;
				LD_RUNPATH_SEARCH_PATHS = (
					"$(inherited)",
					"@executable_path/Frameworks",
					"@loader_path/Frameworks",
				);
				MTL_FAST_MATH = YES;
				PRODUCT_BUNDLE_IDENTIFIER = tech.deepthought.MopconUITests;
				PRODUCT_NAME = "$(TARGET_NAME)";
				SWIFT_VERSION = 5.0;
				TARGETED_DEVICE_FAMILY = "1,2";
				TEST_TARGET_NAME = Mopcon;
			};
			name = Release;
		};
		D633463120E8FFC70033E5B4 /* Debug */ = {
			isa = XCBuildConfiguration;
			buildSettings = {
				ALWAYS_SEARCH_USER_PATHS = NO;
				CLANG_ANALYZER_NONNULL = YES;
				CLANG_ANALYZER_NUMBER_OBJECT_CONVERSION = YES_AGGRESSIVE;
				CLANG_CXX_LANGUAGE_STANDARD = "gnu++14";
				CLANG_CXX_LIBRARY = "libc++";
				CLANG_ENABLE_MODULES = YES;
				CLANG_ENABLE_OBJC_ARC = YES;
				CLANG_ENABLE_OBJC_WEAK = YES;
				CLANG_WARN_BLOCK_CAPTURE_AUTORELEASING = YES;
				CLANG_WARN_BOOL_CONVERSION = YES;
				CLANG_WARN_COMMA = YES;
				CLANG_WARN_CONSTANT_CONVERSION = YES;
				CLANG_WARN_DEPRECATED_OBJC_IMPLEMENTATIONS = YES;
				CLANG_WARN_DIRECT_OBJC_ISA_USAGE = YES_ERROR;
				CLANG_WARN_DOCUMENTATION_COMMENTS = YES;
				CLANG_WARN_EMPTY_BODY = YES;
				CLANG_WARN_ENUM_CONVERSION = YES;
				CLANG_WARN_INFINITE_RECURSION = YES;
				CLANG_WARN_INT_CONVERSION = YES;
				CLANG_WARN_NON_LITERAL_NULL_CONVERSION = YES;
				CLANG_WARN_OBJC_IMPLICIT_RETAIN_SELF = YES;
				CLANG_WARN_OBJC_LITERAL_CONVERSION = YES;
				CLANG_WARN_OBJC_ROOT_CLASS = YES_ERROR;
				CLANG_WARN_RANGE_LOOP_ANALYSIS = YES;
				CLANG_WARN_STRICT_PROTOTYPES = YES;
				CLANG_WARN_SUSPICIOUS_MOVE = YES;
				CLANG_WARN_UNGUARDED_AVAILABILITY = YES_AGGRESSIVE;
				CLANG_WARN_UNREACHABLE_CODE = YES;
				CLANG_WARN__DUPLICATE_METHOD_MATCH = YES;
				CODE_SIGN_IDENTITY = "iPhone Developer";
				COPY_PHASE_STRIP = NO;
				CURRENT_PROJECT_VERSION = 201810311055;
				DEBUG_INFORMATION_FORMAT = dwarf;
				ENABLE_STRICT_OBJC_MSGSEND = YES;
				ENABLE_TESTABILITY = YES;
				GCC_C_LANGUAGE_STANDARD = gnu11;
				GCC_DYNAMIC_NO_PIC = NO;
				GCC_NO_COMMON_BLOCKS = YES;
				GCC_OPTIMIZATION_LEVEL = 0;
				GCC_PREPROCESSOR_DEFINITIONS = (
					"DEBUG=1",
					"$(inherited)",
				);
				GCC_WARN_64_TO_32_BIT_CONVERSION = YES;
				GCC_WARN_ABOUT_RETURN_TYPE = YES_ERROR;
				GCC_WARN_UNDECLARED_SELECTOR = YES;
				GCC_WARN_UNINITIALIZED_AUTOS = YES_AGGRESSIVE;
				GCC_WARN_UNUSED_FUNCTION = YES;
				GCC_WARN_UNUSED_VARIABLE = YES;
				IPHONEOS_DEPLOYMENT_TARGET = 11.4;
				MTL_ENABLE_DEBUG_INFO = YES;
				ONLY_ACTIVE_ARCH = YES;
				SDKROOT = iphoneos;
				SWIFT_ACTIVE_COMPILATION_CONDITIONS = DEBUG;
				SWIFT_OPTIMIZATION_LEVEL = "-Onone";
				VERSIONING_SYSTEM = "apple-generic";
			};
			name = Debug;
		};
		D633463220E8FFC70033E5B4 /* Release */ = {
			isa = XCBuildConfiguration;
			buildSettings = {
				ALWAYS_SEARCH_USER_PATHS = NO;
				CLANG_ANALYZER_NONNULL = YES;
				CLANG_ANALYZER_NUMBER_OBJECT_CONVERSION = YES_AGGRESSIVE;
				CLANG_CXX_LANGUAGE_STANDARD = "gnu++14";
				CLANG_CXX_LIBRARY = "libc++";
				CLANG_ENABLE_MODULES = YES;
				CLANG_ENABLE_OBJC_ARC = YES;
				CLANG_ENABLE_OBJC_WEAK = YES;
				CLANG_WARN_BLOCK_CAPTURE_AUTORELEASING = YES;
				CLANG_WARN_BOOL_CONVERSION = YES;
				CLANG_WARN_COMMA = YES;
				CLANG_WARN_CONSTANT_CONVERSION = YES;
				CLANG_WARN_DEPRECATED_OBJC_IMPLEMENTATIONS = YES;
				CLANG_WARN_DIRECT_OBJC_ISA_USAGE = YES_ERROR;
				CLANG_WARN_DOCUMENTATION_COMMENTS = YES;
				CLANG_WARN_EMPTY_BODY = YES;
				CLANG_WARN_ENUM_CONVERSION = YES;
				CLANG_WARN_INFINITE_RECURSION = YES;
				CLANG_WARN_INT_CONVERSION = YES;
				CLANG_WARN_NON_LITERAL_NULL_CONVERSION = YES;
				CLANG_WARN_OBJC_IMPLICIT_RETAIN_SELF = YES;
				CLANG_WARN_OBJC_LITERAL_CONVERSION = YES;
				CLANG_WARN_OBJC_ROOT_CLASS = YES_ERROR;
				CLANG_WARN_RANGE_LOOP_ANALYSIS = YES;
				CLANG_WARN_STRICT_PROTOTYPES = YES;
				CLANG_WARN_SUSPICIOUS_MOVE = YES;
				CLANG_WARN_UNGUARDED_AVAILABILITY = YES_AGGRESSIVE;
				CLANG_WARN_UNREACHABLE_CODE = YES;
				CLANG_WARN__DUPLICATE_METHOD_MATCH = YES;
				CODE_SIGN_IDENTITY = "iPhone Developer";
				COPY_PHASE_STRIP = NO;
				CURRENT_PROJECT_VERSION = 201810311055;
				DEBUG_INFORMATION_FORMAT = "dwarf-with-dsym";
				ENABLE_NS_ASSERTIONS = NO;
				ENABLE_STRICT_OBJC_MSGSEND = YES;
				GCC_C_LANGUAGE_STANDARD = gnu11;
				GCC_NO_COMMON_BLOCKS = YES;
				GCC_WARN_64_TO_32_BIT_CONVERSION = YES;
				GCC_WARN_ABOUT_RETURN_TYPE = YES_ERROR;
				GCC_WARN_UNDECLARED_SELECTOR = YES;
				GCC_WARN_UNINITIALIZED_AUTOS = YES_AGGRESSIVE;
				GCC_WARN_UNUSED_FUNCTION = YES;
				GCC_WARN_UNUSED_VARIABLE = YES;
				IPHONEOS_DEPLOYMENT_TARGET = 11.4;
				MTL_ENABLE_DEBUG_INFO = NO;
				SDKROOT = iphoneos;
				SWIFT_COMPILATION_MODE = wholemodule;
				SWIFT_OPTIMIZATION_LEVEL = "-O";
				VALIDATE_PRODUCT = YES;
				VERSIONING_SYSTEM = "apple-generic";
			};
			name = Release;
		};
		D633463420E8FFC70033E5B4 /* Debug */ = {
			isa = XCBuildConfiguration;
			baseConfigurationReference = 36A8ADA41F4B2FE3D1F03AD3 /* Pods-Mopcon.debug.xcconfig */;
			buildSettings = {
				ASSETCATALOG_COMPILER_APPICON_NAME = AppIcon;
				CLANG_ENABLE_MODULES = YES;
				CODE_SIGN_ENTITLEMENTS = Mopcon/Mopcon.entitlements;
				CODE_SIGN_IDENTITY = "iPhone Developer";
				CODE_SIGN_STYLE = Automatic;
				DEVELOPMENT_TEAM = "";
				INFOPLIST_FILE = Mopcon/Info.plist;
				IPHONEOS_DEPLOYMENT_TARGET = 10.3;
				LD_RUNPATH_SEARCH_PATHS = (
					"$(inherited)",
					"@executable_path/Frameworks",
				);
				PRODUCT_BUNDLE_IDENTIFIER = org.mopcon.session.app;
				PRODUCT_NAME = "$(TARGET_NAME)";
				PROVISIONING_PROFILE_SPECIFIER = "";
				SWIFT_OPTIMIZATION_LEVEL = "-Onone";
				SWIFT_VERSION = 5.0;
				TARGETED_DEVICE_FAMILY = "1,2";
			};
			name = Debug;
		};
		D633463520E8FFC70033E5B4 /* Release */ = {
			isa = XCBuildConfiguration;
			baseConfigurationReference = 293FFEAF5ECBACAF171BB104 /* Pods-Mopcon.release.xcconfig */;
			buildSettings = {
				ASSETCATALOG_COMPILER_APPICON_NAME = AppIcon;
				CLANG_ENABLE_MODULES = YES;
				CODE_SIGN_ENTITLEMENTS = Mopcon/Mopcon.entitlements;
				CODE_SIGN_IDENTITY = "iPhone Developer";
				CODE_SIGN_STYLE = Automatic;
				DEVELOPMENT_TEAM = "";
				INFOPLIST_FILE = Mopcon/Info.plist;
				IPHONEOS_DEPLOYMENT_TARGET = 10.3;
				LD_RUNPATH_SEARCH_PATHS = (
					"$(inherited)",
					"@executable_path/Frameworks",
				);
				PRODUCT_BUNDLE_IDENTIFIER = org.mopcon.session.app;
				PRODUCT_NAME = "$(TARGET_NAME)";
				PROVISIONING_PROFILE_SPECIFIER = "";
				SWIFT_VERSION = 5.0;
				TARGETED_DEVICE_FAMILY = "1,2";
			};
			name = Release;
		};
/* End XCBuildConfiguration section */

/* Begin XCConfigurationList section */
		49A683972153248100EC6EA7 /* Build configuration list for PBXNativeTarget "MopconUITests" */ = {
			isa = XCConfigurationList;
			buildConfigurations = (
				49A683952153248100EC6EA7 /* Debug */,
				49A683962153248100EC6EA7 /* Release */,
			);
			defaultConfigurationIsVisible = 0;
			defaultConfigurationName = Release;
		};
		D633461920E8FFC60033E5B4 /* Build configuration list for PBXProject "Mopcon" */ = {
			isa = XCConfigurationList;
			buildConfigurations = (
				D633463120E8FFC70033E5B4 /* Debug */,
				D633463220E8FFC70033E5B4 /* Release */,
			);
			defaultConfigurationIsVisible = 0;
			defaultConfigurationName = Release;
		};
		D633463320E8FFC70033E5B4 /* Build configuration list for PBXNativeTarget "Mopcon" */ = {
			isa = XCConfigurationList;
			buildConfigurations = (
				D633463420E8FFC70033E5B4 /* Debug */,
				D633463520E8FFC70033E5B4 /* Release */,
			);
			defaultConfigurationIsVisible = 0;
			defaultConfigurationName = Release;
		};
/* End XCConfigurationList section */

/* Begin XCVersionGroup section */
		D633462820E8FFC60033E5B4 /* Mopcon.xcdatamodeld */ = {
			isa = XCVersionGroup;
			children = (
				D633462920E8FFC60033E5B4 /* Mopcon.xcdatamodel */,
			);
			currentVersion = D633462920E8FFC60033E5B4 /* Mopcon.xcdatamodel */;
			path = Mopcon.xcdatamodeld;
			sourceTree = "<group>";
			versionGroupType = wrapper.xcdatamodel;
		};
/* End XCVersionGroup section */
	};
	rootObject = D633461620E8FFC60033E5B4 /* Project object */;
}
